{
  "name": "s3-lambda-temp-cdk",
  "version": "0.1.0",
  "lockfileVersion": 1,
  "requires": true,
  "dependencies": {
    "@aws-cdk/cdk-assets-schema": {
      "version": "1.45.0",
      "resolved": "https://registry.npmjs.org/@aws-cdk/cdk-assets-schema/-/cdk-assets-schema-1.45.0.tgz",
      "integrity": "sha512-HvS9IN0RTIwJvldOLj/0FsWSj1h3jqeT9sfNdAW0g7FeFSPu3QtdYeDcSGrOo/4fPXsRFV4bcMqoEEph3x9MgQ==",
      "requires": {
        "semver": "^7.2.2"
      },
      "dependencies": {
        "semver": {
          "version": "7.3.2",
          "bundled": true
        }
      }
    },
    "@aws-cdk/cloud-assembly-schema": {
      "version": "1.45.0",
      "resolved": "https://registry.npmjs.org/@aws-cdk/cloud-assembly-schema/-/cloud-assembly-schema-1.45.0.tgz",
      "integrity": "sha512-MoQ8580BJYDKzWHNPbn/WiB82A1JdZJXkZ/W0mwR6mi37DOJ6jbycyhGXA9aARw5iNIxqTEAXqGifrUI1ILG+w==",
      "requires": {
        "jsonschema": "^1.2.5",
        "semver": "^7.2.2"
      },
      "dependencies": {
        "jsonschema": {
          "version": "1.2.6",
          "bundled": true
        },
        "semver": {
          "version": "7.3.2",
          "bundled": true
        }
      }
    },
    "@aws-cdk/core": {
      "version": "1.45.0",
      "resolved": "https://registry.npmjs.org/@aws-cdk/core/-/core-1.45.0.tgz",
      "integrity": "sha512-XsUlW5OJi/gRfPbRQp/ps8uqUX6a8KIKXFHbl8sYVoiUWRYOwZq58ffO5EhGL841vZb21xRbgysSfURbWLSlUA==",
      "requires": {
        "@aws-cdk/cdk-assets-schema": "1.45.0",
        "@aws-cdk/cloud-assembly-schema": "1.45.0",
        "@aws-cdk/cx-api": "1.45.0",
        "constructs": "^3.0.2",
        "minimatch": "^3.0.4"
      },
      "dependencies": {
        "balanced-match": {
          "version": "1.0.0",
          "bundled": true
        },
        "brace-expansion": {
          "version": "1.1.11",
          "bundled": true,
          "requires": {
            "balanced-match": "^1.0.0",
            "concat-map": "0.0.1"
          }
        },
        "concat-map": {
          "version": "0.0.1",
          "bundled": true
        },
        "minimatch": {
          "version": "3.0.4",
          "bundled": true,
          "requires": {
            "brace-expansion": "^1.1.7"
          }
        }
      }
    },
    "@aws-cdk/cx-api": {
      "version": "1.45.0",
      "resolved": "https://registry.npmjs.org/@aws-cdk/cx-api/-/cx-api-1.45.0.tgz",
      "integrity": "sha512-OQnG2tdnmX4D3LXDchNlzFjj7PhsLte6W/X0lOWhY3ysFZfMhOheB32oTRYLHyYBuRUTFGtOB1TmdT6N4MVQnA==",
      "requires": {
        "@aws-cdk/cloud-assembly-schema": "1.45.0",
        "semver": "^7.2.2"
      },
      "dependencies": {
        "semver": {
          "version": "7.3.2",
          "bundled": true
        }
      }
    },
    "constructs": {
      "version": "3.0.3",
      "resolved": "https://registry.npmjs.org/constructs/-/constructs-3.0.3.tgz",
      "integrity": "sha512-JrYLpTlz92Un1jxkwoGiOiGoDjzIWtxo64sLC5FD4mQN1H9mAqZNvgxWYWaJIiWUXNkl5L5sO3GFf6peTj7UMQ=="
    }
  }
}
