{
  "name": "fargate-step-function-cdk",
  "version": "0.1.0",
  "lockfileVersion": 1,
  "requires": true,
  "dependencies": {
    "@aws-cdk/assets": {
      "version": "1.64.1",
      "resolved": "https://registry.npmjs.org/@aws-cdk/assets/-/assets-1.64.1.tgz",
      "integrity": "sha512-fZlCSoqvYTucGLQaSCkweqvkQdWuyLBzsJennvTvECKhW6lSXYCLbvGsWlXRDlnN9V9VY6vTWauWx32h155PdA==",
      "requires": {
        "@aws-cdk/core": "1.64.1",
        "@aws-cdk/cx-api": "1.64.1",
        "constructs": "^3.0.4"
      }
    },
    "@aws-cdk/aws-applicationautoscaling": {
      "version": "1.64.1",
      "resolved": "https://registry.npmjs.org/@aws-cdk/aws-applicationautoscaling/-/aws-applicationautoscaling-1.64.1.tgz",
      "integrity": "sha512-tLT1lJlyhfSf2IG+xunZJ/baj87eoEo25XCxekiWVRZdaq9o3/jszHn0Ltg30bV6spyzyx+uTwajM+pS9GTshw==",
      "requires": {
        "@aws-cdk/aws-autoscaling-common": "1.64.1",
        "@aws-cdk/aws-cloudwatch": "1.64.1",
        "@aws-cdk/aws-iam": "1.64.1",
        "@aws-cdk/core": "1.64.1",
        "constructs": "^3.0.4"
      }
    },
    "@aws-cdk/aws-autoscaling-common": {
      "version": "1.64.1",
      "resolved": "https://registry.npmjs.org/@aws-cdk/aws-autoscaling-common/-/aws-autoscaling-common-1.64.1.tgz",
      "integrity": "sha512-KufnbiTilOqgXwj8rRVeN2mluZ4kZWROI25a9fqOPWkcqM+Mrk0V4acdlvKvI5uGHjuugRmK/qOtNQ3izwgX0Q==",
      "requires": {
        "@aws-cdk/aws-iam": "1.64.1",
        "@aws-cdk/core": "1.64.1",
        "constructs": "^3.0.4"
      }
    },
    "@aws-cdk/aws-cloudformation": {
      "version": "1.64.1",
      "resolved": "https://registry.npmjs.org/@aws-cdk/aws-cloudformation/-/aws-cloudformation-1.64.1.tgz",
      "integrity": "sha512-AGIRWXg7DZAK0ki/busXFClwdYnWn5wTvCgmaxcz0T8/eW6rmNiMjwEq7Kunsjx9aUFhetdSGLg2pCCnM9Wm+A==",
      "requires": {
        "@aws-cdk/aws-iam": "1.64.1",
        "@aws-cdk/aws-lambda": "1.64.1",
        "@aws-cdk/aws-s3": "1.64.1",
        "@aws-cdk/aws-sns": "1.64.1",
        "@aws-cdk/core": "1.64.1",
        "@aws-cdk/cx-api": "1.64.1",
        "constructs": "^3.0.4"
      }
    },
    "@aws-cdk/aws-cloudwatch": {
      "version": "1.64.1",
      "resolved": "https://registry.npmjs.org/@aws-cdk/aws-cloudwatch/-/aws-cloudwatch-1.64.1.tgz",
      "integrity": "sha512-5KuIHh9eg3EDAJ1FE5XBjimA4k3X24O9Yl5DCqZb8A7BMINOACm8JSp9nyRdewErGgl0WjbkmrO2583xzO20oQ==",
      "requires": {
        "@aws-cdk/aws-iam": "1.64.1",
        "@aws-cdk/core": "1.64.1",
        "constructs": "^3.0.4"
      }
    },
    "@aws-cdk/aws-codeguruprofiler": {
      "version": "1.64.1",
      "resolved": "https://registry.npmjs.org/@aws-cdk/aws-codeguruprofiler/-/aws-codeguruprofiler-1.64.1.tgz",
      "integrity": "sha512-fu40ExftufYeOhzjoGy5tiqqQgDx+VAoq7e2SBqKO6TZhLQ4l8a83Q/e/2rkRY+gMFkIuZyItAR5SRCf+fgSUQ==",
      "requires": {
        "@aws-cdk/aws-iam": "1.64.1",
        "@aws-cdk/core": "1.64.1"
      }
    },
    "@aws-cdk/aws-ec2": {
      "version": "1.64.1",
      "resolved": "https://registry.npmjs.org/@aws-cdk/aws-ec2/-/aws-ec2-1.64.1.tgz",
      "integrity": "sha512-048U2UvixYWfm29yLiZtJAML8oMRF/dCu3KZ6/2ezDnRsy/mZLXDSq+q/mHmwUEczlxBDKtCVGQ2j/YP9BS0MA==",
      "requires": {
        "@aws-cdk/aws-cloudwatch": "1.64.1",
        "@aws-cdk/aws-iam": "1.64.1",
        "@aws-cdk/aws-kms": "1.64.1",
        "@aws-cdk/aws-logs": "1.64.1",
        "@aws-cdk/aws-s3": "1.64.1",
        "@aws-cdk/aws-s3-assets": "1.64.1",
        "@aws-cdk/aws-ssm": "1.64.1",
        "@aws-cdk/cloud-assembly-schema": "1.64.1",
        "@aws-cdk/core": "1.64.1",
        "@aws-cdk/cx-api": "1.64.1",
        "@aws-cdk/region-info": "1.64.1",
        "constructs": "^3.0.4"
      }
    },
    "@aws-cdk/aws-ecr": {
      "version": "1.64.1",
      "resolved": "https://registry.npmjs.org/@aws-cdk/aws-ecr/-/aws-ecr-1.64.1.tgz",
      "integrity": "sha512-rgTlB6ndVrrZdpiuH1uLFWCd0bW93BH89XwW+UfSVhDahdRi0pZCfNJ320Ff9Iy9/Zdk7ziC6TC2ngBzG+DSEQ==",
      "requires": {
        "@aws-cdk/aws-events": "1.64.1",
        "@aws-cdk/aws-iam": "1.64.1",
        "@aws-cdk/core": "1.64.1",
        "@aws-cdk/custom-resources": "1.64.1",
        "constructs": "^3.0.4"
      }
    },
    "@aws-cdk/aws-efs": {
      "version": "1.64.1",
      "resolved": "https://registry.npmjs.org/@aws-cdk/aws-efs/-/aws-efs-1.64.1.tgz",
      "integrity": "sha512-nwWOU9Cj42sv2C6kqiu8II3G/Yn7kWJ+lXUjs7amRH5PrlsCgJY/40q6EyOFTPlSNcxoIjz8UqW5G2muD/0LMg==",
      "requires": {
        "@aws-cdk/aws-ec2": "1.64.1",
        "@aws-cdk/aws-kms": "1.64.1",
        "@aws-cdk/cloud-assembly-schema": "1.64.1",
        "@aws-cdk/core": "1.64.1",
        "@aws-cdk/cx-api": "1.64.1",
        "constructs": "^3.0.4"
      }
    },
    "@aws-cdk/aws-events": {
      "version": "1.64.1",
      "resolved": "https://registry.npmjs.org/@aws-cdk/aws-events/-/aws-events-1.64.1.tgz",
      "integrity": "sha512-kgHmCfFD8tDGjwZ3+4vs69w+SMhJKR4F0omDurIVrFSr4Ar0arB201rNwtnFMdE4jCWt4iFbSiPWK22Um2pIZw==",
      "requires": {
        "@aws-cdk/aws-iam": "1.64.1",
        "@aws-cdk/core": "1.64.1",
        "constructs": "^3.0.4"
      }
    },
    "@aws-cdk/aws-iam": {
      "version": "1.64.1",
      "resolved": "https://registry.npmjs.org/@aws-cdk/aws-iam/-/aws-iam-1.64.1.tgz",
      "integrity": "sha512-8tpRk/X1bsCpQ83M94rPrI/W34iyspulwWBWAkZnV4bd9zgi1sQ4UvgBkIQ4uWc2RRA0B7lM21OSIS0lOysC0Q==",
      "requires": {
        "@aws-cdk/core": "1.64.1",
        "@aws-cdk/region-info": "1.64.1",
        "constructs": "^3.0.4"
      }
    },
    "@aws-cdk/aws-kms": {
      "version": "1.64.1",
      "resolved": "https://registry.npmjs.org/@aws-cdk/aws-kms/-/aws-kms-1.64.1.tgz",
      "integrity": "sha512-+KGCAqclB7ATc0DXyG3UCz/eC4rstX8VhWBP6OroDEFzu84pBelmN9fE2UWm+hX5/LpzkJMW5QNQ2W0mnEiEXQ==",
      "requires": {
        "@aws-cdk/aws-iam": "1.64.1",
        "@aws-cdk/core": "1.64.1",
        "constructs": "^3.0.4"
      }
    },
    "@aws-cdk/aws-lambda": {
      "version": "1.64.1",
      "resolved": "https://registry.npmjs.org/@aws-cdk/aws-lambda/-/aws-lambda-1.64.1.tgz",
      "integrity": "sha512-czJP+iVTlaiFjKX4Gs15ROjPbLsuD+x4czlZx+6PWaswtxHg1rgnznwTZg4uDAR2xMaioZmHbMQmPlEMkfidUw==",
      "requires": {
        "@aws-cdk/aws-applicationautoscaling": "1.64.1",
        "@aws-cdk/aws-cloudwatch": "1.64.1",
        "@aws-cdk/aws-codeguruprofiler": "1.64.1",
        "@aws-cdk/aws-ec2": "1.64.1",
        "@aws-cdk/aws-efs": "1.64.1",
        "@aws-cdk/aws-events": "1.64.1",
        "@aws-cdk/aws-iam": "1.64.1",
        "@aws-cdk/aws-logs": "1.64.1",
        "@aws-cdk/aws-s3": "1.64.1",
        "@aws-cdk/aws-s3-assets": "1.64.1",
        "@aws-cdk/aws-sqs": "1.64.1",
        "@aws-cdk/core": "1.64.1",
        "@aws-cdk/cx-api": "1.64.1",
        "constructs": "^3.0.4"
      }
    },
    "@aws-cdk/aws-logs": {
      "version": "1.64.1",
      "resolved": "https://registry.npmjs.org/@aws-cdk/aws-logs/-/aws-logs-1.64.1.tgz",
      "integrity": "sha512-fMXWrG4gUesJ9tRrk5ZpMdIsWB0VjOrHfnlHrbV4BXctQ23aIf6gLfvmLCxs+E6JYImbXcWlt+0uqJX0lZ6iVg==",
      "requires": {
        "@aws-cdk/aws-cloudwatch": "1.64.1",
        "@aws-cdk/aws-iam": "1.64.1",
        "@aws-cdk/aws-s3-assets": "1.64.1",
        "@aws-cdk/core": "1.64.1",
        "constructs": "^3.0.4"
      }
    },
    "@aws-cdk/aws-s3": {
      "version": "1.64.1",
      "resolved": "https://registry.npmjs.org/@aws-cdk/aws-s3/-/aws-s3-1.64.1.tgz",
      "integrity": "sha512-p36Qt80pyPWbtaBfgM66c1dflr95puMcz7j60C6SxPWrQ+TKi2srZVFGBeoRpn8ZzhXXDKzCt10z4rojJcschg==",
      "requires": {
        "@aws-cdk/aws-events": "1.64.1",
        "@aws-cdk/aws-iam": "1.64.1",
        "@aws-cdk/aws-kms": "1.64.1",
        "@aws-cdk/core": "1.64.1",
        "constructs": "^3.0.4"
      }
    },
    "@aws-cdk/aws-s3-assets": {
      "version": "1.64.1",
      "resolved": "https://registry.npmjs.org/@aws-cdk/aws-s3-assets/-/aws-s3-assets-1.64.1.tgz",
      "integrity": "sha512-KUF9XQ8hE/4Hypr/2WzxoPp4CGboMG0H1iSOKQ6Ua/WnCE6GXV6gz0N2VFPHAeCQsdBDNOUDEdcWhENADT40BA==",
      "requires": {
        "@aws-cdk/assets": "1.64.1",
        "@aws-cdk/aws-iam": "1.64.1",
        "@aws-cdk/aws-kms": "1.64.1",
        "@aws-cdk/aws-s3": "1.64.1",
        "@aws-cdk/core": "1.64.1",
        "@aws-cdk/cx-api": "1.64.1",
        "constructs": "^3.0.4"
      }
    },
    "@aws-cdk/aws-sns": {
      "version": "1.64.1",
      "resolved": "https://registry.npmjs.org/@aws-cdk/aws-sns/-/aws-sns-1.64.1.tgz",
      "integrity": "sha512-fXkQBYMt9ucxHCZLVM2aqzdYQB2/a1JhH0if44MdnpL7KIaNPkJYUN5W8JS3kZRkAtxejOFCrEBdU+MQJhasXg==",
      "requires": {
        "@aws-cdk/aws-cloudwatch": "1.64.1",
        "@aws-cdk/aws-events": "1.64.1",
        "@aws-cdk/aws-iam": "1.64.1",
        "@aws-cdk/aws-kms": "1.64.1",
        "@aws-cdk/aws-sqs": "1.64.1",
        "@aws-cdk/core": "1.64.1",
        "constructs": "^3.0.4"
      }
    },
    "@aws-cdk/aws-sqs": {
      "version": "1.64.1",
      "resolved": "https://registry.npmjs.org/@aws-cdk/aws-sqs/-/aws-sqs-1.64.1.tgz",
      "integrity": "sha512-4YfZYvXSko8Baip+K9ebWT0pi1Rzjj58sjYnE0Qm+QZ9JN0I/zNRoeHrWnQlrCUTT30wva48ywK6ws1tkutSyA==",
      "requires": {
        "@aws-cdk/aws-cloudwatch": "1.64.1",
        "@aws-cdk/aws-iam": "1.64.1",
        "@aws-cdk/aws-kms": "1.64.1",
        "@aws-cdk/core": "1.64.1",
        "constructs": "^3.0.4"
      }
    },
    "@aws-cdk/aws-ssm": {
      "version": "1.64.1",
      "resolved": "https://registry.npmjs.org/@aws-cdk/aws-ssm/-/aws-ssm-1.64.1.tgz",
      "integrity": "sha512-+2+FvaMThzqko0OGez6fl14OlUPaupLbEwiutMZtd+a2hLGprU8bpzf//pOQKfRgmDbzXiJ/8FCVc8Az2dgtcA==",
      "requires": {
        "@aws-cdk/aws-iam": "1.64.1",
        "@aws-cdk/aws-kms": "1.64.1",
        "@aws-cdk/cloud-assembly-schema": "1.64.1",
        "@aws-cdk/core": "1.64.1",
        "constructs": "^3.0.4"
      }
    },
    "@aws-cdk/cloud-assembly-schema": {
      "version": "1.64.1",
      "resolved": "https://registry.npmjs.org/@aws-cdk/cloud-assembly-schema/-/cloud-assembly-schema-1.64.1.tgz",
      "integrity": "sha512-iBVAf5HKTomBcBBjOWyYxrLqUBsDEQSuu6CiOAXx5o6Df5jB80INEh74OEvADG6EfeqpAtz9Rf2IvF7dnnwFGQ==",
      "requires": {
        "jsonschema": "^1.2.6",
        "semver": "^7.3.2"
      },
      "dependencies": {
        "jsonschema": {
          "version": "1.2.6",
          "bundled": true
        },
        "semver": {
          "version": "7.3.2",
          "bundled": true
        }
      }
    },
    "@aws-cdk/core": {
      "version": "1.64.1",
      "resolved": "https://registry.npmjs.org/@aws-cdk/core/-/core-1.64.1.tgz",
      "integrity": "sha512-p8qVO97IkpBH1QdDncWsM4Sp3mmKnbFb25xpznEkU8Qn+jLdBNXHKy5dcJAvSnlDDwHKev+DG1/16wOnumHP8A==",
      "requires": {
        "@aws-cdk/cloud-assembly-schema": "1.64.1",
        "@aws-cdk/cx-api": "1.64.1",
        "constructs": "^3.0.4",
        "fs-extra": "^9.0.1",
        "minimatch": "^3.0.4"
      },
      "dependencies": {
        "at-least-node": {
          "version": "1.0.0",
          "bundled": true
        },
        "balanced-match": {
          "version": "1.0.0",
          "bundled": true
        },
        "brace-expansion": {
          "version": "1.1.11",
          "bundled": true,
          "requires": {
            "balanced-match": "^1.0.0",
            "concat-map": "0.0.1"
          }
        },
        "concat-map": {
          "version": "0.0.1",
          "bundled": true
        },
        "fs-extra": {
          "version": "9.0.1",
          "bundled": true,
          "requires": {
            "at-least-node": "^1.0.0",
            "graceful-fs": "^4.2.0",
            "jsonfile": "^6.0.1",
            "universalify": "^1.0.0"
          }
        },
        "graceful-fs": {
          "version": "4.2.4",
          "bundled": true
        },
        "jsonfile": {
          "version": "6.0.1",
          "bundled": true,
          "requires": {
            "graceful-fs": "^4.1.6",
            "universalify": "^1.0.0"
          }
        },
        "minimatch": {
          "version": "3.0.4",
          "bundled": true,
          "requires": {
            "brace-expansion": "^1.1.7"
          }
        },
        "universalify": {
          "version": "1.0.0",
          "bundled": true
        }
      }
    },
    "@aws-cdk/custom-resources": {
      "version": "1.64.1",
      "resolved": "https://registry.npmjs.org/@aws-cdk/custom-resources/-/custom-resources-1.64.1.tgz",
      "integrity": "sha512-WcrzIY+Y413rNaaErwCr+0mjWXey8dJjHfCrRHesMeFrzJ8PlgQ481ziVxorfR6S9T5lhbbiMTZxsCzEKPkjPQ==",
      "requires": {
        "@aws-cdk/aws-cloudformation": "1.64.1",
        "@aws-cdk/aws-iam": "1.64.1",
        "@aws-cdk/aws-lambda": "1.64.1",
        "@aws-cdk/aws-logs": "1.64.1",
        "@aws-cdk/aws-sns": "1.64.1",
        "@aws-cdk/core": "1.64.1",
        "constructs": "^3.0.4"
      }
    },
    "@aws-cdk/cx-api": {
      "version": "1.64.1",
      "resolved": "https://registry.npmjs.org/@aws-cdk/cx-api/-/cx-api-1.64.1.tgz",
      "integrity": "sha512-nCZYDRWHBnGfoKylXEaA3shNyDyIdSe21I1oImiF5aBCpkjgrhMyW8p57FdfCAWa1FqhBwiPGa91Gl85LX+jiA==",
      "requires": {
        "@aws-cdk/cloud-assembly-schema": "1.64.1",
        "semver": "^7.3.2"
      },
      "dependencies": {
        "semver": {
          "version": "7.3.2",
          "bundled": true
        }
      }
    },
    "@aws-cdk/region-info": {
      "version": "1.64.1",
      "resolved": "https://registry.npmjs.org/@aws-cdk/region-info/-/region-info-1.64.1.tgz",
      "integrity": "sha512-ELlbj5raEOj3PViY2ee/V3etmE0v2dZvnktGlQQ1fQpJXbidrYs2tCAUQyTxYQUg6oQMi0bBep0k977dbxTMZg=="
    },
    "constructs": {
      "version": "3.0.4",
      "resolved": "https://registry.npmjs.org/constructs/-/constructs-3.0.4.tgz",
      "integrity": "sha512-CDvg7gMjphE3DFX4pzkF6j73NREbR8npPFW8Mx/CLRnMR035+Y1o1HrXIsNSss/dq3ZUnNTU9jKyd3fL9EOlfw=="
    }
  }
}
