{
  "name": "fargate-step-function-cdk",
  "version": "0.1.0",
  "lockfileVersion": 1,
  "requires": true,
  "dependencies": {
    "@aws-cdk/cloud-assembly-schema": {
      "version": "1.64.1",
      "resolved": "https://registry.npmjs.org/@aws-cdk/cloud-assembly-schema/-/cloud-assembly-schema-1.64.1.tgz",
      "integrity": "sha512-iBVAf5HKTomBcBBjOWyYxrLqUBsDEQSuu6CiOAXx5o6Df5jB80INEh74OEvADG6EfeqpAtz9Rf2IvF7dnnwFGQ==",
      "requires": {
        "jsonschema": "^1.2.6",
        "semver": "^7.3.2"
      },
      "dependencies": {
        "jsonschema": {
          "version": "1.2.6",
          "bundled": true
        },
        "semver": {
          "version": "7.3.2",
          "bundled": true
        }
      }
    },
    "@aws-cdk/core": {
      "version": "1.64.1",
      "resolved": "https://registry.npmjs.org/@aws-cdk/core/-/core-1.64.1.tgz",
      "integrity": "sha512-p8qVO97IkpBH1QdDncWsM4Sp3mmKnbFb25xpznEkU8Qn+jLdBNXHKy5dcJAvSnlDDwHKev+DG1/16wOnumHP8A==",
      "requires": {
        "@aws-cdk/cloud-assembly-schema": "1.64.1",
        "@aws-cdk/cx-api": "1.64.1",
        "constructs": "^3.0.4",
        "fs-extra": "^9.0.1",
        "minimatch": "^3.0.4"
      },
      "dependencies": {
        "at-least-node": {
          "version": "1.0.0",
          "bundled": true
        },
        "balanced-match": {
          "version": "1.0.0",
          "bundled": true
        },
        "brace-expansion": {
          "version": "1.1.11",
          "bundled": true,
          "requires": {
            "balanced-match": "^1.0.0",
            "concat-map": "0.0.1"
          }
        },
        "concat-map": {
          "version": "0.0.1",
          "bundled": true
        },
        "fs-extra": {
          "version": "9.0.1",
          "bundled": true,
          "requires": {
            "at-least-node": "^1.0.0",
            "graceful-fs": "^4.2.0",
            "jsonfile": "^6.0.1",
            "universalify": "^1.0.0"
          }
        },
        "graceful-fs": {
          "version": "4.2.4",
          "bundled": true
        },
        "jsonfile": {
          "version": "6.0.1",
          "bundled": true,
          "requires": {
            "graceful-fs": "^4.1.6",
            "universalify": "^1.0.0"
          }
        },
        "minimatch": {
          "version": "3.0.4",
          "bundled": true,
          "requires": {
            "brace-expansion": "^1.1.7"
          }
        },
        "universalify": {
          "version": "1.0.0",
          "bundled": true
        }
      }
    },
    "@aws-cdk/cx-api": {
      "version": "1.64.1",
      "resolved": "https://registry.npmjs.org/@aws-cdk/cx-api/-/cx-api-1.64.1.tgz",
      "integrity": "sha512-nCZYDRWHBnGfoKylXEaA3shNyDyIdSe21I1oImiF5aBCpkjgrhMyW8p57FdfCAWa1FqhBwiPGa91Gl85LX+jiA==",
      "requires": {
        "@aws-cdk/cloud-assembly-schema": "1.64.1",
        "semver": "^7.3.2"
      },
      "dependencies": {
        "semver": {
          "version": "7.3.2",
          "bundled": true
        }
      }
    },
    "constructs": {
      "version": "3.0.4",
      "resolved": "https://registry.npmjs.org/constructs/-/constructs-3.0.4.tgz",
      "integrity": "sha512-CDvg7gMjphE3DFX4pzkF6j73NREbR8npPFW8Mx/CLRnMR035+Y1o1HrXIsNSss/dq3ZUnNTU9jKyd3fL9EOlfw=="
    }
  }
}
