{
  "name": "api-cdk",
  "version": "0.1.0",
  "lockfileVersion": 1,
  "requires": true,
  "dependencies": {
    "@aws-cdk/assets": {
      "version": "1.92.0",
      "resolved": "https://registry.npmjs.org/@aws-cdk/assets/-/assets-1.92.0.tgz",
      "integrity": "sha512-E1mOudHqBuP5cvF0/o6d5QWwKaTIv0dXbx06b/ZM0sAzLCyLJKHHbU6GbOAyOw6PSxXG6L8kvON4R/XFdqpWWQ==",
      "requires": {
        "@aws-cdk/core": "1.92.0",
        "@aws-cdk/cx-api": "1.92.0",
        "constructs": "^3.2.0"
      }
    },
    "@aws-cdk/aws-apigateway": {
      "version": "1.92.0",
      "resolved": "https://registry.npmjs.org/@aws-cdk/aws-apigateway/-/aws-apigateway-1.92.0.tgz",
      "integrity": "sha512-5ySHcCuOQp/CDX8Es7Vo52qZp1laLXK6gLixCBkRBbRrP4OAdXIBgfVJZlSw2wvmt+KbpAk1dL1+mX8Kh9ms+g==",
      "requires": {
        "@aws-cdk/aws-certificatemanager": "1.92.0",
        "@aws-cdk/aws-cloudwatch": "1.92.0",
        "@aws-cdk/aws-cognito": "1.92.0",
        "@aws-cdk/aws-ec2": "1.92.0",
        "@aws-cdk/aws-elasticloadbalancingv2": "1.92.0",
        "@aws-cdk/aws-iam": "1.92.0",
        "@aws-cdk/aws-lambda": "1.92.0",
        "@aws-cdk/aws-logs": "1.92.0",
        "@aws-cdk/aws-s3": "1.92.0",
        "@aws-cdk/aws-s3-assets": "1.92.0",
        "@aws-cdk/core": "1.92.0",
        "@aws-cdk/cx-api": "1.92.0",
        "constructs": "^3.2.0"
      }
    },
    "@aws-cdk/aws-applicationautoscaling": {
      "version": "1.92.0",
      "resolved": "https://registry.npmjs.org/@aws-cdk/aws-applicationautoscaling/-/aws-applicationautoscaling-1.92.0.tgz",
      "integrity": "sha512-bHuLPE4vQtTeOeRAisXZA1am1QAz1UJnnDkE/mKqcwFbQIg+viTSCvvwABhUMAH7sAGJst26f1X3/PoTOmYizg==",
      "requires": {
        "@aws-cdk/aws-autoscaling-common": "1.92.0",
        "@aws-cdk/aws-cloudwatch": "1.92.0",
        "@aws-cdk/aws-iam": "1.92.0",
        "@aws-cdk/core": "1.92.0",
        "constructs": "^3.2.0"
      }
    },
    "@aws-cdk/aws-autoscaling-common": {
      "version": "1.92.0",
      "resolved": "https://registry.npmjs.org/@aws-cdk/aws-autoscaling-common/-/aws-autoscaling-common-1.92.0.tgz",
      "integrity": "sha512-eANhYu4zAWHPfogYpuypz7OKfsXsbDWeISgt2I4WrIuJKSvVdH+XPkA1OOz2SfFe1NXN12czhLlA6NiWDuL8wg==",
      "requires": {
        "@aws-cdk/aws-iam": "1.92.0",
        "@aws-cdk/core": "1.92.0",
        "constructs": "^3.2.0"
      }
    },
    "@aws-cdk/aws-certificatemanager": {
      "version": "1.92.0",
      "resolved": "https://registry.npmjs.org/@aws-cdk/aws-certificatemanager/-/aws-certificatemanager-1.92.0.tgz",
      "integrity": "sha512-XH9IivSAr9OiCljQ0CqFTMZuB7qtfoDCPhUG3xK2ZYmkr8KfDAL3c64bIDn0wrgPnEPjg1vML/QZqIyG1yO7RQ==",
      "requires": {
        "@aws-cdk/aws-iam": "1.92.0",
        "@aws-cdk/aws-lambda": "1.92.0",
        "@aws-cdk/aws-route53": "1.92.0",
        "@aws-cdk/core": "1.92.0",
        "constructs": "^3.2.0"
      }
    },
    "@aws-cdk/aws-cloudformation": {
      "version": "1.92.0",
      "resolved": "https://registry.npmjs.org/@aws-cdk/aws-cloudformation/-/aws-cloudformation-1.92.0.tgz",
      "integrity": "sha512-rM0kqqn5dNqlNlay5DMShTKCS/grNz5lYHSq7vYWu1Cx3uxT5HNhRL7eAFeJULarfDZv+wnmIPwJqKq46HksbA==",
      "requires": {
        "@aws-cdk/aws-iam": "1.92.0",
        "@aws-cdk/aws-lambda": "1.92.0",
        "@aws-cdk/aws-s3": "1.92.0",
        "@aws-cdk/aws-sns": "1.92.0",
        "@aws-cdk/core": "1.92.0",
        "@aws-cdk/cx-api": "1.92.0",
        "constructs": "^3.2.0"
      }
    },
    "@aws-cdk/aws-cloudwatch": {
      "version": "1.92.0",
      "resolved": "https://registry.npmjs.org/@aws-cdk/aws-cloudwatch/-/aws-cloudwatch-1.92.0.tgz",
      "integrity": "sha512-GrTsWhwIFFh3JUO1wqHyfLaVvdau1NvvK4FMO8sCpkBhC+qDNqOh417zI82KbOvzIgvv14uZwFfSlCpCsM3f1w==",
      "requires": {
        "@aws-cdk/aws-iam": "1.92.0",
        "@aws-cdk/core": "1.92.0",
        "constructs": "^3.2.0"
      }
    },
    "@aws-cdk/aws-codeguruprofiler": {
      "version": "1.92.0",
      "resolved": "https://registry.npmjs.org/@aws-cdk/aws-codeguruprofiler/-/aws-codeguruprofiler-1.92.0.tgz",
      "integrity": "sha512-PaxG82IBG6niYrBiUmGc15q2KCB3g6S9qscHTVhZt212V0RbVgADNlZfthqEEE8rBNoV6KD6aYEtUpaV+nMT6g==",
      "requires": {
        "@aws-cdk/aws-iam": "1.92.0",
        "@aws-cdk/core": "1.92.0",
        "constructs": "^3.2.0"
      }
    },
    "@aws-cdk/aws-cognito": {
      "version": "1.92.0",
      "resolved": "https://registry.npmjs.org/@aws-cdk/aws-cognito/-/aws-cognito-1.92.0.tgz",
      "integrity": "sha512-FSkyzWkpwgjhkRYwUFizmXsmnZfxs53DLdPvh5UFWuauTBgmhW1YSZpRrsk2tZc+gOL08qPfh+xpLN0WYjsWNw==",
      "requires": {
        "@aws-cdk/aws-certificatemanager": "1.92.0",
        "@aws-cdk/aws-iam": "1.92.0",
        "@aws-cdk/aws-lambda": "1.92.0",
        "@aws-cdk/core": "1.92.0",
        "@aws-cdk/custom-resources": "1.92.0",
        "constructs": "^3.2.0",
        "punycode": "^2.1.1"
      },
      "dependencies": {
        "punycode": {
          "version": "2.1.1",
          "bundled": true
        }
      }
    },
    "@aws-cdk/aws-ec2": {
      "version": "1.92.0",
      "resolved": "https://registry.npmjs.org/@aws-cdk/aws-ec2/-/aws-ec2-1.92.0.tgz",
      "integrity": "sha512-JAa4mMcGP/CezVg9ew3EZ41NRVRhhmqGkv2tk9BMkBmI14GcK2IwUDyN9/fZE5vsN/puYWJvffjFMDC7k2qPdA==",
      "requires": {
        "@aws-cdk/aws-cloudwatch": "1.92.0",
        "@aws-cdk/aws-iam": "1.92.0",
        "@aws-cdk/aws-kms": "1.92.0",
        "@aws-cdk/aws-logs": "1.92.0",
        "@aws-cdk/aws-s3": "1.92.0",
        "@aws-cdk/aws-s3-assets": "1.92.0",
        "@aws-cdk/aws-ssm": "1.92.0",
        "@aws-cdk/cloud-assembly-schema": "1.92.0",
        "@aws-cdk/core": "1.92.0",
        "@aws-cdk/cx-api": "1.92.0",
        "@aws-cdk/region-info": "1.92.0",
        "constructs": "^3.2.0"
      }
    },
    "@aws-cdk/aws-ecr": {
      "version": "1.92.0",
      "resolved": "https://registry.npmjs.org/@aws-cdk/aws-ecr/-/aws-ecr-1.92.0.tgz",
      "integrity": "sha512-quw+Z5YzRIoEjzAGU8xynB6qTFH8vVeqPORwrGX/kDETmXguxXrPAMoOPewO4fvPOKVOk71OCGtLTnuzsZ5pgA==",
      "requires": {
        "@aws-cdk/aws-events": "1.92.0",
        "@aws-cdk/aws-iam": "1.92.0",
        "@aws-cdk/core": "1.92.0",
        "constructs": "^3.2.0"
      }
    },
    "@aws-cdk/aws-ecr-assets": {
      "version": "1.92.0",
      "resolved": "https://registry.npmjs.org/@aws-cdk/aws-ecr-assets/-/aws-ecr-assets-1.92.0.tgz",
      "integrity": "sha512-vdkNH3lQaLEaEo/v/kXIDmvCiTyNFnVv/XuGnN/nEODrY/1ZH3D6mzyDRPtsJUlA1RP95lGMsBn5dh40kxFMug==",
      "requires": {
        "@aws-cdk/assets": "1.92.0",
        "@aws-cdk/aws-ecr": "1.92.0",
        "@aws-cdk/aws-iam": "1.92.0",
        "@aws-cdk/aws-s3": "1.92.0",
        "@aws-cdk/core": "1.92.0",
        "@aws-cdk/cx-api": "1.92.0",
        "constructs": "^3.2.0",
        "minimatch": "^3.0.4"
      },
      "dependencies": {
        "balanced-match": {
          "version": "1.0.0",
          "bundled": true
        },
        "brace-expansion": {
          "version": "1.1.11",
          "bundled": true,
          "requires": {
            "balanced-match": "^1.0.0",
            "concat-map": "0.0.1"
          }
        },
        "concat-map": {
          "version": "0.0.1",
          "bundled": true
        },
        "minimatch": {
          "version": "3.0.4",
          "bundled": true,
          "requires": {
            "brace-expansion": "^1.1.7"
          }
        }
      }
    },
    "@aws-cdk/aws-efs": {
      "version": "1.92.0",
      "resolved": "https://registry.npmjs.org/@aws-cdk/aws-efs/-/aws-efs-1.92.0.tgz",
      "integrity": "sha512-V26Wuq1VFYmk/F3xzX0l0xv2pCTylU56YvVpk3CEsnSQfVVD6wGgrRZkODUcMlU3vNXRiNnX/Og+IUV4Omp4Xw==",
      "requires": {
        "@aws-cdk/aws-ec2": "1.92.0",
        "@aws-cdk/aws-kms": "1.92.0",
        "@aws-cdk/cloud-assembly-schema": "1.92.0",
        "@aws-cdk/core": "1.92.0",
        "@aws-cdk/cx-api": "1.92.0",
        "constructs": "^3.2.0"
      }
    },
    "@aws-cdk/aws-elasticloadbalancingv2": {
      "version": "1.92.0",
      "resolved": "https://registry.npmjs.org/@aws-cdk/aws-elasticloadbalancingv2/-/aws-elasticloadbalancingv2-1.92.0.tgz",
      "integrity": "sha512-+gPN2PXHaJTjWlUdX0lmBKjBnYlV6ZpH4YWQzCp3KxMRImZa4J47AjPCGaNTUL2jTXu7f9kzWxBdI3pCuPJufA==",
      "requires": {
        "@aws-cdk/aws-certificatemanager": "1.92.0",
        "@aws-cdk/aws-cloudwatch": "1.92.0",
        "@aws-cdk/aws-ec2": "1.92.0",
        "@aws-cdk/aws-iam": "1.92.0",
        "@aws-cdk/aws-lambda": "1.92.0",
        "@aws-cdk/aws-s3": "1.92.0",
        "@aws-cdk/cloud-assembly-schema": "1.92.0",
        "@aws-cdk/core": "1.92.0",
        "@aws-cdk/cx-api": "1.92.0",
        "@aws-cdk/region-info": "1.92.0",
        "constructs": "^3.2.0"
      }
    },
    "@aws-cdk/aws-events": {
      "version": "1.92.0",
      "resolved": "https://registry.npmjs.org/@aws-cdk/aws-events/-/aws-events-1.92.0.tgz",
      "integrity": "sha512-u/SsljSnjzh7ChdLhD5gHqcES/84jyNkQQ6RGe4uCNleL6qZxJXxo7/utWgzQSiAdVdKyMsxNKgrLETnF2FaFQ==",
      "requires": {
        "@aws-cdk/aws-iam": "1.92.0",
        "@aws-cdk/core": "1.92.0",
        "constructs": "^3.2.0"
      }
    },
    "@aws-cdk/aws-iam": {
      "version": "1.92.0",
      "resolved": "https://registry.npmjs.org/@aws-cdk/aws-iam/-/aws-iam-1.92.0.tgz",
      "integrity": "sha512-cO11Ikx5Sjwcn3lunlRTD90JFfz1xS5dYJGVSMmRaEKaBSWK7p3WQsnvakefuNsLPXhORKq8rnLzksaHeJHJuA==",
      "requires": {
        "@aws-cdk/core": "1.92.0",
        "@aws-cdk/region-info": "1.92.0",
        "constructs": "^3.2.0"
      }
    },
    "@aws-cdk/aws-kms": {
      "version": "1.92.0",
      "resolved": "https://registry.npmjs.org/@aws-cdk/aws-kms/-/aws-kms-1.92.0.tgz",
      "integrity": "sha512-vKZRRIGV78lEO7xOYyNZzELRChxjPxzdC6RP3LMwZMlMZYRxcj5kRdpLh9SKscqByHxwA8rqW8FvxdJV9Y1bOw==",
      "requires": {
        "@aws-cdk/aws-iam": "1.92.0",
        "@aws-cdk/core": "1.92.0",
        "@aws-cdk/cx-api": "1.92.0",
        "constructs": "^3.2.0"
      }
    },
    "@aws-cdk/aws-lambda": {
      "version": "1.92.0",
      "resolved": "https://registry.npmjs.org/@aws-cdk/aws-lambda/-/aws-lambda-1.92.0.tgz",
      "integrity": "sha512-YWNG7Ag2CbA+uybjeWn9JgDeIZPe3MkhCOzdrbTwYOOFobzXgapgSp+f6ZyJf2N0TB3xT4mMroJDGcVIzDsLGA==",
      "requires": {
        "@aws-cdk/aws-applicationautoscaling": "1.92.0",
        "@aws-cdk/aws-cloudwatch": "1.92.0",
        "@aws-cdk/aws-codeguruprofiler": "1.92.0",
        "@aws-cdk/aws-ec2": "1.92.0",
        "@aws-cdk/aws-ecr": "1.92.0",
        "@aws-cdk/aws-ecr-assets": "1.92.0",
        "@aws-cdk/aws-efs": "1.92.0",
        "@aws-cdk/aws-events": "1.92.0",
        "@aws-cdk/aws-iam": "1.92.0",
        "@aws-cdk/aws-kms": "1.92.0",
        "@aws-cdk/aws-logs": "1.92.0",
        "@aws-cdk/aws-s3": "1.92.0",
        "@aws-cdk/aws-s3-assets": "1.92.0",
        "@aws-cdk/aws-signer": "1.92.0",
        "@aws-cdk/aws-sqs": "1.92.0",
        "@aws-cdk/core": "1.92.0",
        "@aws-cdk/cx-api": "1.92.0",
        "constructs": "^3.2.0"
      }
    },
    "@aws-cdk/aws-logs": {
      "version": "1.92.0",
      "resolved": "https://registry.npmjs.org/@aws-cdk/aws-logs/-/aws-logs-1.92.0.tgz",
      "integrity": "sha512-/SCRQqoAt36z7g7xXXyoI1vPPCk1VE+ziTACeM7laSAEQwiSQQLUPehCdDnNVHoSmTX6arrWacM4ZNeHjNG+CA==",
      "requires": {
        "@aws-cdk/aws-cloudwatch": "1.92.0",
        "@aws-cdk/aws-iam": "1.92.0",
        "@aws-cdk/aws-kms": "1.92.0",
        "@aws-cdk/aws-s3-assets": "1.92.0",
        "@aws-cdk/core": "1.92.0",
        "constructs": "^3.2.0"
      }
    },
    "@aws-cdk/aws-route53": {
      "version": "1.92.0",
      "resolved": "https://registry.npmjs.org/@aws-cdk/aws-route53/-/aws-route53-1.92.0.tgz",
      "integrity": "sha512-Nk/9iToeji774GJq/cp/3C3e7/koAMIUmuaM4Hrr3vcP4ce01D6AF8G/Q8BhGqgk9saxBYyl4DId4zAbp75MlQ==",
      "requires": {
        "@aws-cdk/aws-ec2": "1.92.0",
        "@aws-cdk/aws-iam": "1.92.0",
        "@aws-cdk/aws-logs": "1.92.0",
        "@aws-cdk/cloud-assembly-schema": "1.92.0",
        "@aws-cdk/core": "1.92.0",
        "@aws-cdk/custom-resources": "1.92.0",
        "constructs": "^3.2.0"
      }
    },
    "@aws-cdk/aws-s3": {
      "version": "1.92.0",
      "resolved": "https://registry.npmjs.org/@aws-cdk/aws-s3/-/aws-s3-1.92.0.tgz",
      "integrity": "sha512-/DP79m0NrxRVU7ndZ1dRWjVv82fY+tGfaOJ1iUMab5QfpIq3fMRcvbr9ARFh0//ICWDf+ob6k0n0H12HNqyohw==",
      "requires": {
        "@aws-cdk/aws-events": "1.92.0",
        "@aws-cdk/aws-iam": "1.92.0",
        "@aws-cdk/aws-kms": "1.92.0",
        "@aws-cdk/core": "1.92.0",
        "@aws-cdk/cx-api": "1.92.0",
        "constructs": "^3.2.0"
      }
    },
    "@aws-cdk/aws-s3-assets": {
      "version": "1.92.0",
      "resolved": "https://registry.npmjs.org/@aws-cdk/aws-s3-assets/-/aws-s3-assets-1.92.0.tgz",
      "integrity": "sha512-fPxKXMrdarMtHtMLZqc7ivYZPL55JG4V/Mi+qHlmfw7QVJ+TPf/Glb5+I2Y+Dn2EbpiNKIgE2Vy+okp2nfaL0Q==",
      "requires": {
        "@aws-cdk/assets": "1.92.0",
        "@aws-cdk/aws-iam": "1.92.0",
        "@aws-cdk/aws-kms": "1.92.0",
        "@aws-cdk/aws-s3": "1.92.0",
        "@aws-cdk/core": "1.92.0",
        "@aws-cdk/cx-api": "1.92.0",
        "constructs": "^3.2.0"
      }
    },
    "@aws-cdk/aws-signer": {
      "version": "1.92.0",
      "resolved": "https://registry.npmjs.org/@aws-cdk/aws-signer/-/aws-signer-1.92.0.tgz",
      "integrity": "sha512-QDGiqjCyRaJsVYKjS1aumndHfbrWeT56XSLz2I+YnoJgQr1UXABxXa1biZoydu4hG8ae1ELchqSgPfYm4xColw==",
      "requires": {
        "@aws-cdk/core": "1.92.0",
        "constructs": "^3.2.0"
      }
    },
    "@aws-cdk/aws-sns": {
      "version": "1.92.0",
      "resolved": "https://registry.npmjs.org/@aws-cdk/aws-sns/-/aws-sns-1.92.0.tgz",
      "integrity": "sha512-oxXyKKwU2Vu5XQpcFF1Eg99IicEIf9ajcxz0AlBcFT1/xTf8SMzajd54vL4mcoCiQaRXgteubnZC9Ce5RAvT8g==",
      "requires": {
        "@aws-cdk/aws-cloudwatch": "1.92.0",
        "@aws-cdk/aws-events": "1.92.0",
        "@aws-cdk/aws-iam": "1.92.0",
        "@aws-cdk/aws-kms": "1.92.0",
        "@aws-cdk/aws-sqs": "1.92.0",
        "@aws-cdk/core": "1.92.0",
        "constructs": "^3.2.0"
      }
    },
    "@aws-cdk/aws-sqs": {
      "version": "1.92.0",
      "resolved": "https://registry.npmjs.org/@aws-cdk/aws-sqs/-/aws-sqs-1.92.0.tgz",
      "integrity": "sha512-otInXJQwoOWc8dx8HYfu5GDrV5DCnqaYnNLNitNyfJ3Eiq6fVnL6EuetPDdgf9PK7hMlKqKtaVJK7WoNiwgwSw==",
      "requires": {
        "@aws-cdk/aws-cloudwatch": "1.92.0",
        "@aws-cdk/aws-iam": "1.92.0",
        "@aws-cdk/aws-kms": "1.92.0",
        "@aws-cdk/core": "1.92.0",
        "constructs": "^3.2.0"
      }
    },
    "@aws-cdk/aws-ssm": {
      "version": "1.92.0",
      "resolved": "https://registry.npmjs.org/@aws-cdk/aws-ssm/-/aws-ssm-1.92.0.tgz",
      "integrity": "sha512-+1zI2yL4jS6HKtOpD+YUxXLU//BqWRs836wbFzZTpewnjRiCeXyEkA7ZLUBzis+W4uCCrxvbDM7sVbVpi1N3iQ==",
      "requires": {
        "@aws-cdk/aws-iam": "1.92.0",
        "@aws-cdk/aws-kms": "1.92.0",
        "@aws-cdk/cloud-assembly-schema": "1.92.0",
        "@aws-cdk/core": "1.92.0",
        "constructs": "^3.2.0"
      }
    },
    "@aws-cdk/cloud-assembly-schema": {
      "version": "1.92.0",
      "resolved": "https://registry.npmjs.org/@aws-cdk/cloud-assembly-schema/-/cloud-assembly-schema-1.92.0.tgz",
      "integrity": "sha512-xRdNjwN49KlkKh3k/h/tSK3dEoxiHvbKi/aYXbBjwynRseCEPoeZTJ+BdMagdAt6uFTt6L3DpdoilQ0m2AJKSQ==",
      "requires": {
        "jsonschema": "^1.4.0",
        "semver": "^7.3.4"
      },
      "dependencies": {
        "jsonschema": {
          "version": "1.4.0",
          "bundled": true
        },
        "lru-cache": {
          "version": "6.0.0",
          "bundled": true,
          "requires": {
            "yallist": "^4.0.0"
          }
        },
        "semver": {
          "version": "7.3.4",
          "bundled": true,
          "requires": {
            "lru-cache": "^6.0.0"
          }
        },
        "yallist": {
          "version": "4.0.0",
          "bundled": true
        }
      }
    },
    "@aws-cdk/core": {
      "version": "1.92.0",
      "resolved": "https://registry.npmjs.org/@aws-cdk/core/-/core-1.92.0.tgz",
      "integrity": "sha512-8zYkHHU2lVUjNFI0gEb1SZoRutUYeZfr9Ea2UhL+kxj4CstNUGnHanO2qC/EcXkTi6zjuD1D9NpuWNFJNaDsIA==",
      "requires": {
        "@aws-cdk/cloud-assembly-schema": "1.92.0",
        "@aws-cdk/cx-api": "1.92.0",
        "@aws-cdk/region-info": "1.92.0",
        "@balena/dockerignore": "^1.0.2",
        "constructs": "^3.2.0",
        "fs-extra": "^9.1.0",
        "ignore": "^5.1.8",
        "minimatch": "^3.0.4"
      },
      "dependencies": {
        "@balena/dockerignore": {
          "version": "1.0.2",
          "bundled": true
        },
        "at-least-node": {
          "version": "1.0.0",
          "bundled": true
        },
        "balanced-match": {
          "version": "1.0.0",
          "bundled": true
        },
        "brace-expansion": {
          "version": "1.1.11",
          "bundled": true,
          "requires": {
            "balanced-match": "^1.0.0",
            "concat-map": "0.0.1"
          }
        },
        "concat-map": {
          "version": "0.0.1",
          "bundled": true
        },
        "fs-extra": {
          "version": "9.1.0",
          "bundled": true,
          "requires": {
            "at-least-node": "^1.0.0",
            "graceful-fs": "^4.2.0",
            "jsonfile": "^6.0.1",
            "universalify": "^2.0.0"
          }
        },
        "graceful-fs": {
          "version": "4.2.6",
          "bundled": true
        },
        "ignore": {
          "version": "5.1.8",
          "bundled": true
        },
        "jsonfile": {
          "version": "6.1.0",
          "bundled": true,
          "requires": {
            "graceful-fs": "^4.1.6",
            "universalify": "^2.0.0"
          }
        },
        "minimatch": {
          "version": "3.0.4",
          "bundled": true,
          "requires": {
            "brace-expansion": "^1.1.7"
          }
        },
        "universalify": {
          "version": "2.0.0",
          "bundled": true
        }
      }
    },
    "@aws-cdk/custom-resources": {
      "version": "1.92.0",
      "resolved": "https://registry.npmjs.org/@aws-cdk/custom-resources/-/custom-resources-1.92.0.tgz",
      "integrity": "sha512-4BMZBoWvvf373shLZTaX9shYLiRL8l1cSZdhsx8aRCAV8QXAxFEMpY0+jUot3cDgzOi31+uBQKaKExcVb5K7IA==",
      "requires": {
        "@aws-cdk/aws-cloudformation": "1.92.0",
        "@aws-cdk/aws-ec2": "1.92.0",
        "@aws-cdk/aws-iam": "1.92.0",
        "@aws-cdk/aws-lambda": "1.92.0",
        "@aws-cdk/aws-logs": "1.92.0",
        "@aws-cdk/aws-sns": "1.92.0",
        "@aws-cdk/core": "1.92.0",
        "constructs": "^3.2.0"
      }
    },
    "@aws-cdk/cx-api": {
      "version": "1.92.0",
      "resolved": "https://registry.npmjs.org/@aws-cdk/cx-api/-/cx-api-1.92.0.tgz",
      "integrity": "sha512-bUFnwGxvMrt5ktKrk0/lZuzifz5R8TFMW3mI2Egz44qLWPdzogJZnom/Camls2bi5TjTmPwf2mukP3GDeWe81A==",
      "requires": {
        "@aws-cdk/cloud-assembly-schema": "1.92.0",
        "semver": "^7.3.4"
      },
      "dependencies": {
        "lru-cache": {
          "version": "6.0.0",
          "bundled": true,
          "requires": {
            "yallist": "^4.0.0"
          }
        },
        "semver": {
          "version": "7.3.4",
          "bundled": true,
          "requires": {
            "lru-cache": "^6.0.0"
          }
        },
        "yallist": {
          "version": "4.0.0",
          "bundled": true
        }
      }
    },
    "@aws-cdk/region-info": {
      "version": "1.92.0",
      "resolved": "https://registry.npmjs.org/@aws-cdk/region-info/-/region-info-1.92.0.tgz",
      "integrity": "sha512-wGCtgpdg4JirfC2vOZBQWYcEevKq/YWcwGz9xOmWeQ6bcCLYrEJSPlhw29+Fv0yGrg4AeRGqrXemRP6EUIjx5g=="
    },
    "constructs": {
      "version": "3.3.65",
      "resolved": "https://registry.npmjs.org/constructs/-/constructs-3.3.65.tgz",
      "integrity": "sha512-/tjHzxwK4Nz9SAm40kkC2mij3Y3LngVVj/dvk7Xpex25/PMhVRYy1pmJ0/5I5Y6bAMG1HRjcSAyf4k9YZyxJjw=="
    },
    "dotenv": {
      "version": "8.2.0",
      "resolved": "https://registry.npmjs.org/dotenv/-/dotenv-8.2.0.tgz",
      "integrity": "sha512-8sJ78ElpbDJBHNeBzUbUVLsqKdccaa/BXF1uPTw3GrvQTBgrQrtObr2mUrE38vzYd8cEv+m/JBfDLioYcfXoaw=="
    }
  }
}
