{
  "name": "dynamo-cdk",
  "version": "0.1.0",
  "lockfileVersion": 1,
  "requires": true,
  "dependencies": {
    "@aws-cdk/assets": {
      "version": "1.36.1",
      "resolved": "https://registry.npmjs.org/@aws-cdk/assets/-/assets-1.36.1.tgz",
      "integrity": "sha512-VSs75jJdYhhPWmTTqyZQXUAeizI6RODIn6ZvPdnksYpkEW/6aYZsBrao/34q2CTL8diJmoZu63ldUe+HLwisKg==",
      "requires": {
        "@aws-cdk/core": "1.36.1",
        "@aws-cdk/cx-api": "1.36.1",
        "constructs": "^3.0.2",
        "minimatch": "^3.0.4"
      },
      "dependencies": {
        "balanced-match": {
          "version": "1.0.0",
          "bundled": true
        },
        "brace-expansion": {
          "version": "1.1.11",
          "bundled": true,
          "requires": {
            "balanced-match": "^1.0.0",
            "concat-map": "0.0.1"
          }
        },
        "concat-map": {
          "version": "0.0.1",
          "bundled": true
        },
        "minimatch": {
          "version": "3.0.4",
          "bundled": true,
          "requires": {
            "brace-expansion": "^1.1.7"
          }
        }
      }
    },
    "@aws-cdk/aws-applicationautoscaling": {
      "version": "1.36.1",
      "resolved": "https://registry.npmjs.org/@aws-cdk/aws-applicationautoscaling/-/aws-applicationautoscaling-1.36.1.tgz",
      "integrity": "sha512-+1TUbjiIOcu1Y61Ig3CWDdmFpQta32Kflc6Q3faHiV7vK99dWyjxZmGdpCup0zqy8VarqV7qgIf0OIum4mAynA==",
      "requires": {
        "@aws-cdk/aws-autoscaling-common": "1.36.1",
        "@aws-cdk/aws-cloudwatch": "1.36.1",
        "@aws-cdk/aws-iam": "1.36.1",
        "@aws-cdk/core": "1.36.1",
        "constructs": "^3.0.2"
      }
    },
    "@aws-cdk/aws-autoscaling-common": {
      "version": "1.36.1",
      "resolved": "https://registry.npmjs.org/@aws-cdk/aws-autoscaling-common/-/aws-autoscaling-common-1.36.1.tgz",
      "integrity": "sha512-hOj5gQHpKqP7CsxVLdU33KR2PmqHJ1D2k13Ym1It62CDN9BX7NniI7H356P5VSULz8iOLznXROsxXd6loPwBZw==",
      "requires": {
        "@aws-cdk/aws-iam": "1.36.1",
        "@aws-cdk/core": "1.36.1",
        "constructs": "^3.0.2"
      }
    },
    "@aws-cdk/aws-cloudformation": {
      "version": "1.36.1",
      "resolved": "https://registry.npmjs.org/@aws-cdk/aws-cloudformation/-/aws-cloudformation-1.36.1.tgz",
      "integrity": "sha512-BXuySEhCiy6umRH9OrNmoPU/pJ/9XE1F/TBh/RJX5VBvYkfKuaBxgU8T0J6IGfj8BuUegc0LE6KZW8klC26tng==",
      "requires": {
        "@aws-cdk/aws-iam": "1.36.1",
        "@aws-cdk/aws-lambda": "1.36.1",
        "@aws-cdk/aws-s3": "1.36.1",
        "@aws-cdk/aws-sns": "1.36.1",
        "@aws-cdk/core": "1.36.1",
        "@aws-cdk/cx-api": "1.36.1",
        "constructs": "^3.0.2"
      }
    },
    "@aws-cdk/aws-cloudwatch": {
      "version": "1.36.1",
      "resolved": "https://registry.npmjs.org/@aws-cdk/aws-cloudwatch/-/aws-cloudwatch-1.36.1.tgz",
      "integrity": "sha512-xX/A5OIgR+oCXmkKk7Np3P54ltGEwYzrK+5V46RGMIBocfkHChEubOjcfeLojMqmJWcwsl3VfL/ECqx0ofmbBQ==",
      "requires": {
        "@aws-cdk/aws-iam": "1.36.1",
        "@aws-cdk/core": "1.36.1",
        "constructs": "^3.0.2"
      }
    },
    "@aws-cdk/aws-dynamodb": {
      "version": "1.36.1",
      "resolved": "https://registry.npmjs.org/@aws-cdk/aws-dynamodb/-/aws-dynamodb-1.36.1.tgz",
      "integrity": "sha512-g8igr9fIipNN2cPfXw9HRIqxLYHHPfSgYfoVphklRFJkOraL/M4LS2m25ebodpYVypwnuTIGX+oNNSGVlvxsEA==",
      "requires": {
        "@aws-cdk/aws-applicationautoscaling": "1.36.1",
        "@aws-cdk/aws-cloudformation": "1.36.1",
        "@aws-cdk/aws-cloudwatch": "1.36.1",
        "@aws-cdk/aws-iam": "1.36.1",
        "@aws-cdk/aws-lambda": "1.36.1",
        "@aws-cdk/core": "1.36.1",
        "@aws-cdk/custom-resources": "1.36.1",
        "constructs": "^3.0.2"
      }
    },
    "@aws-cdk/aws-ec2": {
      "version": "1.36.1",
      "resolved": "https://registry.npmjs.org/@aws-cdk/aws-ec2/-/aws-ec2-1.36.1.tgz",
      "integrity": "sha512-/mzq0NuW2YwGKgSwav8oLYvovj9H0ELixmsZI6sSe4z1Zvy51bcyl/Yp15zdtnzfYP8inrrJfUaLhezXQnMnhA==",
      "requires": {
        "@aws-cdk/aws-cloudwatch": "1.36.1",
        "@aws-cdk/aws-iam": "1.36.1",
        "@aws-cdk/aws-logs": "1.36.1",
        "@aws-cdk/aws-s3": "1.36.1",
        "@aws-cdk/aws-ssm": "1.36.1",
        "@aws-cdk/core": "1.36.1",
        "@aws-cdk/cx-api": "1.36.1",
        "@aws-cdk/region-info": "1.36.1",
        "constructs": "^3.0.2"
      }
    },
    "@aws-cdk/aws-events": {
      "version": "1.36.1",
      "resolved": "https://registry.npmjs.org/@aws-cdk/aws-events/-/aws-events-1.36.1.tgz",
      "integrity": "sha512-Sg7W664GYhliy7O8B6c9ANr6qE0ZBJlkkZmEEpxqqrq8iDCL4KWVwKa49fVfIs0xMSz1CBtmXtQaq5oelsOwAA==",
      "requires": {
        "@aws-cdk/aws-iam": "1.36.1",
        "@aws-cdk/core": "1.36.1",
        "constructs": "^3.0.2"
      }
    },
    "@aws-cdk/aws-iam": {
      "version": "1.36.1",
      "resolved": "https://registry.npmjs.org/@aws-cdk/aws-iam/-/aws-iam-1.36.1.tgz",
      "integrity": "sha512-TnGIIiqDoh4yDOQ9wynt+ApgPjjmT5NLtMcIw/pJWMeh5f1Q6HQ+912xk5lHJFP/nmS4+YgsUgSrSXmZZJb9og==",
      "requires": {
        "@aws-cdk/core": "1.36.1",
        "@aws-cdk/region-info": "1.36.1",
        "constructs": "^3.0.2"
      }
    },
    "@aws-cdk/aws-kms": {
      "version": "1.36.1",
      "resolved": "https://registry.npmjs.org/@aws-cdk/aws-kms/-/aws-kms-1.36.1.tgz",
      "integrity": "sha512-Ltn1HiOib3tU0GXHqiec1vQV4edMhsl4dCgvIyOf7ZGiUT6Rv1hBXHN6UYm9SyExUYVzlWqkVM0x3DvwS8Uwjg==",
      "requires": {
        "@aws-cdk/aws-iam": "1.36.1",
        "@aws-cdk/core": "1.36.1",
        "constructs": "^3.0.2"
      }
    },
    "@aws-cdk/aws-lambda": {
      "version": "1.36.1",
      "resolved": "https://registry.npmjs.org/@aws-cdk/aws-lambda/-/aws-lambda-1.36.1.tgz",
      "integrity": "sha512-Ai9RHwfJTio5HZnThxypm8I4da76rAuYdTnmPm+wISASAtO5TfgAje5XofPCnR1VqFW6nd+EtCROwJjwhqh98g==",
      "requires": {
        "@aws-cdk/aws-cloudwatch": "1.36.1",
        "@aws-cdk/aws-ec2": "1.36.1",
        "@aws-cdk/aws-events": "1.36.1",
        "@aws-cdk/aws-iam": "1.36.1",
        "@aws-cdk/aws-logs": "1.36.1",
        "@aws-cdk/aws-s3": "1.36.1",
        "@aws-cdk/aws-s3-assets": "1.36.1",
        "@aws-cdk/aws-sqs": "1.36.1",
        "@aws-cdk/core": "1.36.1",
        "@aws-cdk/cx-api": "1.36.1",
        "constructs": "^3.0.2"
      }
    },
    "@aws-cdk/aws-logs": {
      "version": "1.36.1",
      "resolved": "https://registry.npmjs.org/@aws-cdk/aws-logs/-/aws-logs-1.36.1.tgz",
      "integrity": "sha512-IHadGwjBYnDy+egB+cnf8EbT44ZaI5jgQ6Y/Rk0y35HAgFi/9ImXJjcUWNYDjDTsfjYM0+wt5Frxo/K8j3VpjA==",
      "requires": {
        "@aws-cdk/aws-cloudwatch": "1.36.1",
        "@aws-cdk/aws-iam": "1.36.1",
        "@aws-cdk/core": "1.36.1",
        "constructs": "^3.0.2"
      }
    },
    "@aws-cdk/aws-s3": {
      "version": "1.36.1",
      "resolved": "https://registry.npmjs.org/@aws-cdk/aws-s3/-/aws-s3-1.36.1.tgz",
      "integrity": "sha512-atb19uOU2fuj0u2x5aLcUKQ/LqnggW5BdRvcfusBzoLhKbPI9nFhknxDySgsSwzAz4C1PjTPftLiZE/wx1ofBg==",
      "requires": {
        "@aws-cdk/aws-events": "1.36.1",
        "@aws-cdk/aws-iam": "1.36.1",
        "@aws-cdk/aws-kms": "1.36.1",
        "@aws-cdk/core": "1.36.1",
        "constructs": "^3.0.2"
      }
    },
    "@aws-cdk/aws-s3-assets": {
      "version": "1.36.1",
      "resolved": "https://registry.npmjs.org/@aws-cdk/aws-s3-assets/-/aws-s3-assets-1.36.1.tgz",
      "integrity": "sha512-pq5WRsqtQtuG6KFOe2o6GoIvEv3Agov0lvWpynpps0G9LBN4wxYYjKlCTgYv6OQ/6a0mYnq7b2dEeM6/qaitVw==",
      "requires": {
        "@aws-cdk/assets": "1.36.1",
        "@aws-cdk/aws-iam": "1.36.1",
        "@aws-cdk/aws-s3": "1.36.1",
        "@aws-cdk/core": "1.36.1",
        "@aws-cdk/cx-api": "1.36.1",
        "constructs": "^3.0.2"
      }
    },
    "@aws-cdk/aws-sns": {
      "version": "1.36.1",
      "resolved": "https://registry.npmjs.org/@aws-cdk/aws-sns/-/aws-sns-1.36.1.tgz",
      "integrity": "sha512-U4dCmywB0Y7El1YRGwcBIdFPvcYKrq8WCPq5CQS1w0jd5ZRY06F51qBxV2M20yQ5ixd859ZpNVQeesV55WoEvg==",
      "requires": {
        "@aws-cdk/aws-cloudwatch": "1.36.1",
        "@aws-cdk/aws-events": "1.36.1",
        "@aws-cdk/aws-iam": "1.36.1",
        "@aws-cdk/aws-kms": "1.36.1",
        "@aws-cdk/core": "1.36.1",
        "constructs": "^3.0.2"
      }
    },
    "@aws-cdk/aws-sqs": {
      "version": "1.36.1",
      "resolved": "https://registry.npmjs.org/@aws-cdk/aws-sqs/-/aws-sqs-1.36.1.tgz",
      "integrity": "sha512-qwGzNcB1BceUr6jI3mYhNfTOYTYFyvuH55dIm4f2DO9TNSyQElIdeF+vgv4e9sPFj28AiRlhr6IXlfqL3/caoA==",
      "requires": {
        "@aws-cdk/aws-cloudwatch": "1.36.1",
        "@aws-cdk/aws-iam": "1.36.1",
        "@aws-cdk/aws-kms": "1.36.1",
        "@aws-cdk/core": "1.36.1",
        "constructs": "^3.0.2"
      }
    },
    "@aws-cdk/aws-ssm": {
      "version": "1.36.1",
      "resolved": "https://registry.npmjs.org/@aws-cdk/aws-ssm/-/aws-ssm-1.36.1.tgz",
      "integrity": "sha512-EgMxS9BvAkQBL8DzT6jtRKuz8KiqADl0xdtPXoBgXZL/3UdlAALWVagrmwUL3/gbeAe4JxDbPr6LVK8lbszkHQ==",
      "requires": {
        "@aws-cdk/aws-iam": "1.36.1",
        "@aws-cdk/aws-kms": "1.36.1",
        "@aws-cdk/core": "1.36.1",
        "@aws-cdk/cx-api": "1.36.1",
        "constructs": "^3.0.2"
      }
    },
    "@aws-cdk/cloud-assembly-schema": {
      "version": "1.36.1",
      "resolved": "https://registry.npmjs.org/@aws-cdk/cloud-assembly-schema/-/cloud-assembly-schema-1.36.1.tgz",
      "integrity": "sha512-Y1Kt/5Us0N9Q0q+WuHI5i5KjjfBzYRvyaRXdy/Bqbqloq9QPuRFyBngxVNn66VsNOygfReO7L+G5inN5o5wGzg==",
      "requires": {
        "jsonschema": "^1.2.5",
        "semver": "^7.2.2"
      },
      "dependencies": {
        "jsonschema": {
          "version": "1.2.6",
          "bundled": true
        },
        "semver": {
          "version": "7.3.2",
          "bundled": true
        }
      }
    },
    "@aws-cdk/core": {
      "version": "1.36.1",
      "resolved": "https://registry.npmjs.org/@aws-cdk/core/-/core-1.36.1.tgz",
      "integrity": "sha512-AcenHENAMJGwHrPYFqBkQyofqzHpzA3iaJJuW9OUVmvZaVYASIpzRB8zlwnJXSfTSF73bDTcF1nm25Eq2CY2IQ==",
      "requires": {
        "@aws-cdk/cloud-assembly-schema": "1.36.1",
        "@aws-cdk/cx-api": "1.36.1",
        "constructs": "^3.0.2"
      }
    },
    "@aws-cdk/custom-resources": {
      "version": "1.36.1",
      "resolved": "https://registry.npmjs.org/@aws-cdk/custom-resources/-/custom-resources-1.36.1.tgz",
      "integrity": "sha512-FGLg/L7ydmqlhido152rDopIlVZgW//jBcjMbUno0NwJjuQTyIF3WBDxQ7opHlIu5s/bnyaRw7/JGnsmNwr93w==",
      "requires": {
        "@aws-cdk/aws-cloudformation": "1.36.1",
        "@aws-cdk/aws-iam": "1.36.1",
        "@aws-cdk/aws-lambda": "1.36.1",
        "@aws-cdk/aws-logs": "1.36.1",
        "@aws-cdk/aws-sns": "1.36.1",
        "@aws-cdk/core": "1.36.1",
        "constructs": "^3.0.2"
      }
    },
    "@aws-cdk/cx-api": {
      "version": "1.36.1",
      "resolved": "https://registry.npmjs.org/@aws-cdk/cx-api/-/cx-api-1.36.1.tgz",
      "integrity": "sha512-iaKbZZsnnRB4tpx+K962w8r5R/Nl8qQd0C79OacFT7i2CnD2rdgQce1rveKQYxgkx/z7EkSLX++tH5QeAEnAfA==",
      "requires": {
        "@aws-cdk/cloud-assembly-schema": "1.36.1",
        "semver": "^7.2.2"
      },
      "dependencies": {
        "semver": {
          "version": "7.3.2",
          "bundled": true
        }
      }
    },
    "@aws-cdk/region-info": {
      "version": "1.36.1",
      "resolved": "https://registry.npmjs.org/@aws-cdk/region-info/-/region-info-1.36.1.tgz",
      "integrity": "sha512-NcL6lvTl+Z8CUEc0JW1eW3i/aOiIEhi+CeaVRl+nxSu8pwSMmjnQE4DSXVRrVllV/u7wO5cSTEeXTh10Ihg6Hg=="
    },
    "aws-sdk": {
      "version": "2.667.0",
      "resolved": "https://registry.npmjs.org/aws-sdk/-/aws-sdk-2.667.0.tgz",
      "integrity": "sha512-CDeMyqblfGlj/xUSp1/G1b9Tb4LDTid5CYrBW9FyBqMg6JIiXkaEN3b4oK2VjS18Xv1eth5LJAbYNMxjfHfKjw==",
      "requires": {
        "buffer": "4.9.1",
        "events": "1.1.1",
        "ieee754": "1.1.13",
        "jmespath": "0.15.0",
        "querystring": "0.2.0",
        "sax": "1.2.1",
        "url": "0.10.3",
        "uuid": "3.3.2",
        "xml2js": "0.4.19"
      }
    },
    "base64-js": {
      "version": "1.3.1",
      "resolved": "https://registry.npmjs.org/base64-js/-/base64-js-1.3.1.tgz",
      "integrity": "sha512-mLQ4i2QO1ytvGWFWmcngKO//JXAQueZvwEKtjgQFM4jIK0kU+ytMfplL8j+n5mspOfjHwoAg+9yhb7BwAHm36g=="
    },
    "buffer": {
      "version": "4.9.1",
      "resolved": "https://registry.npmjs.org/buffer/-/buffer-4.9.1.tgz",
      "integrity": "sha1-bRu2AbB6TvztlwlBMgkwJ8lbwpg=",
      "requires": {
        "base64-js": "^1.0.2",
        "ieee754": "^1.1.4",
        "isarray": "^1.0.0"
      }
    },
    "constructs": {
      "version": "3.0.2",
      "resolved": "https://registry.npmjs.org/constructs/-/constructs-3.0.2.tgz",
      "integrity": "sha512-Q4SkOFaRH2D65kvcGrDZ/FgJwk59HwUohbdCbeIueas+8RJhd9N4j6QgvHnMfTOmQWDPXCn1IGwteTLC0OK1NA=="
    },
    "events": {
      "version": "1.1.1",
      "resolved": "https://registry.npmjs.org/events/-/events-1.1.1.tgz",
      "integrity": "sha1-nr23Y1rQmccNzEwqH1AEKI6L2SQ="
    },
    "ieee754": {
      "version": "1.1.13",
      "resolved": "https://registry.npmjs.org/ieee754/-/ieee754-1.1.13.tgz",
      "integrity": "sha512-4vf7I2LYV/HaWerSo3XmlMkp5eZ83i+/CDluXi/IGTs/O1sejBNhTtnxzmRZfvOUqj7lZjqHkeTvpgSFDlWZTg=="
    },
    "isarray": {
      "version": "1.0.0",
      "resolved": "https://registry.npmjs.org/isarray/-/isarray-1.0.0.tgz",
      "integrity": "sha1-u5NdSFgsuhaMBoNJV6VKPgcSTxE="
    },
    "jmespath": {
      "version": "0.15.0",
      "resolved": "https://registry.npmjs.org/jmespath/-/jmespath-0.15.0.tgz",
      "integrity": "sha1-o/Iiqarp+Wb10nx5ZRDigJF2Qhc="
    },
    "punycode": {
      "version": "1.3.2",
      "resolved": "https://registry.npmjs.org/punycode/-/punycode-1.3.2.tgz",
      "integrity": "sha1-llOgNvt8HuQjQvIyXM7v6jkmxI0="
    },
    "querystring": {
      "version": "0.2.0",
      "resolved": "https://registry.npmjs.org/querystring/-/querystring-0.2.0.tgz",
      "integrity": "sha1-sgmEkgO7Jd+CDadW50cAWHhSFiA="
    },
    "sax": {
      "version": "1.2.1",
      "resolved": "https://registry.npmjs.org/sax/-/sax-1.2.1.tgz",
      "integrity": "sha1-e45lYZCyKOgaZq6nSEgNgozS03o="
    },
    "url": {
      "version": "0.10.3",
      "resolved": "https://registry.npmjs.org/url/-/url-0.10.3.tgz",
      "integrity": "sha1-Ah5NnHcF8hu/N9A861h2dAJ3TGQ=",
      "requires": {
        "punycode": "1.3.2",
        "querystring": "0.2.0"
      }
    },
    "uuid": {
      "version": "3.3.2",
      "resolved": "https://registry.npmjs.org/uuid/-/uuid-3.3.2.tgz",
      "integrity": "sha512-yXJmeNaw3DnnKAOKJE51sL/ZaYfWJRl1pK9dr19YFCu0ObS231AB1/LbqTKRAQ5kw8A90rA6fr4riOUpTZvQZA=="
    },
    "xml2js": {
      "version": "0.4.19",
      "resolved": "https://registry.npmjs.org/xml2js/-/xml2js-0.4.19.tgz",
      "integrity": "sha512-esZnJZJOiJR9wWKMyuvSE1y6Dq5LCuJanqhxslH2bxM6duahNZ+HMpCLhBQGZkbX6xRf8x1Y2eJlgt2q3qo49Q==",
      "requires": {
        "sax": ">=0.6.0",
        "xmlbuilder": "~9.0.1"
      }
    },
    "xmlbuilder": {
      "version": "9.0.7",
      "resolved": "https://registry.npmjs.org/xmlbuilder/-/xmlbuilder-9.0.7.tgz",
      "integrity": "sha1-Ey7mPS7FVlxVfiD0wi35rKaGsQ0="
    }
  }
}
