{
  "name": "docker-lambda-cdk",
  "version": "0.1.0",
  "lockfileVersion": 1,
  "requires": true,
  "dependencies": {
    "@aws-cdk/cloud-assembly-schema": {
      "version": "1.77.0",
      "resolved": "https://registry.npmjs.org/@aws-cdk/cloud-assembly-schema/-/cloud-assembly-schema-1.77.0.tgz",
      "integrity": "sha512-Kf3rf+XysVYPlEbxKxY61F77OyG3/s4ijwyUkNwFJh8dvN1JJ9U+wir0tdMrOYIf4oPC99wEoDK3aPkTqQ6HdQ==",
      "requires": {
        "jsonschema": "^1.4.0",
        "semver": "^7.3.2"
      },
      "dependencies": {
        "jsonschema": {
          "version": "1.4.0",
          "bundled": true
        },
        "semver": {
          "version": "7.3.2",
          "bundled": true
        }
      }
    },
    "@aws-cdk/core": {
      "version": "1.77.0",
      "resolved": "https://registry.npmjs.org/@aws-cdk/core/-/core-1.77.0.tgz",
      "integrity": "sha512-kMDXIOhWyYHskrmhWBOXqoNpCfB1tx/+MGOYpSeT5YLG6/ekcRv1Y9wgY4sLvGkiiOp9qMXEfwJ0sDIjtvqy3Q==",
      "requires": {
        "@aws-cdk/cloud-assembly-schema": "1.77.0",
        "@aws-cdk/cx-api": "1.77.0",
        "@aws-cdk/region-info": "1.77.0",
        "@balena/dockerignore": "^1.0.2",
        "constructs": "^3.2.0",
        "fs-extra": "^9.0.1",
        "ignore": "^5.1.8",
        "minimatch": "^3.0.4"
      },
      "dependencies": {
        "@balena/dockerignore": {
          "version": "1.0.2",
          "bundled": true
        },
        "at-least-node": {
          "version": "1.0.0",
          "bundled": true
        },
        "balanced-match": {
          "version": "1.0.0",
          "bundled": true
        },
        "brace-expansion": {
          "version": "1.1.11",
          "bundled": true,
          "requires": {
            "balanced-match": "^1.0.0",
            "concat-map": "0.0.1"
          }
        },
        "concat-map": {
          "version": "0.0.1",
          "bundled": true
        },
        "fs-extra": {
          "version": "9.0.1",
          "bundled": true,
          "requires": {
            "at-least-node": "^1.0.0",
            "graceful-fs": "^4.2.0",
            "jsonfile": "^6.0.1",
            "universalify": "^1.0.0"
          }
        },
        "graceful-fs": {
          "version": "4.2.4",
          "bundled": true
        },
        "ignore": {
          "version": "5.1.8",
          "bundled": true
        },
        "jsonfile": {
          "version": "6.1.0",
          "bundled": true,
          "requires": {
            "graceful-fs": "^4.1.6",
            "universalify": "^2.0.0"
          },
          "dependencies": {
            "universalify": {
              "version": "2.0.0",
              "bundled": true
            }
          }
        },
        "minimatch": {
          "version": "3.0.4",
          "bundled": true,
          "requires": {
            "brace-expansion": "^1.1.7"
          }
        },
        "universalify": {
          "version": "1.0.0",
          "bundled": true
        }
      }
    },
    "@aws-cdk/cx-api": {
      "version": "1.77.0",
      "resolved": "https://registry.npmjs.org/@aws-cdk/cx-api/-/cx-api-1.77.0.tgz",
      "integrity": "sha512-ZmXUIFzMn+oeWhKoojrfS8JDkUQru/rOySjoEffZ0Ww1s2pu7ra08kqvbC9gsYM32KK15nEDGUuOraE2z5AVyw==",
      "requires": {
        "@aws-cdk/cloud-assembly-schema": "1.77.0",
        "semver": "^7.3.2"
      },
      "dependencies": {
        "semver": {
          "version": "7.3.2",
          "bundled": true
        }
      }
    },
    "@aws-cdk/region-info": {
      "version": "1.77.0",
      "resolved": "https://registry.npmjs.org/@aws-cdk/region-info/-/region-info-1.77.0.tgz",
      "integrity": "sha512-PInzmaD5brRMfC2tmOYblc+9Ogh/lftW2kKTIzb3nwOJDnr4F0gKz1q48uj6+VtFBFkjYGG43eU3ItWHiI3v0g=="
    },
    "constructs": {
      "version": "3.2.62",
      "resolved": "https://registry.npmjs.org/constructs/-/constructs-3.2.62.tgz",
      "integrity": "sha512-3kIIetsMGwOx9KNzckWVIlJ4bOBdT05fCz1JJTfXj9mwmqkNBENaQeN2LdX4+q4DXp+Z6Aox5ylnbrm5oG84Dw=="
    }
  }
}
