{
  "name": "s3-event-cdk",
  "version": "0.1.0",
  "lockfileVersion": 1,
  "requires": true,
  "dependencies": {
    "@aws-cdk/cdk-assets-schema": {
      "version": "1.44.0",
      "resolved": "https://registry.npmjs.org/@aws-cdk/cdk-assets-schema/-/cdk-assets-schema-1.44.0.tgz",
      "integrity": "sha512-FeII0+Avnin3xemZR56gcsqbOosWdQ7i3L8C+JuZRPgCNMc8uvsH7rB6QditTbw6l43rGMLnlEbtHVobPVRnKg==",
      "requires": {
        "semver": "^7.2.2"
      },
      "dependencies": {
        "semver": {
          "version": "7.3.2",
          "bundled": true
        }
      }
    },
    "@aws-cdk/cloud-assembly-schema": {
      "version": "1.44.0",
      "resolved": "https://registry.npmjs.org/@aws-cdk/cloud-assembly-schema/-/cloud-assembly-schema-1.44.0.tgz",
      "integrity": "sha512-n/jln7teKE7o5ZYJ6o6+Jix4nRluC3hNFt+KYzEuVYOAkL0Mwoj92FpJnHkqU5jh0vw6K3OAd5Bq8+fICzEgaQ==",
      "requires": {
        "jsonschema": "^1.2.5",
        "semver": "^7.2.2"
      },
      "dependencies": {
        "jsonschema": {
          "version": "1.2.6",
          "bundled": true
        },
        "semver": {
          "version": "7.3.2",
          "bundled": true
        }
      }
    },
    "@aws-cdk/core": {
      "version": "1.44.0",
      "resolved": "https://registry.npmjs.org/@aws-cdk/core/-/core-1.44.0.tgz",
      "integrity": "sha512-WcPqONrexqgu+s7T5fStq4001x9hwNsua/cNaByPILszAyLUq4m262qhbZsPozRmhpuJaTO6HK1/wiUzkGaAoA==",
      "requires": {
        "@aws-cdk/cdk-assets-schema": "1.44.0",
        "@aws-cdk/cloud-assembly-schema": "1.44.0",
        "@aws-cdk/cx-api": "1.44.0",
        "constructs": "^3.0.2",
        "minimatch": "^3.0.4"
      },
      "dependencies": {
        "balanced-match": {
          "version": "1.0.0",
          "bundled": true
        },
        "brace-expansion": {
          "version": "1.1.11",
          "bundled": true,
          "requires": {
            "balanced-match": "^1.0.0",
            "concat-map": "0.0.1"
          }
        },
        "concat-map": {
          "version": "0.0.1",
          "bundled": true
        },
        "minimatch": {
          "version": "3.0.4",
          "bundled": true,
          "requires": {
            "brace-expansion": "^1.1.7"
          }
        }
      }
    },
    "@aws-cdk/cx-api": {
      "version": "1.44.0",
      "resolved": "https://registry.npmjs.org/@aws-cdk/cx-api/-/cx-api-1.44.0.tgz",
      "integrity": "sha512-o2g14a/sEcpiR+SWs+5rjTrpVzeqcuyYrnpoPmx8udtUe3k7sFo+o2t6FfYcShAuL2/KfeXaw2nUxUCCT8NFdQ==",
      "requires": {
        "@aws-cdk/cloud-assembly-schema": "1.44.0",
        "semver": "^7.2.2"
      },
      "dependencies": {
        "semver": {
          "version": "7.3.2",
          "bundled": true
        }
      }
    },
    "constructs": {
      "version": "3.0.3",
      "resolved": "https://registry.npmjs.org/constructs/-/constructs-3.0.3.tgz",
      "integrity": "sha512-JrYLpTlz92Un1jxkwoGiOiGoDjzIWtxo64sLC5FD4mQN1H9mAqZNvgxWYWaJIiWUXNkl5L5sO3GFf6peTj7UMQ=="
    }
  }
}
