{
  "name": "lambda-exception-example",
  "version": "0.1.0",
  "lockfileVersion": 2,
  "requires": true,
  "packages": {
    "": {
      "version": "0.1.0",
      "dependencies": {
        "@aws-cdk/core": "1.116.0"
      }
    },
    "node_modules/@aws-cdk/cloud-assembly-schema": {
      "version": "1.116.0",
      "resolved": "https://registry.npmjs.org/@aws-cdk/cloud-assembly-schema/-/cloud-assembly-schema-1.116.0.tgz",
      "integrity": "sha512-mQKPHPf5S3cZGyGgUOiZjSWwHrFdHBXmZpE2Udr9XeCsBWbMhQaK3wpfliVxu9qucLXswecWWz2hfF+DtU5JAg==",
      "bundleDependencies": [
        "jsonschema",
        "semver"
      ],
      "dependencies": {
        "jsonschema": "^1.4.0",
        "semver": "^7.3.5"
      },
      "engines": {
        "node": ">= 10.13.0 <13 || >=13.7.0"
      }
    },
    "node_modules/@aws-cdk/cloud-assembly-schema/node_modules/jsonschema": {
      "version": "1.4.0",
      "inBundle": true,
      "license": "MIT",
      "engines": {
        "node": "*"
      }
    },
    "node_modules/@aws-cdk/cloud-assembly-schema/node_modules/lru-cache": {
      "version": "6.0.0",
      "inBundle": true,
      "license": "ISC",
      "dependencies": {
        "yallist": "^4.0.0"
      },
      "engines": {
        "node": ">=10"
      }
    },
    "node_modules/@aws-cdk/cloud-assembly-schema/node_modules/semver": {
      "version": "7.3.5",
      "inBundle": true,
      "license": "ISC",
      "dependencies": {
        "lru-cache": "^6.0.0"
      },
      "bin": {
        "semver": "bin/semver.js"
      },
      "engines": {
        "node": ">=10"
      }
    },
    "node_modules/@aws-cdk/cloud-assembly-schema/node_modules/yallist": {
      "version": "4.0.0",
      "inBundle": true,
      "license": "ISC"
    },
    "node_modules/@aws-cdk/core": {
      "version": "1.116.0",
      "resolved": "https://registry.npmjs.org/@aws-cdk/core/-/core-1.116.0.tgz",
      "integrity": "sha512-uHj5xJLEqGbOX15ZZL9ib8/PVb31b4oySDlyG3/3Q8ffwN5dGSnt9Fg6UgWIC3xVhRMoCbKqKjKlMVAwmtB6Ow==",
      "bundleDependencies": [
        "fs-extra",
        "minimatch",
        "@balena/dockerignore",
        "ignore"
      ],
      "dependencies": {
        "@aws-cdk/cloud-assembly-schema": "1.116.0",
        "@aws-cdk/cx-api": "1.116.0",
        "@aws-cdk/region-info": "1.116.0",
        "@balena/dockerignore": "^1.0.2",
        "constructs": "^3.3.69",
        "fs-extra": "^9.1.0",
        "ignore": "^5.1.8",
        "minimatch": "^3.0.4"
      },
      "engines": {
        "node": ">= 10.13.0 <13 || >=13.7.0"
      },
      "peerDependencies": {
        "@aws-cdk/cloud-assembly-schema": "1.116.0",
        "@aws-cdk/cx-api": "1.116.0",
        "@aws-cdk/region-info": "1.116.0",
        "constructs": "^3.3.69"
      }
    },
    "node_modules/@aws-cdk/core/node_modules/@balena/dockerignore": {
      "version": "1.0.2",
      "inBundle": true,
      "license": "Apache-2.0"
    },
    "node_modules/@aws-cdk/core/node_modules/at-least-node": {
      "version": "1.0.0",
      "inBundle": true,
      "license": "ISC",
      "engines": {
        "node": ">= 4.0.0"
      }
    },
    "node_modules/@aws-cdk/core/node_modules/balanced-match": {
      "version": "1.0.2",
      "inBundle": true,
      "license": "MIT"
    },
    "node_modules/@aws-cdk/core/node_modules/brace-expansion": {
      "version": "1.1.11",
      "inBundle": true,
      "license": "MIT",
      "dependencies": {
        "balanced-match": "^1.0.0",
        "concat-map": "0.0.1"
      }
    },
    "node_modules/@aws-cdk/core/node_modules/concat-map": {
      "version": "0.0.1",
      "inBundle": true,
      "license": "MIT"
    },
    "node_modules/@aws-cdk/core/node_modules/fs-extra": {
      "version": "9.1.0",
      "inBundle": true,
      "license": "MIT",
      "dependencies": {
        "at-least-node": "^1.0.0",
        "graceful-fs": "^4.2.0",
        "jsonfile": "^6.0.1",
        "universalify": "^2.0.0"
      },
      "engines": {
        "node": ">=10"
      }
    },
    "node_modules/@aws-cdk/core/node_modules/graceful-fs": {
      "version": "4.2.6",
      "inBundle": true,
      "license": "ISC"
    },
    "node_modules/@aws-cdk/core/node_modules/ignore": {
      "version": "5.1.8",
      "inBundle": true,
      "license": "MIT",
      "engines": {
        "node": ">= 4"
      }
    },
    "node_modules/@aws-cdk/core/node_modules/jsonfile": {
      "version": "6.1.0",
      "inBundle": true,
      "license": "MIT",
      "dependencies": {
        "universalify": "^2.0.0"
      },
      "optionalDependencies": {
        "graceful-fs": "^4.1.6"
      }
    },
    "node_modules/@aws-cdk/core/node_modules/minimatch": {
      "version": "3.0.4",
      "inBundle": true,
      "license": "ISC",
      "dependencies": {
        "brace-expansion": "^1.1.7"
      },
      "engines": {
        "node": "*"
      }
    },
    "node_modules/@aws-cdk/core/node_modules/universalify": {
      "version": "2.0.0",
      "inBundle": true,
      "license": "MIT",
      "engines": {
        "node": ">= 10.0.0"
      }
    },
    "node_modules/@aws-cdk/cx-api": {
      "version": "1.116.0",
      "resolved": "https://registry.npmjs.org/@aws-cdk/cx-api/-/cx-api-1.116.0.tgz",
      "integrity": "sha512-nuYaZsqqSOShZCjgdajUoYJpsB9Cur0XKGrl4HpyHN42285Ht+0/J6jaWTxbpP/D3r5Aoc7QipcMJddEbwrIvw==",
      "bundleDependencies": [
        "semver"
      ],
      "dependencies": {
        "@aws-cdk/cloud-assembly-schema": "1.116.0",
        "semver": "^7.3.5"
      },
      "engines": {
        "node": ">= 10.13.0 <13 || >=13.7.0"
      },
      "peerDependencies": {
        "@aws-cdk/cloud-assembly-schema": "1.116.0"
      }
    },
    "node_modules/@aws-cdk/cx-api/node_modules/lru-cache": {
      "version": "6.0.0",
      "inBundle": true,
      "license": "ISC",
      "dependencies": {
        "yallist": "^4.0.0"
      },
      "engines": {
        "node": ">=10"
      }
    },
    "node_modules/@aws-cdk/cx-api/node_modules/semver": {
      "version": "7.3.5",
      "inBundle": true,
      "license": "ISC",
      "dependencies": {
        "lru-cache": "^6.0.0"
      },
      "bin": {
        "semver": "bin/semver.js"
      },
      "engines": {
        "node": ">=10"
      }
    },
    "node_modules/@aws-cdk/cx-api/node_modules/yallist": {
      "version": "4.0.0",
      "inBundle": true,
      "license": "ISC"
    },
    "node_modules/@aws-cdk/region-info": {
      "version": "1.116.0",
      "resolved": "https://registry.npmjs.org/@aws-cdk/region-info/-/region-info-1.116.0.tgz",
      "integrity": "sha512-xBxCBXmvNqxWHlZ+kfJb9V2Etqg4F9JfbZUYZRGB9zRTeW5cm9AG6zgXxHVzR3aWreR1pfLDkC/ipiQynvelLQ==",
      "engines": {
        "node": ">= 10.13.0 <13 || >=13.7.0"
      }
    },
    "node_modules/constructs": {
      "version": "3.3.113",
      "resolved": "https://registry.npmjs.org/constructs/-/constructs-3.3.113.tgz",
      "integrity": "sha512-dy8Nhvihh+rmCr9+Z6omfaaknVwFUIUOkC5zKLc/CyNoVXNc8yvQC6395fQ/t25u42cFGTXedxBkTUx1dwf4uQ==",
      "engines": {
        "node": ">= 10.17.0"
      }
    }
  },
  "dependencies": {
    "@aws-cdk/cloud-assembly-schema": {
      "version": "1.116.0",
      "resolved": "https://registry.npmjs.org/@aws-cdk/cloud-assembly-schema/-/cloud-assembly-schema-1.116.0.tgz",
      "integrity": "sha512-mQKPHPf5S3cZGyGgUOiZjSWwHrFdHBXmZpE2Udr9XeCsBWbMhQaK3wpfliVxu9qucLXswecWWz2hfF+DtU5JAg==",
      "requires": {
        "jsonschema": "^1.4.0",
        "semver": "^7.3.5"
      },
      "dependencies": {
        "jsonschema": {
          "version": "1.4.0",
          "bundled": true
        },
        "lru-cache": {
          "version": "6.0.0",
          "bundled": true,
          "requires": {
            "yallist": "^4.0.0"
          }
        },
        "semver": {
          "version": "7.3.5",
          "bundled": true,
          "requires": {
            "lru-cache": "^6.0.0"
          }
        },
        "yallist": {
          "version": "4.0.0",
          "bundled": true
        }
      }
    },
    "@aws-cdk/core": {
      "version": "1.116.0",
      "resolved": "https://registry.npmjs.org/@aws-cdk/core/-/core-1.116.0.tgz",
      "integrity": "sha512-uHj5xJLEqGbOX15ZZL9ib8/PVb31b4oySDlyG3/3Q8ffwN5dGSnt9Fg6UgWIC3xVhRMoCbKqKjKlMVAwmtB6Ow==",
      "requires": {
        "@aws-cdk/cloud-assembly-schema": "1.116.0",
        "@aws-cdk/cx-api": "1.116.0",
        "@aws-cdk/region-info": "1.116.0",
        "@balena/dockerignore": "^1.0.2",
        "constructs": "^3.3.69",
        "fs-extra": "^9.1.0",
        "ignore": "^5.1.8",
        "minimatch": "^3.0.4"
      },
      "dependencies": {
        "@balena/dockerignore": {
          "version": "1.0.2",
          "bundled": true
        },
        "at-least-node": {
          "version": "1.0.0",
          "bundled": true
        },
        "balanced-match": {
          "version": "1.0.2",
          "bundled": true
        },
        "brace-expansion": {
          "version": "1.1.11",
          "bundled": true,
          "requires": {
            "balanced-match": "^1.0.0",
            "concat-map": "0.0.1"
          }
        },
        "concat-map": {
          "version": "0.0.1",
          "bundled": true
        },
        "fs-extra": {
          "version": "9.1.0",
          "bundled": true,
          "requires": {
            "at-least-node": "^1.0.0",
            "graceful-fs": "^4.2.0",
            "jsonfile": "^6.0.1",
            "universalify": "^2.0.0"
          }
        },
        "graceful-fs": {
          "version": "4.2.6",
          "bundled": true
        },
        "ignore": {
          "version": "5.1.8",
          "bundled": true
        },
        "jsonfile": {
          "version": "6.1.0",
          "bundled": true,
          "requires": {
            "graceful-fs": "^4.1.6",
            "universalify": "^2.0.0"
          }
        },
        "minimatch": {
          "version": "3.0.4",
          "bundled": true,
          "requires": {
            "brace-expansion": "^1.1.7"
          }
        },
        "universalify": {
          "version": "2.0.0",
          "bundled": true
        }
      }
    },
    "@aws-cdk/cx-api": {
      "version": "1.116.0",
      "resolved": "https://registry.npmjs.org/@aws-cdk/cx-api/-/cx-api-1.116.0.tgz",
      "integrity": "sha512-nuYaZsqqSOShZCjgdajUoYJpsB9Cur0XKGrl4HpyHN42285Ht+0/J6jaWTxbpP/D3r5Aoc7QipcMJddEbwrIvw==",
      "requires": {
        "@aws-cdk/cloud-assembly-schema": "1.116.0",
        "semver": "^7.3.5"
      },
      "dependencies": {
        "lru-cache": {
          "version": "6.0.0",
          "bundled": true,
          "requires": {
            "yallist": "^4.0.0"
          }
        },
        "semver": {
          "version": "7.3.5",
          "bundled": true,
          "requires": {
            "lru-cache": "^6.0.0"
          }
        },
        "yallist": {
          "version": "4.0.0",
          "bundled": true
        }
      }
    },
    "@aws-cdk/region-info": {
      "version": "1.116.0",
      "resolved": "https://registry.npmjs.org/@aws-cdk/region-info/-/region-info-1.116.0.tgz",
      "integrity": "sha512-xBxCBXmvNqxWHlZ+kfJb9V2Etqg4F9JfbZUYZRGB9zRTeW5cm9AG6zgXxHVzR3aWreR1pfLDkC/ipiQynvelLQ=="
    },
    "constructs": {
      "version": "3.3.113",
      "resolved": "https://registry.npmjs.org/constructs/-/constructs-3.3.113.tgz",
      "integrity": "sha512-dy8Nhvihh+rmCr9+Z6omfaaknVwFUIUOkC5zKLc/CyNoVXNc8yvQC6395fQ/t25u42cFGTXedxBkTUx1dwf4uQ=="
    }
  }
}
