{
  "name": "rds-postgres-cdk",
  "version": "0.1.0",
  "lockfileVersion": 2,
  "requires": true,
  "packages": {
    "": {
      "name": "rds-postgres-cdk",
      "version": "0.1.0",
      "dependencies": {
        "@aws-cdk/aws-ec2": "^1.129.0",
        "@aws-cdk/aws-rds": "^1.129.0",
        "@aws-cdk/core": "1.129.0"
      }
    },
    "node_modules/@aws-cdk/assets": {
      "version": "1.129.0",
      "resolved": "https://registry.npmjs.org/@aws-cdk/assets/-/assets-1.129.0.tgz",
      "integrity": "sha512-4WwTTTLl/phl69HBcP1oOVOLEn9oR3Tc3E0V8aabsjERaVF47CidnZZWcRPnxC40XJVc8CucKLlALsTPnZecFA==",
      "dependencies": {
        "@aws-cdk/core": "1.129.0",
        "@aws-cdk/cx-api": "1.129.0",
        "constructs": "^3.3.69"
      },
      "engines": {
        "node": ">= 10.13.0 <13 || >=13.7.0"
      },
      "peerDependencies": {
        "@aws-cdk/core": "1.129.0",
        "@aws-cdk/cx-api": "1.129.0",
        "constructs": "^3.3.69"
      }
    },
    "node_modules/@aws-cdk/aws-applicationautoscaling": {
      "version": "1.129.0",
      "resolved": "https://registry.npmjs.org/@aws-cdk/aws-applicationautoscaling/-/aws-applicationautoscaling-1.129.0.tgz",
      "integrity": "sha512-YhKgkDRRtT4aMONUVaL97te/K2MkCvCrGNPQzBYJn9WlX/eshlBrlZ1i4eY5DtrXW3mxwT42ynC6Mqq4EfiC7g==",
      "dependencies": {
        "@aws-cdk/aws-autoscaling-common": "1.129.0",
        "@aws-cdk/aws-cloudwatch": "1.129.0",
        "@aws-cdk/aws-iam": "1.129.0",
        "@aws-cdk/core": "1.129.0",
        "constructs": "^3.3.69"
      },
      "engines": {
        "node": ">= 10.13.0 <13 || >=13.7.0"
      },
      "peerDependencies": {
        "@aws-cdk/aws-autoscaling-common": "1.129.0",
        "@aws-cdk/aws-cloudwatch": "1.129.0",
        "@aws-cdk/aws-iam": "1.129.0",
        "@aws-cdk/core": "1.129.0",
        "constructs": "^3.3.69"
      }
    },
    "node_modules/@aws-cdk/aws-autoscaling-common": {
      "version": "1.129.0",
      "resolved": "https://registry.npmjs.org/@aws-cdk/aws-autoscaling-common/-/aws-autoscaling-common-1.129.0.tgz",
      "integrity": "sha512-KaCkT7j7vzW8UByZouJ3iU2VZul4BBx8PmptM+OeghNB9fZuwPohT5p2ZP9N9PJEA9k1T2JJshUFgjQcclofdQ==",
      "dependencies": {
        "@aws-cdk/aws-iam": "1.129.0",
        "@aws-cdk/core": "1.129.0",
        "constructs": "^3.3.69"
      },
      "engines": {
        "node": ">= 10.13.0 <13 || >=13.7.0"
      },
      "peerDependencies": {
        "@aws-cdk/aws-iam": "1.129.0",
        "@aws-cdk/core": "1.129.0",
        "constructs": "^3.3.69"
      }
    },
    "node_modules/@aws-cdk/aws-cloudwatch": {
      "version": "1.129.0",
      "resolved": "https://registry.npmjs.org/@aws-cdk/aws-cloudwatch/-/aws-cloudwatch-1.129.0.tgz",
      "integrity": "sha512-b5ZLfkbhMe6U36ESucV/4Eja5YIKShrVrSviDozsVFCK1TXAyEvcLCOqx+Uq3JCryytmAYhg/iAf70M+q5mKDQ==",
      "dependencies": {
        "@aws-cdk/aws-iam": "1.129.0",
        "@aws-cdk/core": "1.129.0",
        "constructs": "^3.3.69"
      },
      "engines": {
        "node": ">= 10.13.0 <13 || >=13.7.0"
      },
      "peerDependencies": {
        "@aws-cdk/aws-iam": "1.129.0",
        "@aws-cdk/core": "1.129.0",
        "constructs": "^3.3.69"
      }
    },
    "node_modules/@aws-cdk/aws-codeguruprofiler": {
      "version": "1.129.0",
      "resolved": "https://registry.npmjs.org/@aws-cdk/aws-codeguruprofiler/-/aws-codeguruprofiler-1.129.0.tgz",
      "integrity": "sha512-G8ngfNI3UgmM7YRrbqrsd+mQ3F5w9meclDTOW23oNZlGHNsoPhp/vLcL1iyYrWZh9NLE3eMdJmGlZLgQfA/U9A==",
      "dependencies": {
        "@aws-cdk/aws-iam": "1.129.0",
        "@aws-cdk/core": "1.129.0",
        "constructs": "^3.3.69"
      },
      "engines": {
        "node": ">= 10.13.0 <13 || >=13.7.0"
      },
      "peerDependencies": {
        "@aws-cdk/aws-iam": "1.129.0",
        "@aws-cdk/core": "1.129.0",
        "constructs": "^3.3.69"
      }
    },
    "node_modules/@aws-cdk/aws-ec2": {
      "version": "1.129.0",
      "resolved": "https://registry.npmjs.org/@aws-cdk/aws-ec2/-/aws-ec2-1.129.0.tgz",
      "integrity": "sha512-7yLLW4ubbxWOYc+Dwd/Rc6OYNU07DMqgXnWChNjqoQ6dzKo4M8N52OGqVl06Eq7gqtCM+DOVQv3uID/y1Ym/1A==",
      "dependencies": {
        "@aws-cdk/aws-cloudwatch": "1.129.0",
        "@aws-cdk/aws-iam": "1.129.0",
        "@aws-cdk/aws-kms": "1.129.0",
        "@aws-cdk/aws-logs": "1.129.0",
        "@aws-cdk/aws-s3": "1.129.0",
        "@aws-cdk/aws-s3-assets": "1.129.0",
        "@aws-cdk/aws-ssm": "1.129.0",
        "@aws-cdk/cloud-assembly-schema": "1.129.0",
        "@aws-cdk/core": "1.129.0",
        "@aws-cdk/cx-api": "1.129.0",
        "@aws-cdk/region-info": "1.129.0",
        "constructs": "^3.3.69"
      },
      "engines": {
        "node": ">= 10.13.0 <13 || >=13.7.0"
      },
      "peerDependencies": {
        "@aws-cdk/aws-cloudwatch": "1.129.0",
        "@aws-cdk/aws-iam": "1.129.0",
        "@aws-cdk/aws-kms": "1.129.0",
        "@aws-cdk/aws-logs": "1.129.0",
        "@aws-cdk/aws-s3": "1.129.0",
        "@aws-cdk/aws-s3-assets": "1.129.0",
        "@aws-cdk/aws-ssm": "1.129.0",
        "@aws-cdk/cloud-assembly-schema": "1.129.0",
        "@aws-cdk/core": "1.129.0",
        "@aws-cdk/cx-api": "1.129.0",
        "@aws-cdk/region-info": "1.129.0",
        "constructs": "^3.3.69"
      }
    },
    "node_modules/@aws-cdk/aws-ecr": {
      "version": "1.129.0",
      "resolved": "https://registry.npmjs.org/@aws-cdk/aws-ecr/-/aws-ecr-1.129.0.tgz",
      "integrity": "sha512-hUiYepHCmvC3u9XphsvZpo2ygiH7AczUOmDbE16kc9U+oPBV/pjfTkBWpkzOcapsU2pfBUm/kc2WMu1DEFU7OQ==",
      "dependencies": {
        "@aws-cdk/aws-events": "1.129.0",
        "@aws-cdk/aws-iam": "1.129.0",
        "@aws-cdk/core": "1.129.0",
        "constructs": "^3.3.69"
      },
      "engines": {
        "node": ">= 10.13.0 <13 || >=13.7.0"
      },
      "peerDependencies": {
        "@aws-cdk/aws-events": "1.129.0",
        "@aws-cdk/aws-iam": "1.129.0",
        "@aws-cdk/core": "1.129.0",
        "constructs": "^3.3.69"
      }
    },
    "node_modules/@aws-cdk/aws-ecr-assets": {
      "version": "1.129.0",
      "resolved": "https://registry.npmjs.org/@aws-cdk/aws-ecr-assets/-/aws-ecr-assets-1.129.0.tgz",
      "integrity": "sha512-ejw7e3Pj8IICZxnD8PbHzDUOSKoA9mMtyU+E5VhhgqP0trQQBfYrRm4IL90dPK6ZMepw63vqxaHjklhIAHx53g==",
      "bundleDependencies": [
        "minimatch"
      ],
      "dependencies": {
        "@aws-cdk/assets": "1.129.0",
        "@aws-cdk/aws-ecr": "1.129.0",
        "@aws-cdk/aws-iam": "1.129.0",
        "@aws-cdk/aws-s3": "1.129.0",
        "@aws-cdk/core": "1.129.0",
        "@aws-cdk/cx-api": "1.129.0",
        "constructs": "^3.3.69",
        "minimatch": "^3.0.4"
      },
      "engines": {
        "node": ">= 10.13.0 <13 || >=13.7.0"
      },
      "peerDependencies": {
        "@aws-cdk/assets": "1.129.0",
        "@aws-cdk/aws-ecr": "1.129.0",
        "@aws-cdk/aws-iam": "1.129.0",
        "@aws-cdk/aws-s3": "1.129.0",
        "@aws-cdk/core": "1.129.0",
        "@aws-cdk/cx-api": "1.129.0",
        "constructs": "^3.3.69"
      }
    },
    "node_modules/@aws-cdk/aws-ecr-assets/node_modules/balanced-match": {
      "version": "1.0.2",
      "inBundle": true,
      "license": "MIT"
    },
    "node_modules/@aws-cdk/aws-ecr-assets/node_modules/brace-expansion": {
      "version": "1.1.11",
      "inBundle": true,
      "license": "MIT",
      "dependencies": {
        "balanced-match": "^1.0.0",
        "concat-map": "0.0.1"
      }
    },
    "node_modules/@aws-cdk/aws-ecr-assets/node_modules/concat-map": {
      "version": "0.0.1",
      "inBundle": true,
      "license": "MIT"
    },
    "node_modules/@aws-cdk/aws-ecr-assets/node_modules/minimatch": {
      "version": "3.0.4",
      "inBundle": true,
      "license": "ISC",
      "dependencies": {
        "brace-expansion": "^1.1.7"
      },
      "engines": {
        "node": "*"
      }
    },
    "node_modules/@aws-cdk/aws-efs": {
      "version": "1.129.0",
      "resolved": "https://registry.npmjs.org/@aws-cdk/aws-efs/-/aws-efs-1.129.0.tgz",
      "integrity": "sha512-L0FxdInKOZQunUskJWT+fGbyUiBvu8IhSRwiWLEg+KjZhkI+vOUIvY57u1nb+U1Ig7rd6vUjKRIPPpqzErjBww==",
      "dependencies": {
        "@aws-cdk/aws-ec2": "1.129.0",
        "@aws-cdk/aws-iam": "1.129.0",
        "@aws-cdk/aws-kms": "1.129.0",
        "@aws-cdk/cloud-assembly-schema": "1.129.0",
        "@aws-cdk/core": "1.129.0",
        "@aws-cdk/cx-api": "1.129.0",
        "constructs": "^3.3.69"
      },
      "engines": {
        "node": ">= 10.13.0 <13 || >=13.7.0"
      },
      "peerDependencies": {
        "@aws-cdk/aws-ec2": "1.129.0",
        "@aws-cdk/aws-iam": "1.129.0",
        "@aws-cdk/aws-kms": "1.129.0",
        "@aws-cdk/cloud-assembly-schema": "1.129.0",
        "@aws-cdk/core": "1.129.0",
        "@aws-cdk/cx-api": "1.129.0",
        "constructs": "^3.3.69"
      }
    },
    "node_modules/@aws-cdk/aws-events": {
      "version": "1.129.0",
      "resolved": "https://registry.npmjs.org/@aws-cdk/aws-events/-/aws-events-1.129.0.tgz",
      "integrity": "sha512-q4+g4ugQV1maomOZ+HpQynBxw5NcMJGjIRHkfgxa4xl0/LQ4W5ReEHXz73gD5h7tSwCJUsVys9DpQG793R/CSA==",
      "dependencies": {
        "@aws-cdk/aws-iam": "1.129.0",
        "@aws-cdk/core": "1.129.0",
        "constructs": "^3.3.69"
      },
      "engines": {
        "node": ">= 10.13.0 <13 || >=13.7.0"
      },
      "peerDependencies": {
        "@aws-cdk/aws-iam": "1.129.0",
        "@aws-cdk/core": "1.129.0",
        "constructs": "^3.3.69"
      }
    },
    "node_modules/@aws-cdk/aws-iam": {
      "version": "1.129.0",
      "resolved": "https://registry.npmjs.org/@aws-cdk/aws-iam/-/aws-iam-1.129.0.tgz",
      "integrity": "sha512-SjLrFldOpPYogldJOtJROudcy3ttHaKu49u4cr6MYq3U9dbYmYfQTz2pkKGoAErN9jj2yIpuN5locNBmVzpIcA==",
      "dependencies": {
        "@aws-cdk/core": "1.129.0",
        "@aws-cdk/region-info": "1.129.0",
        "constructs": "^3.3.69"
      },
      "engines": {
        "node": ">= 10.13.0 <13 || >=13.7.0"
      },
      "peerDependencies": {
        "@aws-cdk/core": "1.129.0",
        "@aws-cdk/region-info": "1.129.0",
        "constructs": "^3.3.69"
      }
    },
    "node_modules/@aws-cdk/aws-kms": {
      "version": "1.129.0",
      "resolved": "https://registry.npmjs.org/@aws-cdk/aws-kms/-/aws-kms-1.129.0.tgz",
      "integrity": "sha512-rscNj7cikIAEtmW3W/5REmTotXvPsm6MtgRMHvd68m87wTbEezdwnx5lgbtqCDZ0pg+v699OsvMWT+kGtNoDXw==",
      "dependencies": {
        "@aws-cdk/aws-iam": "1.129.0",
        "@aws-cdk/cloud-assembly-schema": "1.129.0",
        "@aws-cdk/core": "1.129.0",
        "@aws-cdk/cx-api": "1.129.0",
        "constructs": "^3.3.69"
      },
      "engines": {
        "node": ">= 10.13.0 <13 || >=13.7.0"
      },
      "peerDependencies": {
        "@aws-cdk/aws-iam": "1.129.0",
        "@aws-cdk/cloud-assembly-schema": "1.129.0",
        "@aws-cdk/core": "1.129.0",
        "@aws-cdk/cx-api": "1.129.0",
        "constructs": "^3.3.69"
      }
    },
    "node_modules/@aws-cdk/aws-lambda": {
      "version": "1.129.0",
      "resolved": "https://registry.npmjs.org/@aws-cdk/aws-lambda/-/aws-lambda-1.129.0.tgz",
      "integrity": "sha512-h15c2QUF86fTAPDxobgqojcyyrOxWZjMTLVtwkxrhGlUC7l/989/W5QflILJgxCPq1x6716+6epY3eerUnbGZQ==",
      "dependencies": {
        "@aws-cdk/aws-applicationautoscaling": "1.129.0",
        "@aws-cdk/aws-cloudwatch": "1.129.0",
        "@aws-cdk/aws-codeguruprofiler": "1.129.0",
        "@aws-cdk/aws-ec2": "1.129.0",
        "@aws-cdk/aws-ecr": "1.129.0",
        "@aws-cdk/aws-ecr-assets": "1.129.0",
        "@aws-cdk/aws-efs": "1.129.0",
        "@aws-cdk/aws-events": "1.129.0",
        "@aws-cdk/aws-iam": "1.129.0",
        "@aws-cdk/aws-kms": "1.129.0",
        "@aws-cdk/aws-logs": "1.129.0",
        "@aws-cdk/aws-s3": "1.129.0",
        "@aws-cdk/aws-s3-assets": "1.129.0",
        "@aws-cdk/aws-signer": "1.129.0",
        "@aws-cdk/aws-sqs": "1.129.0",
        "@aws-cdk/core": "1.129.0",
        "@aws-cdk/cx-api": "1.129.0",
        "@aws-cdk/region-info": "1.129.0",
        "constructs": "^3.3.69"
      },
      "engines": {
        "node": ">= 10.13.0 <13 || >=13.7.0"
      },
      "peerDependencies": {
        "@aws-cdk/aws-applicationautoscaling": "1.129.0",
        "@aws-cdk/aws-cloudwatch": "1.129.0",
        "@aws-cdk/aws-codeguruprofiler": "1.129.0",
        "@aws-cdk/aws-ec2": "1.129.0",
        "@aws-cdk/aws-ecr": "1.129.0",
        "@aws-cdk/aws-ecr-assets": "1.129.0",
        "@aws-cdk/aws-efs": "1.129.0",
        "@aws-cdk/aws-events": "1.129.0",
        "@aws-cdk/aws-iam": "1.129.0",
        "@aws-cdk/aws-kms": "1.129.0",
        "@aws-cdk/aws-logs": "1.129.0",
        "@aws-cdk/aws-s3": "1.129.0",
        "@aws-cdk/aws-s3-assets": "1.129.0",
        "@aws-cdk/aws-signer": "1.129.0",
        "@aws-cdk/aws-sqs": "1.129.0",
        "@aws-cdk/core": "1.129.0",
        "@aws-cdk/cx-api": "1.129.0",
        "@aws-cdk/region-info": "1.129.0",
        "constructs": "^3.3.69"
      }
    },
    "node_modules/@aws-cdk/aws-logs": {
      "version": "1.129.0",
      "resolved": "https://registry.npmjs.org/@aws-cdk/aws-logs/-/aws-logs-1.129.0.tgz",
      "integrity": "sha512-E/N9Aj1Xxz6y0r48g1v4BrRK/uhtRjN1poc6xCN+GzIPXrSuiEDV71N9ShqpH38LtapJQSGCq3ou2lvjX7hH0g==",
      "dependencies": {
        "@aws-cdk/aws-cloudwatch": "1.129.0",
        "@aws-cdk/aws-iam": "1.129.0",
        "@aws-cdk/aws-kms": "1.129.0",
        "@aws-cdk/aws-s3-assets": "1.129.0",
        "@aws-cdk/core": "1.129.0",
        "constructs": "^3.3.69"
      },
      "engines": {
        "node": ">= 10.13.0 <13 || >=13.7.0"
      },
      "peerDependencies": {
        "@aws-cdk/aws-cloudwatch": "1.129.0",
        "@aws-cdk/aws-iam": "1.129.0",
        "@aws-cdk/aws-kms": "1.129.0",
        "@aws-cdk/aws-s3-assets": "1.129.0",
        "@aws-cdk/core": "1.129.0",
        "constructs": "^3.3.69"
      }
    },
    "node_modules/@aws-cdk/aws-rds": {
      "version": "1.129.0",
      "resolved": "https://registry.npmjs.org/@aws-cdk/aws-rds/-/aws-rds-1.129.0.tgz",
      "integrity": "sha512-Vuvxkg3Ga7UfaEQ2iFxYCNKOWv0vwxjFiHqw+4Hc/lB4yq8Mq3OhBlfsQQySgnN3x0TdT+MIVWOibW5HzVgT3g==",
      "dependencies": {
        "@aws-cdk/aws-cloudwatch": "1.129.0",
        "@aws-cdk/aws-ec2": "1.129.0",
        "@aws-cdk/aws-events": "1.129.0",
        "@aws-cdk/aws-iam": "1.129.0",
        "@aws-cdk/aws-kms": "1.129.0",
        "@aws-cdk/aws-logs": "1.129.0",
        "@aws-cdk/aws-s3": "1.129.0",
        "@aws-cdk/aws-secretsmanager": "1.129.0",
        "@aws-cdk/core": "1.129.0",
        "@aws-cdk/cx-api": "1.129.0",
        "constructs": "^3.3.69"
      },
      "engines": {
        "node": ">= 10.13.0 <13 || >=13.7.0"
      },
      "peerDependencies": {
        "@aws-cdk/aws-cloudwatch": "1.129.0",
        "@aws-cdk/aws-ec2": "1.129.0",
        "@aws-cdk/aws-events": "1.129.0",
        "@aws-cdk/aws-iam": "1.129.0",
        "@aws-cdk/aws-kms": "1.129.0",
        "@aws-cdk/aws-logs": "1.129.0",
        "@aws-cdk/aws-s3": "1.129.0",
        "@aws-cdk/aws-secretsmanager": "1.129.0",
        "@aws-cdk/core": "1.129.0",
        "@aws-cdk/cx-api": "1.129.0",
        "constructs": "^3.3.69"
      }
    },
    "node_modules/@aws-cdk/aws-s3": {
      "version": "1.129.0",
      "resolved": "https://registry.npmjs.org/@aws-cdk/aws-s3/-/aws-s3-1.129.0.tgz",
      "integrity": "sha512-8Ql9P16HfR1qeWcSp+I5eScD6q/gOtcioQqPlRowFOany5E563w01x9ghKurGQLVgYOZWQKvYWHxFs0vDeXPUw==",
      "dependencies": {
        "@aws-cdk/aws-events": "1.129.0",
        "@aws-cdk/aws-iam": "1.129.0",
        "@aws-cdk/aws-kms": "1.129.0",
        "@aws-cdk/core": "1.129.0",
        "@aws-cdk/cx-api": "1.129.0",
        "constructs": "^3.3.69"
      },
      "engines": {
        "node": ">= 10.13.0 <13 || >=13.7.0"
      },
      "peerDependencies": {
        "@aws-cdk/aws-events": "1.129.0",
        "@aws-cdk/aws-iam": "1.129.0",
        "@aws-cdk/aws-kms": "1.129.0",
        "@aws-cdk/core": "1.129.0",
        "@aws-cdk/cx-api": "1.129.0",
        "constructs": "^3.3.69"
      }
    },
    "node_modules/@aws-cdk/aws-s3-assets": {
      "version": "1.129.0",
      "resolved": "https://registry.npmjs.org/@aws-cdk/aws-s3-assets/-/aws-s3-assets-1.129.0.tgz",
      "integrity": "sha512-klFuPAaSQs6qC7EB3QN7lqHu8MN4H6JxNcCl21ce3/jwQvqMDsNObrv5nPt2aQkiLlbCcr4ukZC5EsMA4+mguA==",
      "dependencies": {
        "@aws-cdk/assets": "1.129.0",
        "@aws-cdk/aws-iam": "1.129.0",
        "@aws-cdk/aws-kms": "1.129.0",
        "@aws-cdk/aws-s3": "1.129.0",
        "@aws-cdk/core": "1.129.0",
        "@aws-cdk/cx-api": "1.129.0",
        "constructs": "^3.3.69"
      },
      "engines": {
        "node": ">= 10.13.0 <13 || >=13.7.0"
      },
      "peerDependencies": {
        "@aws-cdk/assets": "1.129.0",
        "@aws-cdk/aws-iam": "1.129.0",
        "@aws-cdk/aws-kms": "1.129.0",
        "@aws-cdk/aws-s3": "1.129.0",
        "@aws-cdk/core": "1.129.0",
        "@aws-cdk/cx-api": "1.129.0",
        "constructs": "^3.3.69"
      }
    },
    "node_modules/@aws-cdk/aws-sam": {
      "version": "1.129.0",
      "resolved": "https://registry.npmjs.org/@aws-cdk/aws-sam/-/aws-sam-1.129.0.tgz",
      "integrity": "sha512-Rwc/btRuitpYov6no2LU07CzLVSrTEy+O59Wz+hriXz5NVdyv0qg9GjnyFvyOGuFHjrduZS/Mij+u1kgK7/Mcw==",
      "dependencies": {
        "@aws-cdk/core": "1.129.0",
        "constructs": "^3.3.69"
      },
      "engines": {
        "node": ">= 10.13.0 <13 || >=13.7.0"
      },
      "peerDependencies": {
        "@aws-cdk/core": "1.129.0",
        "constructs": "^3.3.69"
      }
    },
    "node_modules/@aws-cdk/aws-secretsmanager": {
      "version": "1.129.0",
      "resolved": "https://registry.npmjs.org/@aws-cdk/aws-secretsmanager/-/aws-secretsmanager-1.129.0.tgz",
      "integrity": "sha512-CTh52Haq0mKbVIWe2jJU2LkTq0ZQnKfvtatzv25W/Y+g3HktX4Aj6V+ph9c0hnT/uZRQpZ2Y3HdZw2ZdsrfWLw==",
      "dependencies": {
        "@aws-cdk/aws-ec2": "1.129.0",
        "@aws-cdk/aws-iam": "1.129.0",
        "@aws-cdk/aws-kms": "1.129.0",
        "@aws-cdk/aws-lambda": "1.129.0",
        "@aws-cdk/aws-sam": "1.129.0",
        "@aws-cdk/core": "1.129.0",
        "@aws-cdk/cx-api": "1.129.0",
        "constructs": "^3.3.69"
      },
      "engines": {
        "node": ">= 10.13.0 <13 || >=13.7.0"
      },
      "peerDependencies": {
        "@aws-cdk/aws-ec2": "1.129.0",
        "@aws-cdk/aws-iam": "1.129.0",
        "@aws-cdk/aws-kms": "1.129.0",
        "@aws-cdk/aws-lambda": "1.129.0",
        "@aws-cdk/aws-sam": "1.129.0",
        "@aws-cdk/core": "1.129.0",
        "@aws-cdk/cx-api": "1.129.0",
        "constructs": "^3.3.69"
      }
    },
    "node_modules/@aws-cdk/aws-signer": {
      "version": "1.129.0",
      "resolved": "https://registry.npmjs.org/@aws-cdk/aws-signer/-/aws-signer-1.129.0.tgz",
      "integrity": "sha512-5ocJJQO06u9k9Q6NHDOko8rVGLwNi90Sv7RYNd3wA8NFNpS+kI5W65XqVPcAS7NtjKlAr4VYMSpbCpGRfisEOg==",
      "dependencies": {
        "@aws-cdk/core": "1.129.0",
        "constructs": "^3.3.69"
      },
      "engines": {
        "node": ">= 10.13.0 <13 || >=13.7.0"
      },
      "peerDependencies": {
        "@aws-cdk/core": "1.129.0",
        "constructs": "^3.3.69"
      }
    },
    "node_modules/@aws-cdk/aws-sqs": {
      "version": "1.129.0",
      "resolved": "https://registry.npmjs.org/@aws-cdk/aws-sqs/-/aws-sqs-1.129.0.tgz",
      "integrity": "sha512-DyqQr1RbviDvXqOjtKr1bM0cBrmv05PvQf7U5GNw+BRsFIy7S97F58FFaKrVF1RhVPD9P/DwY3s2LJ/K0/13fA==",
      "dependencies": {
        "@aws-cdk/aws-cloudwatch": "1.129.0",
        "@aws-cdk/aws-iam": "1.129.0",
        "@aws-cdk/aws-kms": "1.129.0",
        "@aws-cdk/core": "1.129.0",
        "constructs": "^3.3.69"
      },
      "engines": {
        "node": ">= 10.13.0 <13 || >=13.7.0"
      },
      "peerDependencies": {
        "@aws-cdk/aws-cloudwatch": "1.129.0",
        "@aws-cdk/aws-iam": "1.129.0",
        "@aws-cdk/aws-kms": "1.129.0",
        "@aws-cdk/core": "1.129.0",
        "constructs": "^3.3.69"
      }
    },
    "node_modules/@aws-cdk/aws-ssm": {
      "version": "1.129.0",
      "resolved": "https://registry.npmjs.org/@aws-cdk/aws-ssm/-/aws-ssm-1.129.0.tgz",
      "integrity": "sha512-cderNJdbnomX3QqNuEANtBVJVqlPL2tLvwjfimrkWXl6iWllt69sm8QHscclUKuWv+DsescdGShVFY9DzViBYg==",
      "dependencies": {
        "@aws-cdk/aws-iam": "1.129.0",
        "@aws-cdk/aws-kms": "1.129.0",
        "@aws-cdk/cloud-assembly-schema": "1.129.0",
        "@aws-cdk/core": "1.129.0",
        "constructs": "^3.3.69"
      },
      "engines": {
        "node": ">= 10.13.0 <13 || >=13.7.0"
      },
      "peerDependencies": {
        "@aws-cdk/aws-iam": "1.129.0",
        "@aws-cdk/aws-kms": "1.129.0",
        "@aws-cdk/cloud-assembly-schema": "1.129.0",
        "@aws-cdk/core": "1.129.0",
        "constructs": "^3.3.69"
      }
    },
    "node_modules/@aws-cdk/cloud-assembly-schema": {
      "version": "1.129.0",
      "resolved": "https://registry.npmjs.org/@aws-cdk/cloud-assembly-schema/-/cloud-assembly-schema-1.129.0.tgz",
      "integrity": "sha512-1GRxfRrC6p+Jafl12ALkzJ+sV47pM3V8MMQNDQS5XFl7M3+x7kScwYBSNptjC0H6VxywVksN5AMzlY4FXEyV1Q==",
      "bundleDependencies": [
        "jsonschema",
        "semver"
      ],
      "dependencies": {
        "jsonschema": "^1.4.0",
        "semver": "^7.3.5"
      },
      "engines": {
        "node": ">= 10.13.0 <13 || >=13.7.0"
      }
    },
    "node_modules/@aws-cdk/cloud-assembly-schema/node_modules/jsonschema": {
      "version": "1.4.0",
      "inBundle": true,
      "license": "MIT",
      "engines": {
        "node": "*"
      }
    },
    "node_modules/@aws-cdk/cloud-assembly-schema/node_modules/lru-cache": {
      "version": "6.0.0",
      "inBundle": true,
      "license": "ISC",
      "dependencies": {
        "yallist": "^4.0.0"
      },
      "engines": {
        "node": ">=10"
      }
    },
    "node_modules/@aws-cdk/cloud-assembly-schema/node_modules/semver": {
      "version": "7.3.5",
      "inBundle": true,
      "license": "ISC",
      "dependencies": {
        "lru-cache": "^6.0.0"
      },
      "bin": {
        "semver": "bin/semver.js"
      },
      "engines": {
        "node": ">=10"
      }
    },
    "node_modules/@aws-cdk/cloud-assembly-schema/node_modules/yallist": {
      "version": "4.0.0",
      "inBundle": true,
      "license": "ISC"
    },
    "node_modules/@aws-cdk/core": {
      "version": "1.129.0",
      "resolved": "https://registry.npmjs.org/@aws-cdk/core/-/core-1.129.0.tgz",
      "integrity": "sha512-dv+IhyqPbyvgBWGtc1PboCO318PW54llRVyenItt1KxnE5PiGgj/9UFdFi4on+yogRr9GWlNes6OzaLq8+T0xw==",
      "bundleDependencies": [
        "fs-extra",
        "minimatch",
        "@balena/dockerignore",
        "ignore"
      ],
      "dependencies": {
        "@aws-cdk/cloud-assembly-schema": "1.129.0",
        "@aws-cdk/cx-api": "1.129.0",
        "@aws-cdk/region-info": "1.129.0",
        "@balena/dockerignore": "^1.0.2",
        "constructs": "^3.3.69",
        "fs-extra": "^9.1.0",
        "ignore": "^5.1.8",
        "minimatch": "^3.0.4"
      },
      "engines": {
        "node": ">= 10.13.0 <13 || >=13.7.0"
      },
      "peerDependencies": {
        "@aws-cdk/cloud-assembly-schema": "1.129.0",
        "@aws-cdk/cx-api": "1.129.0",
        "@aws-cdk/region-info": "1.129.0",
        "constructs": "^3.3.69"
      }
    },
    "node_modules/@aws-cdk/core/node_modules/@balena/dockerignore": {
      "version": "1.0.2",
      "inBundle": true,
      "license": "Apache-2.0"
    },
    "node_modules/@aws-cdk/core/node_modules/at-least-node": {
      "version": "1.0.0",
      "inBundle": true,
      "license": "ISC",
      "engines": {
        "node": ">= 4.0.0"
      }
    },
    "node_modules/@aws-cdk/core/node_modules/balanced-match": {
      "version": "1.0.2",
      "inBundle": true,
      "license": "MIT"
    },
    "node_modules/@aws-cdk/core/node_modules/brace-expansion": {
      "version": "1.1.11",
      "inBundle": true,
      "license": "MIT",
      "dependencies": {
        "balanced-match": "^1.0.0",
        "concat-map": "0.0.1"
      }
    },
    "node_modules/@aws-cdk/core/node_modules/concat-map": {
      "version": "0.0.1",
      "inBundle": true,
      "license": "MIT"
    },
    "node_modules/@aws-cdk/core/node_modules/fs-extra": {
      "version": "9.1.0",
      "inBundle": true,
      "license": "MIT",
      "dependencies": {
        "at-least-node": "^1.0.0",
        "graceful-fs": "^4.2.0",
        "jsonfile": "^6.0.1",
        "universalify": "^2.0.0"
      },
      "engines": {
        "node": ">=10"
      }
    },
    "node_modules/@aws-cdk/core/node_modules/graceful-fs": {
      "version": "4.2.8",
      "inBundle": true,
      "license": "ISC"
    },
    "node_modules/@aws-cdk/core/node_modules/ignore": {
      "version": "5.1.8",
      "inBundle": true,
      "license": "MIT",
      "engines": {
        "node": ">= 4"
      }
    },
    "node_modules/@aws-cdk/core/node_modules/jsonfile": {
      "version": "6.1.0",
      "inBundle": true,
      "license": "MIT",
      "dependencies": {
        "universalify": "^2.0.0"
      },
      "optionalDependencies": {
        "graceful-fs": "^4.1.6"
      }
    },
    "node_modules/@aws-cdk/core/node_modules/minimatch": {
      "version": "3.0.4",
      "inBundle": true,
      "license": "ISC",
      "dependencies": {
        "brace-expansion": "^1.1.7"
      },
      "engines": {
        "node": "*"
      }
    },
    "node_modules/@aws-cdk/core/node_modules/universalify": {
      "version": "2.0.0",
      "inBundle": true,
      "license": "MIT",
      "engines": {
        "node": ">= 10.0.0"
      }
    },
    "node_modules/@aws-cdk/cx-api": {
      "version": "1.129.0",
      "resolved": "https://registry.npmjs.org/@aws-cdk/cx-api/-/cx-api-1.129.0.tgz",
      "integrity": "sha512-3orTh2xAYh2OFtPyabXNKWpyke49Qk7jLjVaT8ZasUL1yJYi9fvqVOcA1sZLtag66l1x+JAheYheTeD7WudjGw==",
      "bundleDependencies": [
        "semver"
      ],
      "dependencies": {
        "@aws-cdk/cloud-assembly-schema": "1.129.0",
        "semver": "^7.3.5"
      },
      "engines": {
        "node": ">= 10.13.0 <13 || >=13.7.0"
      },
      "peerDependencies": {
        "@aws-cdk/cloud-assembly-schema": "1.129.0"
      }
    },
    "node_modules/@aws-cdk/cx-api/node_modules/lru-cache": {
      "version": "6.0.0",
      "inBundle": true,
      "license": "ISC",
      "dependencies": {
        "yallist": "^4.0.0"
      },
      "engines": {
        "node": ">=10"
      }
    },
    "node_modules/@aws-cdk/cx-api/node_modules/semver": {
      "version": "7.3.5",
      "inBundle": true,
      "license": "ISC",
      "dependencies": {
        "lru-cache": "^6.0.0"
      },
      "bin": {
        "semver": "bin/semver.js"
      },
      "engines": {
        "node": ">=10"
      }
    },
    "node_modules/@aws-cdk/cx-api/node_modules/yallist": {
      "version": "4.0.0",
      "inBundle": true,
      "license": "ISC"
    },
    "node_modules/@aws-cdk/region-info": {
      "version": "1.129.0",
      "resolved": "https://registry.npmjs.org/@aws-cdk/region-info/-/region-info-1.129.0.tgz",
      "integrity": "sha512-4GMx9ipgdDsf8PXR3Jw3vqiFdhdKVEz9oYOjQVfja7zcpOv7ol1WISVG1CBa0vU7QiZk/NpGxArTAs1G1ViKRg==",
      "engines": {
        "node": ">= 10.13.0 <13 || >=13.7.0"
      }
    },
    "node_modules/constructs": {
      "version": "3.3.161",
      "resolved": "https://registry.npmjs.org/constructs/-/constructs-3.3.161.tgz",
      "integrity": "sha512-/27vW3fo0iyb3py4vKI1BduEYmv8vv8uJgLXvI+5F0Jbnn0/E+As2wkGMa7bumhzCd0Ckv/USkAXstGYVXTYQA==",
      "engines": {
        "node": ">= 12.7.0"
      }
    }
  },
  "dependencies": {
    "@aws-cdk/assets": {
      "version": "1.129.0",
      "resolved": "https://registry.npmjs.org/@aws-cdk/assets/-/assets-1.129.0.tgz",
      "integrity": "sha512-4WwTTTLl/phl69HBcP1oOVOLEn9oR3Tc3E0V8aabsjERaVF47CidnZZWcRPnxC40XJVc8CucKLlALsTPnZecFA==",
      "requires": {
        "@aws-cdk/core": "1.129.0",
        "@aws-cdk/cx-api": "1.129.0",
        "constructs": "^3.3.69"
      }
    },
    "@aws-cdk/aws-applicationautoscaling": {
      "version": "1.129.0",
      "resolved": "https://registry.npmjs.org/@aws-cdk/aws-applicationautoscaling/-/aws-applicationautoscaling-1.129.0.tgz",
      "integrity": "sha512-YhKgkDRRtT4aMONUVaL97te/K2MkCvCrGNPQzBYJn9WlX/eshlBrlZ1i4eY5DtrXW3mxwT42ynC6Mqq4EfiC7g==",
      "requires": {
        "@aws-cdk/aws-autoscaling-common": "1.129.0",
        "@aws-cdk/aws-cloudwatch": "1.129.0",
        "@aws-cdk/aws-iam": "1.129.0",
        "@aws-cdk/core": "1.129.0",
        "constructs": "^3.3.69"
      }
    },
    "@aws-cdk/aws-autoscaling-common": {
      "version": "1.129.0",
      "resolved": "https://registry.npmjs.org/@aws-cdk/aws-autoscaling-common/-/aws-autoscaling-common-1.129.0.tgz",
      "integrity": "sha512-KaCkT7j7vzW8UByZouJ3iU2VZul4BBx8PmptM+OeghNB9fZuwPohT5p2ZP9N9PJEA9k1T2JJshUFgjQcclofdQ==",
      "requires": {
        "@aws-cdk/aws-iam": "1.129.0",
        "@aws-cdk/core": "1.129.0",
        "constructs": "^3.3.69"
      }
    },
    "@aws-cdk/aws-cloudwatch": {
      "version": "1.129.0",
      "resolved": "https://registry.npmjs.org/@aws-cdk/aws-cloudwatch/-/aws-cloudwatch-1.129.0.tgz",
      "integrity": "sha512-b5ZLfkbhMe6U36ESucV/4Eja5YIKShrVrSviDozsVFCK1TXAyEvcLCOqx+Uq3JCryytmAYhg/iAf70M+q5mKDQ==",
      "requires": {
        "@aws-cdk/aws-iam": "1.129.0",
        "@aws-cdk/core": "1.129.0",
        "constructs": "^3.3.69"
      }
    },
    "@aws-cdk/aws-codeguruprofiler": {
      "version": "1.129.0",
      "resolved": "https://registry.npmjs.org/@aws-cdk/aws-codeguruprofiler/-/aws-codeguruprofiler-1.129.0.tgz",
      "integrity": "sha512-G8ngfNI3UgmM7YRrbqrsd+mQ3F5w9meclDTOW23oNZlGHNsoPhp/vLcL1iyYrWZh9NLE3eMdJmGlZLgQfA/U9A==",
      "requires": {
        "@aws-cdk/aws-iam": "1.129.0",
        "@aws-cdk/core": "1.129.0",
        "constructs": "^3.3.69"
      }
    },
    "@aws-cdk/aws-ec2": {
      "version": "1.129.0",
      "resolved": "https://registry.npmjs.org/@aws-cdk/aws-ec2/-/aws-ec2-1.129.0.tgz",
      "integrity": "sha512-7yLLW4ubbxWOYc+Dwd/Rc6OYNU07DMqgXnWChNjqoQ6dzKo4M8N52OGqVl06Eq7gqtCM+DOVQv3uID/y1Ym/1A==",
      "requires": {
        "@aws-cdk/aws-cloudwatch": "1.129.0",
        "@aws-cdk/aws-iam": "1.129.0",
        "@aws-cdk/aws-kms": "1.129.0",
        "@aws-cdk/aws-logs": "1.129.0",
        "@aws-cdk/aws-s3": "1.129.0",
        "@aws-cdk/aws-s3-assets": "1.129.0",
        "@aws-cdk/aws-ssm": "1.129.0",
        "@aws-cdk/cloud-assembly-schema": "1.129.0",
        "@aws-cdk/core": "1.129.0",
        "@aws-cdk/cx-api": "1.129.0",
        "@aws-cdk/region-info": "1.129.0",
        "constructs": "^3.3.69"
      }
    },
    "@aws-cdk/aws-ecr": {
      "version": "1.129.0",
      "resolved": "https://registry.npmjs.org/@aws-cdk/aws-ecr/-/aws-ecr-1.129.0.tgz",
      "integrity": "sha512-hUiYepHCmvC3u9XphsvZpo2ygiH7AczUOmDbE16kc9U+oPBV/pjfTkBWpkzOcapsU2pfBUm/kc2WMu1DEFU7OQ==",
      "requires": {
        "@aws-cdk/aws-events": "1.129.0",
        "@aws-cdk/aws-iam": "1.129.0",
        "@aws-cdk/core": "1.129.0",
        "constructs": "^3.3.69"
      }
    },
    "@aws-cdk/aws-ecr-assets": {
      "version": "1.129.0",
      "resolved": "https://registry.npmjs.org/@aws-cdk/aws-ecr-assets/-/aws-ecr-assets-1.129.0.tgz",
      "integrity": "sha512-ejw7e3Pj8IICZxnD8PbHzDUOSKoA9mMtyU+E5VhhgqP0trQQBfYrRm4IL90dPK6ZMepw63vqxaHjklhIAHx53g==",
      "requires": {
        "@aws-cdk/assets": "1.129.0",
        "@aws-cdk/aws-ecr": "1.129.0",
        "@aws-cdk/aws-iam": "1.129.0",
        "@aws-cdk/aws-s3": "1.129.0",
        "@aws-cdk/core": "1.129.0",
        "@aws-cdk/cx-api": "1.129.0",
        "constructs": "^3.3.69",
        "minimatch": "^3.0.4"
      },
      "dependencies": {
        "balanced-match": {
          "version": "1.0.2",
          "bundled": true
        },
        "brace-expansion": {
          "version": "1.1.11",
          "bundled": true,
          "requires": {
            "balanced-match": "^1.0.0",
            "concat-map": "0.0.1"
          }
        },
        "concat-map": {
          "version": "0.0.1",
          "bundled": true
        },
        "minimatch": {
          "version": "3.0.4",
          "bundled": true,
          "requires": {
            "brace-expansion": "^1.1.7"
          }
        }
      }
    },
    "@aws-cdk/aws-efs": {
      "version": "1.129.0",
      "resolved": "https://registry.npmjs.org/@aws-cdk/aws-efs/-/aws-efs-1.129.0.tgz",
      "integrity": "sha512-L0FxdInKOZQunUskJWT+fGbyUiBvu8IhSRwiWLEg+KjZhkI+vOUIvY57u1nb+U1Ig7rd6vUjKRIPPpqzErjBww==",
      "requires": {
        "@aws-cdk/aws-ec2": "1.129.0",
        "@aws-cdk/aws-iam": "1.129.0",
        "@aws-cdk/aws-kms": "1.129.0",
        "@aws-cdk/cloud-assembly-schema": "1.129.0",
        "@aws-cdk/core": "1.129.0",
        "@aws-cdk/cx-api": "1.129.0",
        "constructs": "^3.3.69"
      }
    },
    "@aws-cdk/aws-events": {
      "version": "1.129.0",
      "resolved": "https://registry.npmjs.org/@aws-cdk/aws-events/-/aws-events-1.129.0.tgz",
      "integrity": "sha512-q4+g4ugQV1maomOZ+HpQynBxw5NcMJGjIRHkfgxa4xl0/LQ4W5ReEHXz73gD5h7tSwCJUsVys9DpQG793R/CSA==",
      "requires": {
        "@aws-cdk/aws-iam": "1.129.0",
        "@aws-cdk/core": "1.129.0",
        "constructs": "^3.3.69"
      }
    },
    "@aws-cdk/aws-iam": {
      "version": "1.129.0",
      "resolved": "https://registry.npmjs.org/@aws-cdk/aws-iam/-/aws-iam-1.129.0.tgz",
      "integrity": "sha512-SjLrFldOpPYogldJOtJROudcy3ttHaKu49u4cr6MYq3U9dbYmYfQTz2pkKGoAErN9jj2yIpuN5locNBmVzpIcA==",
      "requires": {
        "@aws-cdk/core": "1.129.0",
        "@aws-cdk/region-info": "1.129.0",
        "constructs": "^3.3.69"
      }
    },
    "@aws-cdk/aws-kms": {
      "version": "1.129.0",
      "resolved": "https://registry.npmjs.org/@aws-cdk/aws-kms/-/aws-kms-1.129.0.tgz",
      "integrity": "sha512-rscNj7cikIAEtmW3W/5REmTotXvPsm6MtgRMHvd68m87wTbEezdwnx5lgbtqCDZ0pg+v699OsvMWT+kGtNoDXw==",
      "requires": {
        "@aws-cdk/aws-iam": "1.129.0",
        "@aws-cdk/cloud-assembly-schema": "1.129.0",
        "@aws-cdk/core": "1.129.0",
        "@aws-cdk/cx-api": "1.129.0",
        "constructs": "^3.3.69"
      }
    },
    "@aws-cdk/aws-lambda": {
      "version": "1.129.0",
      "resolved": "https://registry.npmjs.org/@aws-cdk/aws-lambda/-/aws-lambda-1.129.0.tgz",
      "integrity": "sha512-h15c2QUF86fTAPDxobgqojcyyrOxWZjMTLVtwkxrhGlUC7l/989/W5QflILJgxCPq1x6716+6epY3eerUnbGZQ==",
      "requires": {
        "@aws-cdk/aws-applicationautoscaling": "1.129.0",
        "@aws-cdk/aws-cloudwatch": "1.129.0",
        "@aws-cdk/aws-codeguruprofiler": "1.129.0",
        "@aws-cdk/aws-ec2": "1.129.0",
        "@aws-cdk/aws-ecr": "1.129.0",
        "@aws-cdk/aws-ecr-assets": "1.129.0",
        "@aws-cdk/aws-efs": "1.129.0",
        "@aws-cdk/aws-events": "1.129.0",
        "@aws-cdk/aws-iam": "1.129.0",
        "@aws-cdk/aws-kms": "1.129.0",
        "@aws-cdk/aws-logs": "1.129.0",
        "@aws-cdk/aws-s3": "1.129.0",
        "@aws-cdk/aws-s3-assets": "1.129.0",
        "@aws-cdk/aws-signer": "1.129.0",
        "@aws-cdk/aws-sqs": "1.129.0",
        "@aws-cdk/core": "1.129.0",
        "@aws-cdk/cx-api": "1.129.0",
        "@aws-cdk/region-info": "1.129.0",
        "constructs": "^3.3.69"
      }
    },
    "@aws-cdk/aws-logs": {
      "version": "1.129.0",
      "resolved": "https://registry.npmjs.org/@aws-cdk/aws-logs/-/aws-logs-1.129.0.tgz",
      "integrity": "sha512-E/N9Aj1Xxz6y0r48g1v4BrRK/uhtRjN1poc6xCN+GzIPXrSuiEDV71N9ShqpH38LtapJQSGCq3ou2lvjX7hH0g==",
      "requires": {
        "@aws-cdk/aws-cloudwatch": "1.129.0",
        "@aws-cdk/aws-iam": "1.129.0",
        "@aws-cdk/aws-kms": "1.129.0",
        "@aws-cdk/aws-s3-assets": "1.129.0",
        "@aws-cdk/core": "1.129.0",
        "constructs": "^3.3.69"
      }
    },
    "@aws-cdk/aws-rds": {
      "version": "1.129.0",
      "resolved": "https://registry.npmjs.org/@aws-cdk/aws-rds/-/aws-rds-1.129.0.tgz",
      "integrity": "sha512-Vuvxkg3Ga7UfaEQ2iFxYCNKOWv0vwxjFiHqw+4Hc/lB4yq8Mq3OhBlfsQQySgnN3x0TdT+MIVWOibW5HzVgT3g==",
      "requires": {
        "@aws-cdk/aws-cloudwatch": "1.129.0",
        "@aws-cdk/aws-ec2": "1.129.0",
        "@aws-cdk/aws-events": "1.129.0",
        "@aws-cdk/aws-iam": "1.129.0",
        "@aws-cdk/aws-kms": "1.129.0",
        "@aws-cdk/aws-logs": "1.129.0",
        "@aws-cdk/aws-s3": "1.129.0",
        "@aws-cdk/aws-secretsmanager": "1.129.0",
        "@aws-cdk/core": "1.129.0",
        "@aws-cdk/cx-api": "1.129.0",
        "constructs": "^3.3.69"
      }
    },
    "@aws-cdk/aws-s3": {
      "version": "1.129.0",
      "resolved": "https://registry.npmjs.org/@aws-cdk/aws-s3/-/aws-s3-1.129.0.tgz",
      "integrity": "sha512-8Ql9P16HfR1qeWcSp+I5eScD6q/gOtcioQqPlRowFOany5E563w01x9ghKurGQLVgYOZWQKvYWHxFs0vDeXPUw==",
      "requires": {
        "@aws-cdk/aws-events": "1.129.0",
        "@aws-cdk/aws-iam": "1.129.0",
        "@aws-cdk/aws-kms": "1.129.0",
        "@aws-cdk/core": "1.129.0",
        "@aws-cdk/cx-api": "1.129.0",
        "constructs": "^3.3.69"
      }
    },
    "@aws-cdk/aws-s3-assets": {
      "version": "1.129.0",
      "resolved": "https://registry.npmjs.org/@aws-cdk/aws-s3-assets/-/aws-s3-assets-1.129.0.tgz",
      "integrity": "sha512-klFuPAaSQs6qC7EB3QN7lqHu8MN4H6JxNcCl21ce3/jwQvqMDsNObrv5nPt2aQkiLlbCcr4ukZC5EsMA4+mguA==",
      "requires": {
        "@aws-cdk/assets": "1.129.0",
        "@aws-cdk/aws-iam": "1.129.0",
        "@aws-cdk/aws-kms": "1.129.0",
        "@aws-cdk/aws-s3": "1.129.0",
        "@aws-cdk/core": "1.129.0",
        "@aws-cdk/cx-api": "1.129.0",
        "constructs": "^3.3.69"
      }
    },
    "@aws-cdk/aws-sam": {
      "version": "1.129.0",
      "resolved": "https://registry.npmjs.org/@aws-cdk/aws-sam/-/aws-sam-1.129.0.tgz",
      "integrity": "sha512-Rwc/btRuitpYov6no2LU07CzLVSrTEy+O59Wz+hriXz5NVdyv0qg9GjnyFvyOGuFHjrduZS/Mij+u1kgK7/Mcw==",
      "requires": {
        "@aws-cdk/core": "1.129.0",
        "constructs": "^3.3.69"
      }
    },
    "@aws-cdk/aws-secretsmanager": {
      "version": "1.129.0",
      "resolved": "https://registry.npmjs.org/@aws-cdk/aws-secretsmanager/-/aws-secretsmanager-1.129.0.tgz",
      "integrity": "sha512-CTh52Haq0mKbVIWe2jJU2LkTq0ZQnKfvtatzv25W/Y+g3HktX4Aj6V+ph9c0hnT/uZRQpZ2Y3HdZw2ZdsrfWLw==",
      "requires": {
        "@aws-cdk/aws-ec2": "1.129.0",
        "@aws-cdk/aws-iam": "1.129.0",
        "@aws-cdk/aws-kms": "1.129.0",
        "@aws-cdk/aws-lambda": "1.129.0",
        "@aws-cdk/aws-sam": "1.129.0",
        "@aws-cdk/core": "1.129.0",
        "@aws-cdk/cx-api": "1.129.0",
        "constructs": "^3.3.69"
      }
    },
    "@aws-cdk/aws-signer": {
      "version": "1.129.0",
      "resolved": "https://registry.npmjs.org/@aws-cdk/aws-signer/-/aws-signer-1.129.0.tgz",
      "integrity": "sha512-5ocJJQO06u9k9Q6NHDOko8rVGLwNi90Sv7RYNd3wA8NFNpS+kI5W65XqVPcAS7NtjKlAr4VYMSpbCpGRfisEOg==",
      "requires": {
        "@aws-cdk/core": "1.129.0",
        "constructs": "^3.3.69"
      }
    },
    "@aws-cdk/aws-sqs": {
      "version": "1.129.0",
      "resolved": "https://registry.npmjs.org/@aws-cdk/aws-sqs/-/aws-sqs-1.129.0.tgz",
      "integrity": "sha512-DyqQr1RbviDvXqOjtKr1bM0cBrmv05PvQf7U5GNw+BRsFIy7S97F58FFaKrVF1RhVPD9P/DwY3s2LJ/K0/13fA==",
      "requires": {
        "@aws-cdk/aws-cloudwatch": "1.129.0",
        "@aws-cdk/aws-iam": "1.129.0",
        "@aws-cdk/aws-kms": "1.129.0",
        "@aws-cdk/core": "1.129.0",
        "constructs": "^3.3.69"
      }
    },
    "@aws-cdk/aws-ssm": {
      "version": "1.129.0",
      "resolved": "https://registry.npmjs.org/@aws-cdk/aws-ssm/-/aws-ssm-1.129.0.tgz",
      "integrity": "sha512-cderNJdbnomX3QqNuEANtBVJVqlPL2tLvwjfimrkWXl6iWllt69sm8QHscclUKuWv+DsescdGShVFY9DzViBYg==",
      "requires": {
        "@aws-cdk/aws-iam": "1.129.0",
        "@aws-cdk/aws-kms": "1.129.0",
        "@aws-cdk/cloud-assembly-schema": "1.129.0",
        "@aws-cdk/core": "1.129.0",
        "constructs": "^3.3.69"
      }
    },
    "@aws-cdk/cloud-assembly-schema": {
      "version": "1.129.0",
      "resolved": "https://registry.npmjs.org/@aws-cdk/cloud-assembly-schema/-/cloud-assembly-schema-1.129.0.tgz",
      "integrity": "sha512-1GRxfRrC6p+Jafl12ALkzJ+sV47pM3V8MMQNDQS5XFl7M3+x7kScwYBSNptjC0H6VxywVksN5AMzlY4FXEyV1Q==",
      "requires": {
        "jsonschema": "^1.4.0",
        "semver": "^7.3.5"
      },
      "dependencies": {
        "jsonschema": {
          "version": "1.4.0",
          "bundled": true
        },
        "lru-cache": {
          "version": "6.0.0",
          "bundled": true,
          "requires": {
            "yallist": "^4.0.0"
          }
        },
        "semver": {
          "version": "7.3.5",
          "bundled": true,
          "requires": {
            "lru-cache": "^6.0.0"
          }
        },
        "yallist": {
          "version": "4.0.0",
          "bundled": true
        }
      }
    },
    "@aws-cdk/core": {
      "version": "1.129.0",
      "resolved": "https://registry.npmjs.org/@aws-cdk/core/-/core-1.129.0.tgz",
      "integrity": "sha512-dv+IhyqPbyvgBWGtc1PboCO318PW54llRVyenItt1KxnE5PiGgj/9UFdFi4on+yogRr9GWlNes6OzaLq8+T0xw==",
      "requires": {
        "@aws-cdk/cloud-assembly-schema": "1.129.0",
        "@aws-cdk/cx-api": "1.129.0",
        "@aws-cdk/region-info": "1.129.0",
        "@balena/dockerignore": "^1.0.2",
        "constructs": "^3.3.69",
        "fs-extra": "^9.1.0",
        "ignore": "^5.1.8",
        "minimatch": "^3.0.4"
      },
      "dependencies": {
        "@balena/dockerignore": {
          "version": "1.0.2",
          "bundled": true
        },
        "at-least-node": {
          "version": "1.0.0",
          "bundled": true
        },
        "balanced-match": {
          "version": "1.0.2",
          "bundled": true
        },
        "brace-expansion": {
          "version": "1.1.11",
          "bundled": true,
          "requires": {
            "balanced-match": "^1.0.0",
            "concat-map": "0.0.1"
          }
        },
        "concat-map": {
          "version": "0.0.1",
          "bundled": true
        },
        "fs-extra": {
          "version": "9.1.0",
          "bundled": true,
          "requires": {
            "at-least-node": "^1.0.0",
            "graceful-fs": "^4.2.0",
            "jsonfile": "^6.0.1",
            "universalify": "^2.0.0"
          }
        },
        "graceful-fs": {
          "version": "4.2.8",
          "bundled": true
        },
        "ignore": {
          "version": "5.1.8",
          "bundled": true
        },
        "jsonfile": {
          "version": "6.1.0",
          "bundled": true,
          "requires": {
            "graceful-fs": "^4.1.6",
            "universalify": "^2.0.0"
          }
        },
        "minimatch": {
          "version": "3.0.4",
          "bundled": true,
          "requires": {
            "brace-expansion": "^1.1.7"
          }
        },
        "universalify": {
          "version": "2.0.0",
          "bundled": true
        }
      }
    },
    "@aws-cdk/cx-api": {
      "version": "1.129.0",
      "resolved": "https://registry.npmjs.org/@aws-cdk/cx-api/-/cx-api-1.129.0.tgz",
      "integrity": "sha512-3orTh2xAYh2OFtPyabXNKWpyke49Qk7jLjVaT8ZasUL1yJYi9fvqVOcA1sZLtag66l1x+JAheYheTeD7WudjGw==",
      "requires": {
        "@aws-cdk/cloud-assembly-schema": "1.129.0",
        "semver": "^7.3.5"
      },
      "dependencies": {
        "lru-cache": {
          "version": "6.0.0",
          "bundled": true,
          "requires": {
            "yallist": "^4.0.0"
          }
        },
        "semver": {
          "version": "7.3.5",
          "bundled": true,
          "requires": {
            "lru-cache": "^6.0.0"
          }
        },
        "yallist": {
          "version": "4.0.0",
          "bundled": true
        }
      }
    },
    "@aws-cdk/region-info": {
      "version": "1.129.0",
      "resolved": "https://registry.npmjs.org/@aws-cdk/region-info/-/region-info-1.129.0.tgz",
      "integrity": "sha512-4GMx9ipgdDsf8PXR3Jw3vqiFdhdKVEz9oYOjQVfja7zcpOv7ol1WISVG1CBa0vU7QiZk/NpGxArTAs1G1ViKRg=="
    },
    "constructs": {
      "version": "3.3.161",
      "resolved": "https://registry.npmjs.org/constructs/-/constructs-3.3.161.tgz",
      "integrity": "sha512-/27vW3fo0iyb3py4vKI1BduEYmv8vv8uJgLXvI+5F0Jbnn0/E+As2wkGMa7bumhzCd0Ckv/USkAXstGYVXTYQA=="
    }
  }
}
