{
  "name": "step-function-example-cdk",
  "version": "0.1.0",
  "lockfileVersion": 1,
  "requires": true,
  "dependencies": {
    "@aws-cdk/assets": {
      "version": "1.58.0",
      "resolved": "https://registry.npmjs.org/@aws-cdk/assets/-/assets-1.58.0.tgz",
      "integrity": "sha512-tycOCYRYNkG5Xem1FeNgk8h1kXEjrh9wzQ4hfj9KDn058DATb+H9hceUDj8lu/sdn0UeacWsPR/+m1mkNnlXMQ==",
      "requires": {
        "@aws-cdk/core": "1.58.0",
        "@aws-cdk/cx-api": "1.58.0",
        "constructs": "^3.0.2"
      }
    },
    "@aws-cdk/aws-apigateway": {
      "version": "1.58.0",
      "resolved": "https://registry.npmjs.org/@aws-cdk/aws-apigateway/-/aws-apigateway-1.58.0.tgz",
      "integrity": "sha512-ASluDLw9weL3bb/7p0Mh48h3RdbMyisDm0IxuOvKL8OIhD1McvQRafUlI8qJ/aVqndv9xDApkvdLVyEIxTj3rg==",
      "requires": {
        "@aws-cdk/assets": "1.58.0",
        "@aws-cdk/aws-certificatemanager": "1.58.0",
        "@aws-cdk/aws-ec2": "1.58.0",
        "@aws-cdk/aws-elasticloadbalancingv2": "1.58.0",
        "@aws-cdk/aws-iam": "1.58.0",
        "@aws-cdk/aws-lambda": "1.58.0",
        "@aws-cdk/aws-logs": "1.58.0",
        "@aws-cdk/aws-s3": "1.58.0",
        "@aws-cdk/aws-s3-assets": "1.58.0",
        "@aws-cdk/core": "1.58.0",
        "@aws-cdk/cx-api": "1.58.0",
        "constructs": "^3.0.2"
      }
    },
    "@aws-cdk/aws-applicationautoscaling": {
      "version": "1.58.0",
      "resolved": "https://registry.npmjs.org/@aws-cdk/aws-applicationautoscaling/-/aws-applicationautoscaling-1.58.0.tgz",
      "integrity": "sha512-TTcwbF7hxIjSH+1jSetk5vBJFrKbRKp6Umr8+jfQqtLWnfTL4xOaL8KOUSfKrqIs4O8sgNaZq5ajqXsHARlI3g==",
      "requires": {
        "@aws-cdk/aws-autoscaling-common": "1.58.0",
        "@aws-cdk/aws-cloudwatch": "1.58.0",
        "@aws-cdk/aws-iam": "1.58.0",
        "@aws-cdk/core": "1.58.0",
        "constructs": "^3.0.2"
      }
    },
    "@aws-cdk/aws-autoscaling": {
      "version": "1.58.0",
      "resolved": "https://registry.npmjs.org/@aws-cdk/aws-autoscaling/-/aws-autoscaling-1.58.0.tgz",
      "integrity": "sha512-eljgD9Lz4aZPsUNyEjDaMvz0/mmYN12mr2y8nzFeJvIlpgc885giRQWnAleWWWcUIOeV8v5ITpnDn6m/LNV4yg==",
      "requires": {
        "@aws-cdk/aws-autoscaling-common": "1.58.0",
        "@aws-cdk/aws-cloudwatch": "1.58.0",
        "@aws-cdk/aws-ec2": "1.58.0",
        "@aws-cdk/aws-elasticloadbalancing": "1.58.0",
        "@aws-cdk/aws-elasticloadbalancingv2": "1.58.0",
        "@aws-cdk/aws-iam": "1.58.0",
        "@aws-cdk/aws-sns": "1.58.0",
        "@aws-cdk/core": "1.58.0",
        "constructs": "^3.0.2"
      }
    },
    "@aws-cdk/aws-autoscaling-common": {
      "version": "1.58.0",
      "resolved": "https://registry.npmjs.org/@aws-cdk/aws-autoscaling-common/-/aws-autoscaling-common-1.58.0.tgz",
      "integrity": "sha512-HBYoaZFqnEXGooxWI7w3puk9PlmrpCtXK6mL8bycA+9B3nvxaADLO2q54me9lhlIO7jVE1D6UsIyc75H48NOEw==",
      "requires": {
        "@aws-cdk/aws-iam": "1.58.0",
        "@aws-cdk/core": "1.58.0",
        "constructs": "^3.0.2"
      }
    },
    "@aws-cdk/aws-autoscaling-hooktargets": {
      "version": "1.58.0",
      "resolved": "https://registry.npmjs.org/@aws-cdk/aws-autoscaling-hooktargets/-/aws-autoscaling-hooktargets-1.58.0.tgz",
      "integrity": "sha512-EB/cj7TW3LSh7HeyURJ2ZY9pwH3+chQ//BkNXKKFvtaTsIVV4syVbhpknnRhpbi9FT4s/WKogz/2GgOxACJUFA==",
      "requires": {
        "@aws-cdk/aws-autoscaling": "1.58.0",
        "@aws-cdk/aws-iam": "1.58.0",
        "@aws-cdk/aws-kms": "1.58.0",
        "@aws-cdk/aws-lambda": "1.58.0",
        "@aws-cdk/aws-sns": "1.58.0",
        "@aws-cdk/aws-sns-subscriptions": "1.58.0",
        "@aws-cdk/aws-sqs": "1.58.0",
        "@aws-cdk/core": "1.58.0",
        "constructs": "^3.0.2"
      }
    },
    "@aws-cdk/aws-batch": {
      "version": "1.58.0",
      "resolved": "https://registry.npmjs.org/@aws-cdk/aws-batch/-/aws-batch-1.58.0.tgz",
      "integrity": "sha512-cvF2gw+IIT/dAirY/cVkokEfbxTFY/gWQkxWw5QM9j5kaB2EEijOBTioMNNQnjQEr+6gWmmjs4bRTjAnoM9hFg==",
      "requires": {
        "@aws-cdk/aws-ec2": "1.58.0",
        "@aws-cdk/aws-ecr": "1.58.0",
        "@aws-cdk/aws-ecs": "1.58.0",
        "@aws-cdk/aws-iam": "1.58.0",
        "@aws-cdk/core": "1.58.0",
        "constructs": "^3.0.2"
      }
    },
    "@aws-cdk/aws-certificatemanager": {
      "version": "1.58.0",
      "resolved": "https://registry.npmjs.org/@aws-cdk/aws-certificatemanager/-/aws-certificatemanager-1.58.0.tgz",
      "integrity": "sha512-g/eLsYlLx7KCQ3j7koAZMM4JaizdQahl2f2Bwsahqzb+yOkE456GcxxAvFp5TH8+HIuc3VqU7l9FKkRpBlThCg==",
      "requires": {
        "@aws-cdk/aws-iam": "1.58.0",
        "@aws-cdk/aws-lambda": "1.58.0",
        "@aws-cdk/aws-route53": "1.58.0",
        "@aws-cdk/core": "1.58.0",
        "constructs": "^3.0.2"
      }
    },
    "@aws-cdk/aws-cloudformation": {
      "version": "1.58.0",
      "resolved": "https://registry.npmjs.org/@aws-cdk/aws-cloudformation/-/aws-cloudformation-1.58.0.tgz",
      "integrity": "sha512-rfHsa2jLYAdMHCKLm4y6th8fVT4qZR7bX1H83dLFEhkzWVYu8FoT8Rjzv8Pgf3U9+Ju3fR9VBh5SHm65d2xPLw==",
      "requires": {
        "@aws-cdk/aws-iam": "1.58.0",
        "@aws-cdk/aws-lambda": "1.58.0",
        "@aws-cdk/aws-s3": "1.58.0",
        "@aws-cdk/aws-sns": "1.58.0",
        "@aws-cdk/core": "1.58.0",
        "@aws-cdk/cx-api": "1.58.0",
        "constructs": "^3.0.2"
      }
    },
    "@aws-cdk/aws-cloudfront": {
      "version": "1.58.0",
      "resolved": "https://registry.npmjs.org/@aws-cdk/aws-cloudfront/-/aws-cloudfront-1.58.0.tgz",
      "integrity": "sha512-/aK7BtWIQMlH4PGlOpSGafQciabCMBbuQQTQJ4qtjrzyQTWYEumGLre1UliBV+4xXa33fLwNg76Crxd4RAd3mA==",
      "requires": {
        "@aws-cdk/aws-certificatemanager": "1.58.0",
        "@aws-cdk/aws-iam": "1.58.0",
        "@aws-cdk/aws-kms": "1.58.0",
        "@aws-cdk/aws-lambda": "1.58.0",
        "@aws-cdk/aws-s3": "1.58.0",
        "@aws-cdk/core": "1.58.0",
        "constructs": "^3.0.2"
      }
    },
    "@aws-cdk/aws-cloudwatch": {
      "version": "1.58.0",
      "resolved": "https://registry.npmjs.org/@aws-cdk/aws-cloudwatch/-/aws-cloudwatch-1.58.0.tgz",
      "integrity": "sha512-tbK+nc5F+QvBHzetL6KoaWVVIfmTEPeV6pLJlyCnT1FV3C91hU8RIOdKLfPMh9yxpbxjy4gmZFEfzqgXjb++aA==",
      "requires": {
        "@aws-cdk/aws-iam": "1.58.0",
        "@aws-cdk/core": "1.58.0",
        "constructs": "^3.0.2"
      }
    },
    "@aws-cdk/aws-codeguruprofiler": {
      "version": "1.58.0",
      "resolved": "https://registry.npmjs.org/@aws-cdk/aws-codeguruprofiler/-/aws-codeguruprofiler-1.58.0.tgz",
      "integrity": "sha512-UlJ1BKXjKmKJc5nwV1ePJuzZk60s03R9+HtLg64RjbnIkuQC0No2fNoIxfMkcvcfx64FltVgh9sl8+dn2K0gxA==",
      "requires": {
        "@aws-cdk/aws-iam": "1.58.0",
        "@aws-cdk/core": "1.58.0"
      }
    },
    "@aws-cdk/aws-cognito": {
      "version": "1.58.0",
      "resolved": "https://registry.npmjs.org/@aws-cdk/aws-cognito/-/aws-cognito-1.58.0.tgz",
      "integrity": "sha512-hFtzTsldKTuiZs3v/IrRMpTLwZSkPMdNCE2sEWM1jOOgkwj7YaWQjQKx8BqZlOkQ41zWxJLUc4QVlEukL5bqzw==",
      "requires": {
        "@aws-cdk/aws-certificatemanager": "1.58.0",
        "@aws-cdk/aws-iam": "1.58.0",
        "@aws-cdk/aws-lambda": "1.58.0",
        "@aws-cdk/core": "1.58.0",
        "@aws-cdk/custom-resources": "1.58.0",
        "constructs": "^3.0.2"
      }
    },
    "@aws-cdk/aws-dynamodb": {
      "version": "1.58.0",
      "resolved": "https://registry.npmjs.org/@aws-cdk/aws-dynamodb/-/aws-dynamodb-1.58.0.tgz",
      "integrity": "sha512-FklL6Om1wlQUhRooFDo6Fn750sHfd4Esm6aqZSOwRNblquCwMhziSY08gSqQuTnU9v3l/YmqXoE8yCX/yqTuug==",
      "requires": {
        "@aws-cdk/aws-applicationautoscaling": "1.58.0",
        "@aws-cdk/aws-cloudwatch": "1.58.0",
        "@aws-cdk/aws-iam": "1.58.0",
        "@aws-cdk/aws-kms": "1.58.0",
        "@aws-cdk/aws-lambda": "1.58.0",
        "@aws-cdk/core": "1.58.0",
        "@aws-cdk/custom-resources": "1.58.0",
        "constructs": "^3.0.2"
      }
    },
    "@aws-cdk/aws-ec2": {
      "version": "1.58.0",
      "resolved": "https://registry.npmjs.org/@aws-cdk/aws-ec2/-/aws-ec2-1.58.0.tgz",
      "integrity": "sha512-KbvV3/maBmFdapDHXfAbr7Wkx+VF0IWdsSwoWfHTEThvIPQNh7P22PZ1IoAC8mops0paRX2cUv0Ndf+gWgrH6w==",
      "requires": {
        "@aws-cdk/aws-cloudwatch": "1.58.0",
        "@aws-cdk/aws-iam": "1.58.0",
        "@aws-cdk/aws-kms": "1.58.0",
        "@aws-cdk/aws-logs": "1.58.0",
        "@aws-cdk/aws-s3": "1.58.0",
        "@aws-cdk/aws-ssm": "1.58.0",
        "@aws-cdk/cloud-assembly-schema": "1.58.0",
        "@aws-cdk/core": "1.58.0",
        "@aws-cdk/cx-api": "1.58.0",
        "@aws-cdk/region-info": "1.58.0",
        "constructs": "^3.0.2"
      }
    },
    "@aws-cdk/aws-ecr": {
      "version": "1.58.0",
      "resolved": "https://registry.npmjs.org/@aws-cdk/aws-ecr/-/aws-ecr-1.58.0.tgz",
      "integrity": "sha512-afO5l/J6JL7DZsAAQL38HInfmqgrcbfNpMMK+jNbJoyZYuGx8O2WX65IwlCa62y0x3lWbp1I5XQoDwnM1hAMQw==",
      "requires": {
        "@aws-cdk/aws-events": "1.58.0",
        "@aws-cdk/aws-iam": "1.58.0",
        "@aws-cdk/core": "1.58.0",
        "@aws-cdk/custom-resources": "1.58.0",
        "constructs": "^3.0.2"
      }
    },
    "@aws-cdk/aws-ecr-assets": {
      "version": "1.58.0",
      "resolved": "https://registry.npmjs.org/@aws-cdk/aws-ecr-assets/-/aws-ecr-assets-1.58.0.tgz",
      "integrity": "sha512-Klc0jv3VwPHyfujkBs1bYJmRK5rjlAUgkMIZNarXsVDkhCqQ/0MBpldvloFA2lC7Mv0V1Pz1PEf/pR2hLuU8vQ==",
      "requires": {
        "@aws-cdk/assets": "1.58.0",
        "@aws-cdk/aws-ecr": "1.58.0",
        "@aws-cdk/aws-iam": "1.58.0",
        "@aws-cdk/aws-lambda": "1.58.0",
        "@aws-cdk/aws-s3": "1.58.0",
        "@aws-cdk/core": "1.58.0",
        "@aws-cdk/cx-api": "1.58.0",
        "constructs": "^3.0.2",
        "minimatch": "^3.0.4"
      },
      "dependencies": {
        "balanced-match": {
          "version": "1.0.0",
          "bundled": true
        },
        "brace-expansion": {
          "version": "1.1.11",
          "bundled": true,
          "requires": {
            "balanced-match": "^1.0.0",
            "concat-map": "0.0.1"
          }
        },
        "concat-map": {
          "version": "0.0.1",
          "bundled": true
        },
        "minimatch": {
          "version": "3.0.4",
          "bundled": true,
          "requires": {
            "brace-expansion": "^1.1.7"
          }
        }
      }
    },
    "@aws-cdk/aws-ecs": {
      "version": "1.58.0",
      "resolved": "https://registry.npmjs.org/@aws-cdk/aws-ecs/-/aws-ecs-1.58.0.tgz",
      "integrity": "sha512-35ghq7gNjqBhEwUEhKVcFu6gqHS8fY0sVNCM6gyMA/tHTTqfJoDJ6r1SoOfLsS1PQmjrJ0SNNn3Ky5w2zC/ThQ==",
      "requires": {
        "@aws-cdk/aws-applicationautoscaling": "1.58.0",
        "@aws-cdk/aws-autoscaling": "1.58.0",
        "@aws-cdk/aws-autoscaling-hooktargets": "1.58.0",
        "@aws-cdk/aws-certificatemanager": "1.58.0",
        "@aws-cdk/aws-cloudwatch": "1.58.0",
        "@aws-cdk/aws-ec2": "1.58.0",
        "@aws-cdk/aws-ecr": "1.58.0",
        "@aws-cdk/aws-ecr-assets": "1.58.0",
        "@aws-cdk/aws-elasticloadbalancing": "1.58.0",
        "@aws-cdk/aws-elasticloadbalancingv2": "1.58.0",
        "@aws-cdk/aws-iam": "1.58.0",
        "@aws-cdk/aws-kms": "1.58.0",
        "@aws-cdk/aws-lambda": "1.58.0",
        "@aws-cdk/aws-logs": "1.58.0",
        "@aws-cdk/aws-route53": "1.58.0",
        "@aws-cdk/aws-route53-targets": "1.58.0",
        "@aws-cdk/aws-secretsmanager": "1.58.0",
        "@aws-cdk/aws-servicediscovery": "1.58.0",
        "@aws-cdk/aws-sns": "1.58.0",
        "@aws-cdk/aws-sqs": "1.58.0",
        "@aws-cdk/aws-ssm": "1.58.0",
        "@aws-cdk/core": "1.58.0",
        "@aws-cdk/cx-api": "1.58.0",
        "constructs": "^3.0.2"
      }
    },
    "@aws-cdk/aws-efs": {
      "version": "1.58.0",
      "resolved": "https://registry.npmjs.org/@aws-cdk/aws-efs/-/aws-efs-1.58.0.tgz",
      "integrity": "sha512-MoZ/lN1N7AdC5UoJ6yYCBcJLFQd9lqwv50OA4/TuRLdZh1yCneMiTw2Njr323pB9rzqAlKM16wuE3c1IL45Egw==",
      "requires": {
        "@aws-cdk/aws-ec2": "1.58.0",
        "@aws-cdk/aws-kms": "1.58.0",
        "@aws-cdk/cloud-assembly-schema": "1.58.0",
        "@aws-cdk/core": "1.58.0",
        "@aws-cdk/cx-api": "1.58.0",
        "constructs": "^3.0.2"
      }
    },
    "@aws-cdk/aws-elasticloadbalancing": {
      "version": "1.58.0",
      "resolved": "https://registry.npmjs.org/@aws-cdk/aws-elasticloadbalancing/-/aws-elasticloadbalancing-1.58.0.tgz",
      "integrity": "sha512-d6TsGGFjX9vGpkc9duCc/zgjOSYgmXCKDuq6FqKkIvyKummyAWbZK+EZ3JhCJu5mMmsiNrSYI98+JEENt6zrfw==",
      "requires": {
        "@aws-cdk/aws-ec2": "1.58.0",
        "@aws-cdk/core": "1.58.0",
        "constructs": "^3.0.2"
      }
    },
    "@aws-cdk/aws-elasticloadbalancingv2": {
      "version": "1.58.0",
      "resolved": "https://registry.npmjs.org/@aws-cdk/aws-elasticloadbalancingv2/-/aws-elasticloadbalancingv2-1.58.0.tgz",
      "integrity": "sha512-XOIEFdrabI5Syp+5pQcnv0L+KhV0zTGNjxHmq3EuLAWPHh5yIenmtijOBr/LVMXGY5eciG5lYCBzC3W/i/HPGg==",
      "requires": {
        "@aws-cdk/aws-certificatemanager": "1.58.0",
        "@aws-cdk/aws-cloudwatch": "1.58.0",
        "@aws-cdk/aws-ec2": "1.58.0",
        "@aws-cdk/aws-iam": "1.58.0",
        "@aws-cdk/aws-lambda": "1.58.0",
        "@aws-cdk/aws-s3": "1.58.0",
        "@aws-cdk/core": "1.58.0",
        "@aws-cdk/region-info": "1.58.0",
        "constructs": "^3.0.2"
      }
    },
    "@aws-cdk/aws-events": {
      "version": "1.58.0",
      "resolved": "https://registry.npmjs.org/@aws-cdk/aws-events/-/aws-events-1.58.0.tgz",
      "integrity": "sha512-U+Km4D/BuQuF/SCzDJiA6+92rbiEoTR5cWbkn03cL4dy26db1kTugLwhfTvr66JKIAc8RW09w30rS5qL6arivA==",
      "requires": {
        "@aws-cdk/aws-iam": "1.58.0",
        "@aws-cdk/core": "1.58.0",
        "constructs": "^3.0.2"
      }
    },
    "@aws-cdk/aws-glue": {
      "version": "1.58.0",
      "resolved": "https://registry.npmjs.org/@aws-cdk/aws-glue/-/aws-glue-1.58.0.tgz",
      "integrity": "sha512-c4Mqn53xsM0vPBWxq4kjQnpcFaNnipEt+VcXcpwAMNU95Hi4wW94oYsowpGg4VGDojO4cGvGykLrUdiSexKOlw==",
      "requires": {
        "@aws-cdk/aws-iam": "1.58.0",
        "@aws-cdk/aws-kms": "1.58.0",
        "@aws-cdk/aws-s3": "1.58.0",
        "@aws-cdk/core": "1.58.0",
        "constructs": "^3.0.2"
      }
    },
    "@aws-cdk/aws-iam": {
      "version": "1.58.0",
      "resolved": "https://registry.npmjs.org/@aws-cdk/aws-iam/-/aws-iam-1.58.0.tgz",
      "integrity": "sha512-hY/HtvWjkt6N1y5ZmcnzGKgcUjPqwJ2oO3l5di11HHVRmZhkbhM1tuI4LMNMVs1bUyZGjQApHt0+Qwyjzx2JuQ==",
      "requires": {
        "@aws-cdk/core": "1.58.0",
        "@aws-cdk/region-info": "1.58.0",
        "constructs": "^3.0.2"
      }
    },
    "@aws-cdk/aws-kms": {
      "version": "1.58.0",
      "resolved": "https://registry.npmjs.org/@aws-cdk/aws-kms/-/aws-kms-1.58.0.tgz",
      "integrity": "sha512-2scgHAqI5KX6JWmvlTf2oJZ1WQQlIKBkCJmxJT0y525o0hkVLMB2xUCMqA/CsTFt8j/RJ1jp8LOHedux4vyJXw==",
      "requires": {
        "@aws-cdk/aws-iam": "1.58.0",
        "@aws-cdk/core": "1.58.0",
        "constructs": "^3.0.2"
      }
    },
    "@aws-cdk/aws-lambda": {
      "version": "1.58.0",
      "resolved": "https://registry.npmjs.org/@aws-cdk/aws-lambda/-/aws-lambda-1.58.0.tgz",
      "integrity": "sha512-j9DcUd7+zvGHueIrsd5SPlBKKbbYD+2Efxwh4iKu9SP84YZBm25RiwtWlEVcAyEKE144zu4FyIuhPKaJxQ5/bQ==",
      "requires": {
        "@aws-cdk/aws-applicationautoscaling": "1.58.0",
        "@aws-cdk/aws-cloudwatch": "1.58.0",
        "@aws-cdk/aws-codeguruprofiler": "1.58.0",
        "@aws-cdk/aws-ec2": "1.58.0",
        "@aws-cdk/aws-efs": "1.58.0",
        "@aws-cdk/aws-events": "1.58.0",
        "@aws-cdk/aws-iam": "1.58.0",
        "@aws-cdk/aws-logs": "1.58.0",
        "@aws-cdk/aws-s3": "1.58.0",
        "@aws-cdk/aws-s3-assets": "1.58.0",
        "@aws-cdk/aws-sqs": "1.58.0",
        "@aws-cdk/core": "1.58.0",
        "@aws-cdk/cx-api": "1.58.0",
        "constructs": "^3.0.2"
      }
    },
    "@aws-cdk/aws-logs": {
      "version": "1.58.0",
      "resolved": "https://registry.npmjs.org/@aws-cdk/aws-logs/-/aws-logs-1.58.0.tgz",
      "integrity": "sha512-el18uIhK5t4bOtETvWvCfJU/yh3aTJscsN2nhHe0EiQ0L3TViwDUnKxwLHK+Eh+VHGjAQFUbidR0ygf+3q9I8Q==",
      "requires": {
        "@aws-cdk/aws-cloudwatch": "1.58.0",
        "@aws-cdk/aws-iam": "1.58.0",
        "@aws-cdk/core": "1.58.0",
        "constructs": "^3.0.2"
      }
    },
    "@aws-cdk/aws-route53": {
      "version": "1.58.0",
      "resolved": "https://registry.npmjs.org/@aws-cdk/aws-route53/-/aws-route53-1.58.0.tgz",
      "integrity": "sha512-lgqNpCMR8F7z/eM2QiMmS44G4SwfY9K0X8sBfEQSzM07mnEGRr7chLVK7kYrBlGX/A/lnykhNnyF6VptZIHj3g==",
      "requires": {
        "@aws-cdk/aws-ec2": "1.58.0",
        "@aws-cdk/aws-logs": "1.58.0",
        "@aws-cdk/cloud-assembly-schema": "1.58.0",
        "@aws-cdk/core": "1.58.0",
        "constructs": "^3.0.2"
      }
    },
    "@aws-cdk/aws-route53-targets": {
      "version": "1.58.0",
      "resolved": "https://registry.npmjs.org/@aws-cdk/aws-route53-targets/-/aws-route53-targets-1.58.0.tgz",
      "integrity": "sha512-FG7OXDTZEK5Jm1KFhmBsL9sKJDk4e7KoyJWckonhvVwgkyEBKYJ0V9RV1gcuRWYaaaej+MpVrTittqIPJ9fiCQ==",
      "requires": {
        "@aws-cdk/aws-apigateway": "1.58.0",
        "@aws-cdk/aws-cloudfront": "1.58.0",
        "@aws-cdk/aws-cognito": "1.58.0",
        "@aws-cdk/aws-ec2": "1.58.0",
        "@aws-cdk/aws-elasticloadbalancing": "1.58.0",
        "@aws-cdk/aws-elasticloadbalancingv2": "1.58.0",
        "@aws-cdk/aws-iam": "1.58.0",
        "@aws-cdk/aws-route53": "1.58.0",
        "@aws-cdk/aws-s3": "1.58.0",
        "@aws-cdk/core": "1.58.0",
        "@aws-cdk/region-info": "1.58.0",
        "constructs": "^3.0.2"
      }
    },
    "@aws-cdk/aws-s3": {
      "version": "1.58.0",
      "resolved": "https://registry.npmjs.org/@aws-cdk/aws-s3/-/aws-s3-1.58.0.tgz",
      "integrity": "sha512-SrLctJLMUysik2olk6uoj7s5ND5DKiFYitSRpqLHheQMgfHp1KrLHz/hpCEn4V8stqnDjTkyi9W1T36YO8z0sw==",
      "requires": {
        "@aws-cdk/aws-events": "1.58.0",
        "@aws-cdk/aws-iam": "1.58.0",
        "@aws-cdk/aws-kms": "1.58.0",
        "@aws-cdk/core": "1.58.0",
        "constructs": "^3.0.2"
      }
    },
    "@aws-cdk/aws-s3-assets": {
      "version": "1.58.0",
      "resolved": "https://registry.npmjs.org/@aws-cdk/aws-s3-assets/-/aws-s3-assets-1.58.0.tgz",
      "integrity": "sha512-A+hfFxIq98deOVRCPlNB8eWx4OhNkcISozS9PlEJsK2OMWEJEbhCFINI19wMjPkrYdcDCSMI0kuBf6AxAXQDdA==",
      "requires": {
        "@aws-cdk/assets": "1.58.0",
        "@aws-cdk/aws-iam": "1.58.0",
        "@aws-cdk/aws-kms": "1.58.0",
        "@aws-cdk/aws-s3": "1.58.0",
        "@aws-cdk/core": "1.58.0",
        "@aws-cdk/cx-api": "1.58.0",
        "constructs": "^3.0.2"
      }
    },
    "@aws-cdk/aws-sam": {
      "version": "1.58.0",
      "resolved": "https://registry.npmjs.org/@aws-cdk/aws-sam/-/aws-sam-1.58.0.tgz",
      "integrity": "sha512-TXjtcOUYxqjhF8fMBcVOMthLuIZOC2Bu08zwsSGlBuSPe9CV3AYAYccMZbF9T+dfi3WRTD9onnKPllc4ojD4kw==",
      "requires": {
        "@aws-cdk/core": "1.58.0",
        "constructs": "^3.0.2"
      }
    },
    "@aws-cdk/aws-secretsmanager": {
      "version": "1.58.0",
      "resolved": "https://registry.npmjs.org/@aws-cdk/aws-secretsmanager/-/aws-secretsmanager-1.58.0.tgz",
      "integrity": "sha512-/rLsJSdTBfJHeZMeFVK/Oa6e8xImNTyED8vGl8qVoi5fJfq95FUcT5fcgUJ5/dNWRl2C0gVPRrNOr2HsPsFMkQ==",
      "requires": {
        "@aws-cdk/aws-ec2": "1.58.0",
        "@aws-cdk/aws-iam": "1.58.0",
        "@aws-cdk/aws-kms": "1.58.0",
        "@aws-cdk/aws-lambda": "1.58.0",
        "@aws-cdk/aws-sam": "1.58.0",
        "@aws-cdk/core": "1.58.0",
        "constructs": "^3.0.2"
      }
    },
    "@aws-cdk/aws-servicediscovery": {
      "version": "1.58.0",
      "resolved": "https://registry.npmjs.org/@aws-cdk/aws-servicediscovery/-/aws-servicediscovery-1.58.0.tgz",
      "integrity": "sha512-PvdhyKK08OUMiEqKEOODiKRSVAUARVjMKeaEEy6bzccNFFeRbwMPcsThTuiRG9smYMgPUe10rBFLT54EQHH2SA==",
      "requires": {
        "@aws-cdk/aws-ec2": "1.58.0",
        "@aws-cdk/aws-elasticloadbalancingv2": "1.58.0",
        "@aws-cdk/aws-route53": "1.58.0",
        "@aws-cdk/core": "1.58.0",
        "constructs": "^3.0.2"
      }
    },
    "@aws-cdk/aws-sns": {
      "version": "1.58.0",
      "resolved": "https://registry.npmjs.org/@aws-cdk/aws-sns/-/aws-sns-1.58.0.tgz",
      "integrity": "sha512-4RDp8a95gh6gpz/F4batG2i2xCldDyjs38RlDyB4DC0ssT16g2AcBIZq1OCj2oy26kB9oJQSUDmV5aHfng9m6Q==",
      "requires": {
        "@aws-cdk/aws-cloudwatch": "1.58.0",
        "@aws-cdk/aws-events": "1.58.0",
        "@aws-cdk/aws-iam": "1.58.0",
        "@aws-cdk/aws-kms": "1.58.0",
        "@aws-cdk/aws-sqs": "1.58.0",
        "@aws-cdk/core": "1.58.0",
        "constructs": "^3.0.2"
      }
    },
    "@aws-cdk/aws-sns-subscriptions": {
      "version": "1.58.0",
      "resolved": "https://registry.npmjs.org/@aws-cdk/aws-sns-subscriptions/-/aws-sns-subscriptions-1.58.0.tgz",
      "integrity": "sha512-d+azz5bH2n/gnjLJAUV23awQIKZvhatynh2yKziOiwpIKcYq/W7IPRdCSM6LQl5kXybSNfXXHT//65MdH/khAQ==",
      "requires": {
        "@aws-cdk/aws-iam": "1.58.0",
        "@aws-cdk/aws-lambda": "1.58.0",
        "@aws-cdk/aws-sns": "1.58.0",
        "@aws-cdk/aws-sqs": "1.58.0",
        "@aws-cdk/core": "1.58.0",
        "constructs": "^3.0.2"
      }
    },
    "@aws-cdk/aws-sqs": {
      "version": "1.58.0",
      "resolved": "https://registry.npmjs.org/@aws-cdk/aws-sqs/-/aws-sqs-1.58.0.tgz",
      "integrity": "sha512-1MSnwMcCm336FnXzvQyEl46TFLuhduT+9FaTq+7skKq7q/SIPrHj5iB36cjAm4nuoUhP37uWFePQTXDjNhsyAA==",
      "requires": {
        "@aws-cdk/aws-cloudwatch": "1.58.0",
        "@aws-cdk/aws-iam": "1.58.0",
        "@aws-cdk/aws-kms": "1.58.0",
        "@aws-cdk/core": "1.58.0",
        "constructs": "^3.0.2"
      }
    },
    "@aws-cdk/aws-ssm": {
      "version": "1.58.0",
      "resolved": "https://registry.npmjs.org/@aws-cdk/aws-ssm/-/aws-ssm-1.58.0.tgz",
      "integrity": "sha512-z3pXuofqTevMl2r7AuSO83j2CP2Fvsqw4dw7yspk9qQMbVm9jA6XkyfA9n0rgqalr+5MDtLJE1VXDhMiHLQ0dQ==",
      "requires": {
        "@aws-cdk/aws-iam": "1.58.0",
        "@aws-cdk/aws-kms": "1.58.0",
        "@aws-cdk/cloud-assembly-schema": "1.58.0",
        "@aws-cdk/core": "1.58.0",
        "constructs": "^3.0.2"
      }
    },
    "@aws-cdk/aws-stepfunctions": {
      "version": "1.58.0",
      "resolved": "https://registry.npmjs.org/@aws-cdk/aws-stepfunctions/-/aws-stepfunctions-1.58.0.tgz",
      "integrity": "sha512-gvi5wtqGZR4RtV9sEf7mUAExXGjpi8GXLlEbWq1wUctF83NTWootWfVG/0yT96Kc+aXG7Qz97kSDrxTfmLZURw==",
      "requires": {
        "@aws-cdk/aws-cloudwatch": "1.58.0",
        "@aws-cdk/aws-events": "1.58.0",
        "@aws-cdk/aws-iam": "1.58.0",
        "@aws-cdk/aws-logs": "1.58.0",
        "@aws-cdk/core": "1.58.0",
        "constructs": "^3.0.2"
      }
    },
    "@aws-cdk/aws-stepfunctions-tasks": {
      "version": "1.58.0",
      "resolved": "https://registry.npmjs.org/@aws-cdk/aws-stepfunctions-tasks/-/aws-stepfunctions-tasks-1.58.0.tgz",
      "integrity": "sha512-//d3mL3NN+jbQI5cQfzYNusATIZ5xPytJBR4yt66usv7jNKQceyk2Ol3pL+I65mih/hOcb+ZfKqjdUikQ6F/MQ==",
      "requires": {
        "@aws-cdk/assets": "1.58.0",
        "@aws-cdk/aws-batch": "1.58.0",
        "@aws-cdk/aws-cloudwatch": "1.58.0",
        "@aws-cdk/aws-dynamodb": "1.58.0",
        "@aws-cdk/aws-ec2": "1.58.0",
        "@aws-cdk/aws-ecr": "1.58.0",
        "@aws-cdk/aws-ecr-assets": "1.58.0",
        "@aws-cdk/aws-ecs": "1.58.0",
        "@aws-cdk/aws-glue": "1.58.0",
        "@aws-cdk/aws-iam": "1.58.0",
        "@aws-cdk/aws-kms": "1.58.0",
        "@aws-cdk/aws-lambda": "1.58.0",
        "@aws-cdk/aws-s3": "1.58.0",
        "@aws-cdk/aws-sns": "1.58.0",
        "@aws-cdk/aws-sqs": "1.58.0",
        "@aws-cdk/aws-stepfunctions": "1.58.0",
        "@aws-cdk/core": "1.58.0",
        "constructs": "^3.0.2"
      }
    },
    "@aws-cdk/cloud-assembly-schema": {
      "version": "1.58.0",
      "resolved": "https://registry.npmjs.org/@aws-cdk/cloud-assembly-schema/-/cloud-assembly-schema-1.58.0.tgz",
      "integrity": "sha512-uihmnZL76Yq/PrOpGRV4CX0Y0OLnVQbXnNpR0WSHfLn1gbBxzJIDik0HIGOzOhA6JckhKivouJswbephuug0Ug==",
      "requires": {
        "jsonschema": "^1.2.5",
        "semver": "^7.2.2"
      },
      "dependencies": {
        "jsonschema": {
          "version": "1.2.6",
          "bundled": true
        },
        "semver": {
          "version": "7.3.2",
          "bundled": true
        }
      }
    },
    "@aws-cdk/core": {
      "version": "1.58.0",
      "resolved": "https://registry.npmjs.org/@aws-cdk/core/-/core-1.58.0.tgz",
      "integrity": "sha512-3omLo3fZABhumuPXpHj9Vq35MSbuZuWmtazLdnWZp7VAACR9wVxRYcdBu3hpetWRm4eXiwECx6cIfT5jtPMkIQ==",
      "requires": {
        "@aws-cdk/cloud-assembly-schema": "1.58.0",
        "@aws-cdk/cx-api": "1.58.0",
        "constructs": "^3.0.2",
        "fs-extra": "^9.0.1",
        "minimatch": "^3.0.4"
      },
      "dependencies": {
        "at-least-node": {
          "version": "1.0.0",
          "bundled": true
        },
        "balanced-match": {
          "version": "1.0.0",
          "bundled": true
        },
        "brace-expansion": {
          "version": "1.1.11",
          "bundled": true,
          "requires": {
            "balanced-match": "^1.0.0",
            "concat-map": "0.0.1"
          }
        },
        "concat-map": {
          "version": "0.0.1",
          "bundled": true
        },
        "fs-extra": {
          "version": "9.0.1",
          "bundled": true,
          "requires": {
            "at-least-node": "^1.0.0",
            "graceful-fs": "^4.2.0",
            "jsonfile": "^6.0.1",
            "universalify": "^1.0.0"
          }
        },
        "graceful-fs": {
          "version": "4.2.3",
          "bundled": true
        },
        "jsonfile": {
          "version": "6.0.1",
          "bundled": true,
          "requires": {
            "graceful-fs": "^4.1.6",
            "universalify": "^1.0.0"
          }
        },
        "minimatch": {
          "version": "3.0.4",
          "bundled": true,
          "requires": {
            "brace-expansion": "^1.1.7"
          }
        },
        "universalify": {
          "version": "1.0.0",
          "bundled": true
        }
      }
    },
    "@aws-cdk/custom-resources": {
      "version": "1.58.0",
      "resolved": "https://registry.npmjs.org/@aws-cdk/custom-resources/-/custom-resources-1.58.0.tgz",
      "integrity": "sha512-36jDoGOi3J/GdQ32eGY3HeFjZ5skY1NcH8ag/6gcTnZMufrC2Xkc5URe9Y3wD5CVVIc5vCDVJ8w5P0gRaG/Nmg==",
      "requires": {
        "@aws-cdk/aws-cloudformation": "1.58.0",
        "@aws-cdk/aws-iam": "1.58.0",
        "@aws-cdk/aws-lambda": "1.58.0",
        "@aws-cdk/aws-logs": "1.58.0",
        "@aws-cdk/aws-sns": "1.58.0",
        "@aws-cdk/core": "1.58.0",
        "constructs": "^3.0.2"
      }
    },
    "@aws-cdk/cx-api": {
      "version": "1.58.0",
      "resolved": "https://registry.npmjs.org/@aws-cdk/cx-api/-/cx-api-1.58.0.tgz",
      "integrity": "sha512-t1Q7fXtk8Ux/psz0zGXY9YZkJtPY7fGurMkrAwoLGpM3GCmBR+jRBYqSHG1Rtvle6H+JdVtd1Ocs/Odfaz3bYg==",
      "requires": {
        "@aws-cdk/cloud-assembly-schema": "1.58.0",
        "semver": "^7.2.2"
      },
      "dependencies": {
        "semver": {
          "version": "7.3.2",
          "bundled": true
        }
      }
    },
    "@aws-cdk/region-info": {
      "version": "1.58.0",
      "resolved": "https://registry.npmjs.org/@aws-cdk/region-info/-/region-info-1.58.0.tgz",
      "integrity": "sha512-PAkoyPu4uxGEVTKYb1Tea6A0GoAfvC09iLfoIujHFNx38IdfrHm3X9Pn1995HvFJBuzLx1hv5AcGXOFVmwb8hg=="
    },
    "constructs": {
      "version": "3.0.4",
      "resolved": "https://registry.npmjs.org/constructs/-/constructs-3.0.4.tgz",
      "integrity": "sha512-CDvg7gMjphE3DFX4pzkF6j73NREbR8npPFW8Mx/CLRnMR035+Y1o1HrXIsNSss/dq3ZUnNTU9jKyd3fL9EOlfw=="
    }
  }
}
