{
  "name": "bot-template-cdk",
  "version": "0.1.0",
  "lockfileVersion": 1,
  "requires": true,
  "dependencies": {
    "@aws-cdk/assets": {
      "version": "1.39.0",
      "resolved": "https://registry.npmjs.org/@aws-cdk/assets/-/assets-1.39.0.tgz",
      "integrity": "sha512-0QhPoxTOn5zYcYHWQoXN3J80Stlk0VsdG1QlEj2XwlPAHeeAvdVt4lT8f7guTV2OIfZMKZJqc3thbNsz8TGqwQ==",
      "requires": {
        "@aws-cdk/core": "1.39.0",
        "@aws-cdk/cx-api": "1.39.0",
        "constructs": "^3.0.2"
      }
    },
    "@aws-cdk/aws-apigateway": {
      "version": "1.39.0",
      "resolved": "https://registry.npmjs.org/@aws-cdk/aws-apigateway/-/aws-apigateway-1.39.0.tgz",
      "integrity": "sha512-08FTxH45kgfnH3zfMXe7RDV6XtXDa1mzFEX0NiqMyU1gcFIrQOK0oS6GJrlulADZHrPSpcN26BUW7yOqD6GsOw==",
      "requires": {
        "@aws-cdk/assets": "1.39.0",
        "@aws-cdk/aws-certificatemanager": "1.39.0",
        "@aws-cdk/aws-ec2": "1.39.0",
        "@aws-cdk/aws-elasticloadbalancingv2": "1.39.0",
        "@aws-cdk/aws-iam": "1.39.0",
        "@aws-cdk/aws-lambda": "1.39.0",
        "@aws-cdk/aws-logs": "1.39.0",
        "@aws-cdk/aws-s3": "1.39.0",
        "@aws-cdk/aws-s3-assets": "1.39.0",
        "@aws-cdk/core": "1.39.0",
        "@aws-cdk/cx-api": "1.39.0",
        "constructs": "^3.0.2"
      }
    },
    "@aws-cdk/aws-applicationautoscaling": {
      "version": "1.39.0",
      "resolved": "https://registry.npmjs.org/@aws-cdk/aws-applicationautoscaling/-/aws-applicationautoscaling-1.39.0.tgz",
      "integrity": "sha512-gxFAv1LIRoKLlah/shfl7Qyl99MFTMh4YOdNGvi3zmeLdQBXR/USZKP6Qa+2A89wYCcpwTPSK/83IyCVw24wvQ==",
      "requires": {
        "@aws-cdk/aws-autoscaling-common": "1.39.0",
        "@aws-cdk/aws-cloudwatch": "1.39.0",
        "@aws-cdk/aws-iam": "1.39.0",
        "@aws-cdk/core": "1.39.0",
        "constructs": "^3.0.2"
      }
    },
    "@aws-cdk/aws-autoscaling-common": {
      "version": "1.39.0",
      "resolved": "https://registry.npmjs.org/@aws-cdk/aws-autoscaling-common/-/aws-autoscaling-common-1.39.0.tgz",
      "integrity": "sha512-NFwQvFe8n98A+vCFeRuXBWndVUVO6DIeJB4AZE8tnuxlsa1gSMmXJ1PeuuLi0j71px6nKMwBJqx8eGUpt7usGA==",
      "requires": {
        "@aws-cdk/aws-iam": "1.39.0",
        "@aws-cdk/core": "1.39.0",
        "constructs": "^3.0.2"
      }
    },
    "@aws-cdk/aws-certificatemanager": {
      "version": "1.39.0",
      "resolved": "https://registry.npmjs.org/@aws-cdk/aws-certificatemanager/-/aws-certificatemanager-1.39.0.tgz",
      "integrity": "sha512-OpjvUGpgn3MSa9XkzxXyHlMliNWp//MTUyiKda+kx/nUVLPnlNSfy/DmtEXPzQlImyhy4ARfGued3PYxXGsiUQ==",
      "requires": {
        "@aws-cdk/aws-iam": "1.39.0",
        "@aws-cdk/aws-lambda": "1.39.0",
        "@aws-cdk/aws-route53": "1.39.0",
        "@aws-cdk/core": "1.39.0",
        "constructs": "^3.0.2"
      }
    },
    "@aws-cdk/aws-cloudformation": {
      "version": "1.39.0",
      "resolved": "https://registry.npmjs.org/@aws-cdk/aws-cloudformation/-/aws-cloudformation-1.39.0.tgz",
      "integrity": "sha512-/gZx5Aw0I7+pGYRIBnlwAl8B3FCBXZKN6spEuGZVBomWmNjmDflo2mMP0Uxrx8sI4o09fN7XLQxGS/jia+nWFA==",
      "requires": {
        "@aws-cdk/aws-iam": "1.39.0",
        "@aws-cdk/aws-lambda": "1.39.0",
        "@aws-cdk/aws-s3": "1.39.0",
        "@aws-cdk/aws-sns": "1.39.0",
        "@aws-cdk/core": "1.39.0",
        "@aws-cdk/cx-api": "1.39.0",
        "constructs": "^3.0.2"
      }
    },
    "@aws-cdk/aws-cloudwatch": {
      "version": "1.39.0",
      "resolved": "https://registry.npmjs.org/@aws-cdk/aws-cloudwatch/-/aws-cloudwatch-1.39.0.tgz",
      "integrity": "sha512-qWWsWuybDZkZy4s2B7TXZ0565xIbAPMqzJsO+sxEcnRYuQLJmIKlP6qczfdlsvrs1lDKLODFvDdhWmJS/XsKew==",
      "requires": {
        "@aws-cdk/aws-iam": "1.39.0",
        "@aws-cdk/core": "1.39.0",
        "constructs": "^3.0.2"
      }
    },
    "@aws-cdk/aws-dynamodb": {
      "version": "1.39.0",
      "resolved": "https://registry.npmjs.org/@aws-cdk/aws-dynamodb/-/aws-dynamodb-1.39.0.tgz",
      "integrity": "sha512-fMkmFYDM6rLrj9NJhpX1SIUlH78iKYAeuOFFJ8D7BYtcbOjtQmiMJj1xIndG6ckR60jhZW1TRluUN9Hgzu/2ww==",
      "requires": {
        "@aws-cdk/aws-applicationautoscaling": "1.39.0",
        "@aws-cdk/aws-cloudwatch": "1.39.0",
        "@aws-cdk/aws-iam": "1.39.0",
        "@aws-cdk/aws-kms": "1.39.0",
        "@aws-cdk/aws-lambda": "1.39.0",
        "@aws-cdk/core": "1.39.0",
        "@aws-cdk/custom-resources": "1.39.0",
        "constructs": "^3.0.2"
      }
    },
    "@aws-cdk/aws-ec2": {
      "version": "1.39.0",
      "resolved": "https://registry.npmjs.org/@aws-cdk/aws-ec2/-/aws-ec2-1.39.0.tgz",
      "integrity": "sha512-Lwg8Zr+wCvhvfA0DgtM7tzzAWKRaxemfHYyQyG1KxBHVdQ5zOooRoyD3walSD8ycWhS5s7qRFGiLXIclrzLrnw==",
      "requires": {
        "@aws-cdk/aws-cloudwatch": "1.39.0",
        "@aws-cdk/aws-iam": "1.39.0",
        "@aws-cdk/aws-logs": "1.39.0",
        "@aws-cdk/aws-s3": "1.39.0",
        "@aws-cdk/aws-ssm": "1.39.0",
        "@aws-cdk/cloud-assembly-schema": "1.39.0",
        "@aws-cdk/core": "1.39.0",
        "@aws-cdk/cx-api": "1.39.0",
        "@aws-cdk/region-info": "1.39.0",
        "constructs": "^3.0.2"
      }
    },
    "@aws-cdk/aws-elasticloadbalancingv2": {
      "version": "1.39.0",
      "resolved": "https://registry.npmjs.org/@aws-cdk/aws-elasticloadbalancingv2/-/aws-elasticloadbalancingv2-1.39.0.tgz",
      "integrity": "sha512-4fsHCNZ+H4howC6mgKRKfMQBHf+hya/z/hAREsgGqHJzdJ92y/86j3UC/zYG3ldWPfXr8QE3Ql02NchVsD20JQ==",
      "requires": {
        "@aws-cdk/aws-certificatemanager": "1.39.0",
        "@aws-cdk/aws-cloudwatch": "1.39.0",
        "@aws-cdk/aws-ec2": "1.39.0",
        "@aws-cdk/aws-iam": "1.39.0",
        "@aws-cdk/aws-lambda": "1.39.0",
        "@aws-cdk/aws-s3": "1.39.0",
        "@aws-cdk/core": "1.39.0",
        "constructs": "^3.0.2"
      }
    },
    "@aws-cdk/aws-events": {
      "version": "1.39.0",
      "resolved": "https://registry.npmjs.org/@aws-cdk/aws-events/-/aws-events-1.39.0.tgz",
      "integrity": "sha512-+TIQq/0wsmi/XkWdfYVxof6QjppCpubKFgih5wLe1VjlZJ9KpXIE5J53dSfSdzpYRCX6CKcmZWlX+ogs0OVj/w==",
      "requires": {
        "@aws-cdk/aws-iam": "1.39.0",
        "@aws-cdk/core": "1.39.0",
        "constructs": "^3.0.2"
      }
    },
    "@aws-cdk/aws-iam": {
      "version": "1.39.0",
      "resolved": "https://registry.npmjs.org/@aws-cdk/aws-iam/-/aws-iam-1.39.0.tgz",
      "integrity": "sha512-psUq6G5YC/Z5Z6X32PyrmZE43QSbcqXhHhO8yBNvT0u0dzt2zhx90CPmk19GBKZxCH55Qi5AfUFm9CUl2QjPRw==",
      "requires": {
        "@aws-cdk/core": "1.39.0",
        "@aws-cdk/region-info": "1.39.0",
        "constructs": "^3.0.2"
      }
    },
    "@aws-cdk/aws-kinesis": {
      "version": "1.39.0",
      "resolved": "https://registry.npmjs.org/@aws-cdk/aws-kinesis/-/aws-kinesis-1.39.0.tgz",
      "integrity": "sha512-WCWDlQDX3H+BW2c85rBqrdOytpnbPzjKCTVH++p6EuTXVtlG/Y7OCGbqXwpp4LWHleIpnvvPgpGVFzuDjy+b9g==",
      "requires": {
        "@aws-cdk/aws-iam": "1.39.0",
        "@aws-cdk/aws-kms": "1.39.0",
        "@aws-cdk/aws-logs": "1.39.0",
        "@aws-cdk/core": "1.39.0",
        "constructs": "^3.0.2"
      }
    },
    "@aws-cdk/aws-kms": {
      "version": "1.39.0",
      "resolved": "https://registry.npmjs.org/@aws-cdk/aws-kms/-/aws-kms-1.39.0.tgz",
      "integrity": "sha512-+oXc+Cr00/61qWhTguIQqk2TuksmX8/6cNOY4ei6kZM46X3VvurVtbWsqVDNQo29Lt/xmUDKN866qHaFP/xiHQ==",
      "requires": {
        "@aws-cdk/aws-iam": "1.39.0",
        "@aws-cdk/core": "1.39.0",
        "constructs": "^3.0.2"
      }
    },
    "@aws-cdk/aws-lambda": {
      "version": "1.39.0",
      "resolved": "https://registry.npmjs.org/@aws-cdk/aws-lambda/-/aws-lambda-1.39.0.tgz",
      "integrity": "sha512-e4HKH7f9bEIyJmzKKu5OvfGcUuifZuLjEvN5NuNhlehVt86efEqeBqwEGz7oPrf8G8CQsCuwLzPRV72bHyPYHQ==",
      "requires": {
        "@aws-cdk/aws-cloudwatch": "1.39.0",
        "@aws-cdk/aws-ec2": "1.39.0",
        "@aws-cdk/aws-events": "1.39.0",
        "@aws-cdk/aws-iam": "1.39.0",
        "@aws-cdk/aws-logs": "1.39.0",
        "@aws-cdk/aws-s3": "1.39.0",
        "@aws-cdk/aws-s3-assets": "1.39.0",
        "@aws-cdk/aws-sqs": "1.39.0",
        "@aws-cdk/core": "1.39.0",
        "@aws-cdk/cx-api": "1.39.0",
        "constructs": "^3.0.2"
      }
    },
    "@aws-cdk/aws-lambda-event-sources": {
      "version": "1.39.0",
      "resolved": "https://registry.npmjs.org/@aws-cdk/aws-lambda-event-sources/-/aws-lambda-event-sources-1.39.0.tgz",
      "integrity": "sha512-eVGucleluVH+/eA1E/3gqINcmINjWIlahtp9zXQG/UKvreyl/YLhbf4JfboQCSzy0Q/q0Xyy7P4XARpjZIyOgA==",
      "requires": {
        "@aws-cdk/aws-apigateway": "1.39.0",
        "@aws-cdk/aws-dynamodb": "1.39.0",
        "@aws-cdk/aws-events": "1.39.0",
        "@aws-cdk/aws-iam": "1.39.0",
        "@aws-cdk/aws-kinesis": "1.39.0",
        "@aws-cdk/aws-lambda": "1.39.0",
        "@aws-cdk/aws-s3": "1.39.0",
        "@aws-cdk/aws-s3-notifications": "1.39.0",
        "@aws-cdk/aws-sns": "1.39.0",
        "@aws-cdk/aws-sns-subscriptions": "1.39.0",
        "@aws-cdk/aws-sqs": "1.39.0",
        "@aws-cdk/core": "1.39.0",
        "constructs": "^3.0.2"
      }
    },
    "@aws-cdk/aws-logs": {
      "version": "1.39.0",
      "resolved": "https://registry.npmjs.org/@aws-cdk/aws-logs/-/aws-logs-1.39.0.tgz",
      "integrity": "sha512-Nr0/vs4f+USzES1q9nYaEsz8wH4+p59gnUpfOmiJBLZqi8NFASrl8J9kcqVF/WQGNV3Y9kry+6H9YKHeO+bnaA==",
      "requires": {
        "@aws-cdk/aws-cloudwatch": "1.39.0",
        "@aws-cdk/aws-iam": "1.39.0",
        "@aws-cdk/core": "1.39.0",
        "constructs": "^3.0.2"
      }
    },
    "@aws-cdk/aws-route53": {
      "version": "1.39.0",
      "resolved": "https://registry.npmjs.org/@aws-cdk/aws-route53/-/aws-route53-1.39.0.tgz",
      "integrity": "sha512-NoNqBp4Bo1G2rYT8v7BZldEerxj72KU/B7Mu8jx+2si3lEwvv94SWV8CoLMc4z1XRrP1diINzg5JmxhmmLY0Ow==",
      "requires": {
        "@aws-cdk/aws-ec2": "1.39.0",
        "@aws-cdk/aws-logs": "1.39.0",
        "@aws-cdk/cloud-assembly-schema": "1.39.0",
        "@aws-cdk/core": "1.39.0",
        "constructs": "^3.0.2"
      }
    },
    "@aws-cdk/aws-s3": {
      "version": "1.39.0",
      "resolved": "https://registry.npmjs.org/@aws-cdk/aws-s3/-/aws-s3-1.39.0.tgz",
      "integrity": "sha512-X00dpu1pQm0EkorJRY5ChOYYwbYf6vndYN4aOB+cZ2KxDkqlrpiJMC9aUhdvtwsDp8lG0GcDo4q86RGmysMpGA==",
      "requires": {
        "@aws-cdk/aws-events": "1.39.0",
        "@aws-cdk/aws-iam": "1.39.0",
        "@aws-cdk/aws-kms": "1.39.0",
        "@aws-cdk/core": "1.39.0",
        "constructs": "^3.0.2"
      }
    },
    "@aws-cdk/aws-s3-assets": {
      "version": "1.39.0",
      "resolved": "https://registry.npmjs.org/@aws-cdk/aws-s3-assets/-/aws-s3-assets-1.39.0.tgz",
      "integrity": "sha512-jFHYKe+Pf0TfD52FX+kAkWcwAHF7kP8TWEhmhpdDNwn7gSP6VCjB2iB0FSUmb2Q6plhMOPKQPERp+jVzKQ4lxA==",
      "requires": {
        "@aws-cdk/assets": "1.39.0",
        "@aws-cdk/aws-iam": "1.39.0",
        "@aws-cdk/aws-s3": "1.39.0",
        "@aws-cdk/core": "1.39.0",
        "@aws-cdk/cx-api": "1.39.0",
        "constructs": "^3.0.2"
      }
    },
    "@aws-cdk/aws-s3-notifications": {
      "version": "1.39.0",
      "resolved": "https://registry.npmjs.org/@aws-cdk/aws-s3-notifications/-/aws-s3-notifications-1.39.0.tgz",
      "integrity": "sha512-AeApiyKo22ZXYoWPlAY+tIxAuH228SHSnR0F4UcdBQacEUoNupWx3ztFyf9XVz7j3TsV45rNRcowVWav1BjkIw==",
      "requires": {
        "@aws-cdk/aws-iam": "1.39.0",
        "@aws-cdk/aws-lambda": "1.39.0",
        "@aws-cdk/aws-s3": "1.39.0",
        "@aws-cdk/aws-sns": "1.39.0",
        "@aws-cdk/aws-sqs": "1.39.0",
        "@aws-cdk/core": "1.39.0",
        "constructs": "^3.0.2"
      }
    },
    "@aws-cdk/aws-sns": {
      "version": "1.39.0",
      "resolved": "https://registry.npmjs.org/@aws-cdk/aws-sns/-/aws-sns-1.39.0.tgz",
      "integrity": "sha512-lvtzJwABBubYXnf/lGnMQaYvuj8YlkngrXr4o/vDbuYKp9HzFtB3pDsV80ClY7J1FW3JDMfI4yetDFfeGDYMHw==",
      "requires": {
        "@aws-cdk/aws-cloudwatch": "1.39.0",
        "@aws-cdk/aws-events": "1.39.0",
        "@aws-cdk/aws-iam": "1.39.0",
        "@aws-cdk/aws-kms": "1.39.0",
        "@aws-cdk/core": "1.39.0",
        "constructs": "^3.0.2"
      }
    },
    "@aws-cdk/aws-sns-subscriptions": {
      "version": "1.39.0",
      "resolved": "https://registry.npmjs.org/@aws-cdk/aws-sns-subscriptions/-/aws-sns-subscriptions-1.39.0.tgz",
      "integrity": "sha512-bWUAijr9kLP0HSyozg2KsnKg4mhmkA0zgOj4JxK+rfU0CTMBTv2Au5f+u+akCO71vuKuiWukoq/oDfX7qtghpQ==",
      "requires": {
        "@aws-cdk/aws-iam": "1.39.0",
        "@aws-cdk/aws-lambda": "1.39.0",
        "@aws-cdk/aws-sns": "1.39.0",
        "@aws-cdk/aws-sqs": "1.39.0",
        "@aws-cdk/core": "1.39.0",
        "constructs": "^3.0.2"
      }
    },
    "@aws-cdk/aws-sqs": {
      "version": "1.39.0",
      "resolved": "https://registry.npmjs.org/@aws-cdk/aws-sqs/-/aws-sqs-1.39.0.tgz",
      "integrity": "sha512-UiIRm2rD/PHzyWantSlBok9pxw5Nxdg8ZnC45pQt6xh8mrtO2OjCcqYTQxnRhcZUJUGtYG7Y/G7eEM5DTGnYAw==",
      "requires": {
        "@aws-cdk/aws-cloudwatch": "1.39.0",
        "@aws-cdk/aws-iam": "1.39.0",
        "@aws-cdk/aws-kms": "1.39.0",
        "@aws-cdk/core": "1.39.0",
        "constructs": "^3.0.2"
      }
    },
    "@aws-cdk/aws-ssm": {
      "version": "1.39.0",
      "resolved": "https://registry.npmjs.org/@aws-cdk/aws-ssm/-/aws-ssm-1.39.0.tgz",
      "integrity": "sha512-5x1euM52UlKSQozc404sgt7qCaN7gQfAeJrmjwA7RDkb+0FCPMPgbJz3x98ts/XZUq437OUvzuSeBKirpelBXg==",
      "requires": {
        "@aws-cdk/aws-iam": "1.39.0",
        "@aws-cdk/aws-kms": "1.39.0",
        "@aws-cdk/cloud-assembly-schema": "1.39.0",
        "@aws-cdk/core": "1.39.0",
        "constructs": "^3.0.2"
      }
    },
    "@aws-cdk/cdk-assets-schema": {
      "version": "1.39.0",
      "resolved": "https://registry.npmjs.org/@aws-cdk/cdk-assets-schema/-/cdk-assets-schema-1.39.0.tgz",
      "integrity": "sha512-H+I0pRGuz9CfHAczzmn1UhjNBQkmzPOW6h7d13GuHh9zFZPP+RLYjTxmYzKRd8XlrMS+SN4XiYwNYjNkcySyaQ==",
      "requires": {
        "semver": "^7.2.2"
      },
      "dependencies": {
        "semver": {
          "version": "7.3.2",
          "bundled": true
        }
      }
    },
    "@aws-cdk/cloud-assembly-schema": {
      "version": "1.39.0",
      "resolved": "https://registry.npmjs.org/@aws-cdk/cloud-assembly-schema/-/cloud-assembly-schema-1.39.0.tgz",
      "integrity": "sha512-HS9HNN+UM5tSxyo+TOFSC3POntqX/6qpEuwEFCHxqDKW4L3UYHChqqo4ozt4xtYKZf5roRNsEG8qTchei4LFcQ==",
      "requires": {
        "jsonschema": "^1.2.5",
        "semver": "^7.2.2"
      },
      "dependencies": {
        "jsonschema": {
          "version": "1.2.6",
          "bundled": true
        },
        "semver": {
          "version": "7.3.2",
          "bundled": true
        }
      }
    },
    "@aws-cdk/core": {
      "version": "1.39.0",
      "resolved": "https://registry.npmjs.org/@aws-cdk/core/-/core-1.39.0.tgz",
      "integrity": "sha512-v+pXzFt56uLa2BAABThQoAbWlxdl0EBMhaMwIhnEQz53VFEGeCIesIys23wsQWkThY73D4A4cw8Ye+8zwedSVQ==",
      "requires": {
        "@aws-cdk/cdk-assets-schema": "1.39.0",
        "@aws-cdk/cloud-assembly-schema": "1.39.0",
        "@aws-cdk/cx-api": "1.39.0",
        "constructs": "^3.0.2",
        "minimatch": "^3.0.4"
      },
      "dependencies": {
        "balanced-match": {
          "version": "1.0.0",
          "bundled": true
        },
        "brace-expansion": {
          "version": "1.1.11",
          "bundled": true,
          "requires": {
            "balanced-match": "^1.0.0",
            "concat-map": "0.0.1"
          }
        },
        "concat-map": {
          "version": "0.0.1",
          "bundled": true
        },
        "minimatch": {
          "version": "3.0.4",
          "bundled": true,
          "requires": {
            "brace-expansion": "^1.1.7"
          }
        }
      }
    },
    "@aws-cdk/custom-resources": {
      "version": "1.39.0",
      "resolved": "https://registry.npmjs.org/@aws-cdk/custom-resources/-/custom-resources-1.39.0.tgz",
      "integrity": "sha512-8lGtul2Ro80gVLyb+nohv99NglrtyRbUU0GW9jJhSaoUtfiCF23jMJxIDmjEdTwVFLJec3OTK3OwS0WGOzkc8A==",
      "requires": {
        "@aws-cdk/aws-cloudformation": "1.39.0",
        "@aws-cdk/aws-iam": "1.39.0",
        "@aws-cdk/aws-lambda": "1.39.0",
        "@aws-cdk/aws-logs": "1.39.0",
        "@aws-cdk/aws-sns": "1.39.0",
        "@aws-cdk/core": "1.39.0",
        "constructs": "^3.0.2"
      }
    },
    "@aws-cdk/cx-api": {
      "version": "1.39.0",
      "resolved": "https://registry.npmjs.org/@aws-cdk/cx-api/-/cx-api-1.39.0.tgz",
      "integrity": "sha512-YH4bw0y7MjPchRJ3H/7z+piM41G/cKcNJLg8WjtBYRSZmhjKkAbypbDZlzo5EDL90rpJM58opwE4DMNiz1okCw==",
      "requires": {
        "@aws-cdk/cloud-assembly-schema": "1.39.0",
        "semver": "^7.2.2"
      },
      "dependencies": {
        "semver": {
          "version": "7.3.2",
          "bundled": true
        }
      }
    },
    "@aws-cdk/region-info": {
      "version": "1.39.0",
      "resolved": "https://registry.npmjs.org/@aws-cdk/region-info/-/region-info-1.39.0.tgz",
      "integrity": "sha512-cQjxkteG9tCoqV80i+eODieFIkQWSSObO1vGdzZ9jQoc6hla0/bG7sDm9NOtR00nxL8/GxL/myEkk/QLDk/UEQ=="
    },
    "constructs": {
      "version": "3.0.3",
      "resolved": "https://registry.npmjs.org/constructs/-/constructs-3.0.3.tgz",
      "integrity": "sha512-JrYLpTlz92Un1jxkwoGiOiGoDjzIWtxo64sLC5FD4mQN1H9mAqZNvgxWYWaJIiWUXNkl5L5sO3GFf6peTj7UMQ=="
    }
  }
}
