{
  "name": "bot-template-cdk",
  "version": "0.1.0",
  "lockfileVersion": 1,
  "requires": true,
  "dependencies": {
    "@aws-cdk/aws-cloudwatch": {
      "version": "1.38.0",
      "resolved": "https://registry.npmjs.org/@aws-cdk/aws-cloudwatch/-/aws-cloudwatch-1.38.0.tgz",
      "integrity": "sha512-uRE+NtPdu52Sx/GXOuhH0SinREZQyGOhugZbJNyeaE42EH8Ckzd7p2kNHP52rg6iq8mHJ7QJtVHjG4Wi2681JA==",
      "requires": {
        "@aws-cdk/aws-iam": "1.38.0",
        "@aws-cdk/core": "1.38.0",
        "constructs": "^3.0.2"
      }
    },
    "@aws-cdk/aws-iam": {
      "version": "1.38.0",
      "resolved": "https://registry.npmjs.org/@aws-cdk/aws-iam/-/aws-iam-1.38.0.tgz",
      "integrity": "sha512-VTmjKdw0J3dlpli4IFgdxIS7ydJIaoCZVmpyRPyecujVcU14hD+OJ+fwnCaZ42+2G0DGABNq5BGxS6OyYaBVcw==",
      "requires": {
        "@aws-cdk/core": "1.38.0",
        "@aws-cdk/region-info": "1.38.0",
        "constructs": "^3.0.2"
      }
    },
    "@aws-cdk/aws-kms": {
      "version": "1.38.0",
      "resolved": "https://registry.npmjs.org/@aws-cdk/aws-kms/-/aws-kms-1.38.0.tgz",
      "integrity": "sha512-o75Adr6kNcLrdn063Fv+z/kpWyB7901hPR5OSZXpXgct63bQi/BJM1vX3HP9SetTDarvqIJFfEB2oKyJeuzKGg==",
      "requires": {
        "@aws-cdk/aws-iam": "1.38.0",
        "@aws-cdk/core": "1.38.0",
        "constructs": "^3.0.2"
      }
    },
    "@aws-cdk/aws-sqs": {
      "version": "1.38.0",
      "resolved": "https://registry.npmjs.org/@aws-cdk/aws-sqs/-/aws-sqs-1.38.0.tgz",
      "integrity": "sha512-05cXwfwYA7pBOIbHZbfLsA29C5YJvVW+flc+7eyg9PL0hiYyfU37Hoa81IqKZ4piz9zJgdM8fbGtPZEGSfi8Yg==",
      "requires": {
        "@aws-cdk/aws-cloudwatch": "1.38.0",
        "@aws-cdk/aws-iam": "1.38.0",
        "@aws-cdk/aws-kms": "1.38.0",
        "@aws-cdk/core": "1.38.0",
        "constructs": "^3.0.2"
      }
    },
    "@aws-cdk/cloud-assembly-schema": {
      "version": "1.38.0",
      "resolved": "https://registry.npmjs.org/@aws-cdk/cloud-assembly-schema/-/cloud-assembly-schema-1.38.0.tgz",
      "integrity": "sha512-Xs2WAHqGzdPpnULhcJbNWvPNqlzAf92OSK8A4yLosJOhy5kzXPxpttUaYatxUwN6na1olCeV0ZNWwEaAACrgrg==",
      "requires": {
        "jsonschema": "^1.2.5",
        "semver": "^7.2.2"
      },
      "dependencies": {
        "jsonschema": {
          "version": "1.2.6",
          "bundled": true
        },
        "semver": {
          "version": "7.3.2",
          "bundled": true
        }
      }
    },
    "@aws-cdk/core": {
      "version": "1.38.0",
      "resolved": "https://registry.npmjs.org/@aws-cdk/core/-/core-1.38.0.tgz",
      "integrity": "sha512-rLMrLUo8xudfJN8WASY1i8kgTwcjdmN5F9+9Tm2oCGHLMQEBSLYRQFlmYHma28f4FPGsd7YtcvNQjeNBRkywOw==",
      "requires": {
        "@aws-cdk/cloud-assembly-schema": "1.38.0",
        "@aws-cdk/cx-api": "1.38.0",
        "constructs": "^3.0.2",
        "minimatch": "^3.0.4"
      },
      "dependencies": {
        "balanced-match": {
          "version": "1.0.0",
          "bundled": true
        },
        "brace-expansion": {
          "version": "1.1.11",
          "bundled": true,
          "requires": {
            "balanced-match": "^1.0.0",
            "concat-map": "0.0.1"
          }
        },
        "concat-map": {
          "version": "0.0.1",
          "bundled": true
        },
        "minimatch": {
          "version": "3.0.4",
          "bundled": true,
          "requires": {
            "brace-expansion": "^1.1.7"
          }
        }
      }
    },
    "@aws-cdk/cx-api": {
      "version": "1.38.0",
      "resolved": "https://registry.npmjs.org/@aws-cdk/cx-api/-/cx-api-1.38.0.tgz",
      "integrity": "sha512-zetrdm3NCoRsRafRTKxIJut84oIQT72D9j3CYUDRH4w0xg77piChI0BlW6O85JvkRkba/pUoOBWHFLYqRC7agw==",
      "requires": {
        "@aws-cdk/cloud-assembly-schema": "1.38.0",
        "semver": "^7.2.2"
      },
      "dependencies": {
        "semver": {
          "version": "7.3.2",
          "bundled": true
        }
      }
    },
    "@aws-cdk/region-info": {
      "version": "1.38.0",
      "resolved": "https://registry.npmjs.org/@aws-cdk/region-info/-/region-info-1.38.0.tgz",
      "integrity": "sha512-xBCMIGH4KsWY3ohKHOLli9dnCw/DLKvtaU+FvqKiVCsc7ZIR/o/9G9JqfZ+1pG1BGSRGE7urINQB0YZwtaM0xg=="
    },
    "constructs": {
      "version": "3.0.3",
      "resolved": "https://registry.npmjs.org/constructs/-/constructs-3.0.3.tgz",
      "integrity": "sha512-JrYLpTlz92Un1jxkwoGiOiGoDjzIWtxo64sLC5FD4mQN1H9mAqZNvgxWYWaJIiWUXNkl5L5sO3GFf6peTj7UMQ=="
    }
  }
}
