{
  "name": "iam-cdk",
  "version": "0.1.0",
  "lockfileVersion": 1,
  "requires": true,
  "dependencies": {
    "@aws-cdk/aws-iam": {
      "version": "1.52.0",
      "resolved": "https://registry.npmjs.org/@aws-cdk/aws-iam/-/aws-iam-1.52.0.tgz",
      "integrity": "sha512-6A71i9r1OUk6KHDqhrhZmlA9s8ZqpUQLUEXr0MTbJS4ScJMPmdOT3u/iiziG0kvhSZ1jfUFPZeXhLgbm5Kuz1A==",
      "requires": {
        "@aws-cdk/core": "1.52.0",
        "@aws-cdk/region-info": "1.52.0",
        "constructs": "^3.0.2"
      }
    },
    "@aws-cdk/cloud-assembly-schema": {
      "version": "1.52.0",
      "resolved": "https://registry.npmjs.org/@aws-cdk/cloud-assembly-schema/-/cloud-assembly-schema-1.52.0.tgz",
      "integrity": "sha512-LvCfvpo2JJepf/I0D0TEb7lG4Kt6pIE+OkGsfo9IbgsiK+FYQZ/BXGPsfcI8ayON/2yNG9VliaQCQHR7NE2d/Q==",
      "requires": {
        "jsonschema": "^1.2.5",
        "semver": "^7.2.2"
      },
      "dependencies": {
        "jsonschema": {
          "version": "1.2.6",
          "bundled": true
        },
        "semver": {
          "version": "7.3.2",
          "bundled": true
        }
      }
    },
    "@aws-cdk/core": {
      "version": "1.52.0",
      "resolved": "https://registry.npmjs.org/@aws-cdk/core/-/core-1.52.0.tgz",
      "integrity": "sha512-C5qy/6yqXJUrt/UvaGWAhLI8eB+Yfg9OQenxAKbyejZ3OG8l6vvaX8PWSmqSuegst9v0ErKCEWxR7JTBiGBHfA==",
      "requires": {
        "@aws-cdk/cloud-assembly-schema": "1.52.0",
        "@aws-cdk/cx-api": "1.52.0",
        "constructs": "^3.0.2",
        "fs-extra": "^9.0.1",
        "minimatch": "^3.0.4"
      },
      "dependencies": {
        "at-least-node": {
          "version": "1.0.0",
          "bundled": true
        },
        "balanced-match": {
          "version": "1.0.0",
          "bundled": true
        },
        "brace-expansion": {
          "version": "1.1.11",
          "bundled": true,
          "requires": {
            "balanced-match": "^1.0.0",
            "concat-map": "0.0.1"
          }
        },
        "concat-map": {
          "version": "0.0.1",
          "bundled": true
        },
        "fs-extra": {
          "version": "9.0.1",
          "bundled": true,
          "requires": {
            "at-least-node": "^1.0.0",
            "graceful-fs": "^4.2.0",
            "jsonfile": "^6.0.1",
            "universalify": "^1.0.0"
          }
        },
        "graceful-fs": {
          "version": "4.2.3",
          "bundled": true
        },
        "jsonfile": {
          "version": "6.0.1",
          "bundled": true,
          "requires": {
            "graceful-fs": "^4.1.6",
            "universalify": "^1.0.0"
          }
        },
        "minimatch": {
          "version": "3.0.4",
          "bundled": true,
          "requires": {
            "brace-expansion": "^1.1.7"
          }
        },
        "universalify": {
          "version": "1.0.0",
          "bundled": true
        }
      }
    },
    "@aws-cdk/cx-api": {
      "version": "1.52.0",
      "resolved": "https://registry.npmjs.org/@aws-cdk/cx-api/-/cx-api-1.52.0.tgz",
      "integrity": "sha512-z5Gc7ovV+Oid9bazDWD5T0zeQitq6E7gFhIVNwS00BjSI0uSvwGKBjjbwIzhxxeq9km9n/AeURmsId1Ioy6nvw==",
      "requires": {
        "@aws-cdk/cloud-assembly-schema": "1.52.0",
        "semver": "^7.2.2"
      },
      "dependencies": {
        "semver": {
          "version": "7.3.2",
          "bundled": true
        }
      }
    },
    "@aws-cdk/region-info": {
      "version": "1.52.0",
      "resolved": "https://registry.npmjs.org/@aws-cdk/region-info/-/region-info-1.52.0.tgz",
      "integrity": "sha512-+qKsK+l/GffAIP8aFtpFbRUhPIW1SrhMBZ7aC+UICubp29iEpLDQXvkh5eXMzEXt4SfThk+QGC/yQ+7r9VztaA=="
    },
    "constructs": {
      "version": "3.0.4",
      "resolved": "https://registry.npmjs.org/constructs/-/constructs-3.0.4.tgz",
      "integrity": "sha512-CDvg7gMjphE3DFX4pzkF6j73NREbR8npPFW8Mx/CLRnMR035+Y1o1HrXIsNSss/dq3ZUnNTU9jKyd3fL9EOlfw=="
    }
  }
}
