{
  "name": "repository-cdk",
  "version": "0.1.0",
  "lockfileVersion": 1,
  "requires": true,
  "dependencies": {
    "@aws-cdk/aws-codecommit": {
      "version": "1.36.1",
      "resolved": "https://registry.npmjs.org/@aws-cdk/aws-codecommit/-/aws-codecommit-1.36.1.tgz",
      "integrity": "sha512-n/np+HFvme0wV2hvLmkRKqLD5H/dZ/bSV+XvfY1kY4LN4eO5QFmssHqMV5VsWn88Y7JAB6OjHelByxURW/CY4w==",
      "requires": {
        "@aws-cdk/aws-events": "1.36.1",
        "@aws-cdk/aws-iam": "1.36.1",
        "@aws-cdk/core": "1.36.1",
        "constructs": "^3.0.2"
      }
    },
    "@aws-cdk/aws-events": {
      "version": "1.36.1",
      "resolved": "https://registry.npmjs.org/@aws-cdk/aws-events/-/aws-events-1.36.1.tgz",
      "integrity": "sha512-Sg7W664GYhliy7O8B6c9ANr6qE0ZBJlkkZmEEpxqqrq8iDCL4KWVwKa49fVfIs0xMSz1CBtmXtQaq5oelsOwAA==",
      "requires": {
        "@aws-cdk/aws-iam": "1.36.1",
        "@aws-cdk/core": "1.36.1",
        "constructs": "^3.0.2"
      }
    },
    "@aws-cdk/aws-iam": {
      "version": "1.36.1",
      "resolved": "https://registry.npmjs.org/@aws-cdk/aws-iam/-/aws-iam-1.36.1.tgz",
      "integrity": "sha512-TnGIIiqDoh4yDOQ9wynt+ApgPjjmT5NLtMcIw/pJWMeh5f1Q6HQ+912xk5lHJFP/nmS4+YgsUgSrSXmZZJb9og==",
      "requires": {
        "@aws-cdk/core": "1.36.1",
        "@aws-cdk/region-info": "1.36.1",
        "constructs": "^3.0.2"
      }
    },
    "@aws-cdk/cloud-assembly-schema": {
      "version": "1.36.1",
      "resolved": "https://registry.npmjs.org/@aws-cdk/cloud-assembly-schema/-/cloud-assembly-schema-1.36.1.tgz",
      "integrity": "sha512-Y1Kt/5Us0N9Q0q+WuHI5i5KjjfBzYRvyaRXdy/Bqbqloq9QPuRFyBngxVNn66VsNOygfReO7L+G5inN5o5wGzg==",
      "requires": {
        "jsonschema": "^1.2.5",
        "semver": "^7.2.2"
      },
      "dependencies": {
        "jsonschema": {
          "version": "1.2.6",
          "bundled": true
        },
        "semver": {
          "version": "7.3.2",
          "bundled": true
        }
      }
    },
    "@aws-cdk/core": {
      "version": "1.36.1",
      "resolved": "https://registry.npmjs.org/@aws-cdk/core/-/core-1.36.1.tgz",
      "integrity": "sha512-AcenHENAMJGwHrPYFqBkQyofqzHpzA3iaJJuW9OUVmvZaVYASIpzRB8zlwnJXSfTSF73bDTcF1nm25Eq2CY2IQ==",
      "requires": {
        "@aws-cdk/cloud-assembly-schema": "1.36.1",
        "@aws-cdk/cx-api": "1.36.1",
        "constructs": "^3.0.2"
      }
    },
    "@aws-cdk/cx-api": {
      "version": "1.36.1",
      "resolved": "https://registry.npmjs.org/@aws-cdk/cx-api/-/cx-api-1.36.1.tgz",
      "integrity": "sha512-iaKbZZsnnRB4tpx+K962w8r5R/Nl8qQd0C79OacFT7i2CnD2rdgQce1rveKQYxgkx/z7EkSLX++tH5QeAEnAfA==",
      "requires": {
        "@aws-cdk/cloud-assembly-schema": "1.36.1",
        "semver": "^7.2.2"
      },
      "dependencies": {
        "semver": {
          "version": "7.3.2",
          "bundled": true
        }
      }
    },
    "@aws-cdk/region-info": {
      "version": "1.36.1",
      "resolved": "https://registry.npmjs.org/@aws-cdk/region-info/-/region-info-1.36.1.tgz",
      "integrity": "sha512-NcL6lvTl+Z8CUEc0JW1eW3i/aOiIEhi+CeaVRl+nxSu8pwSMmjnQE4DSXVRrVllV/u7wO5cSTEeXTh10Ihg6Hg=="
    },
    "constructs": {
      "version": "3.0.2",
      "resolved": "https://registry.npmjs.org/constructs/-/constructs-3.0.2.tgz",
      "integrity": "sha512-Q4SkOFaRH2D65kvcGrDZ/FgJwk59HwUohbdCbeIueas+8RJhd9N4j6QgvHnMfTOmQWDPXCn1IGwteTLC0OK1NA=="
    }
  }
}
