{
  "name": "repository-cdk",
  "version": "0.1.0",
  "lockfileVersion": 1,
  "requires": true,
  "dependencies": {
    "@aws-cdk/cloud-assembly-schema": {
      "version": "1.36.1",
      "resolved": "https://registry.npmjs.org/@aws-cdk/cloud-assembly-schema/-/cloud-assembly-schema-1.36.1.tgz",
      "integrity": "sha512-Y1Kt/5Us0N9Q0q+WuHI5i5KjjfBzYRvyaRXdy/Bqbqloq9QPuRFyBngxVNn66VsNOygfReO7L+G5inN5o5wGzg==",
      "requires": {
        "jsonschema": "^1.2.5",
        "semver": "^7.2.2"
      },
      "dependencies": {
        "jsonschema": {
          "version": "1.2.6",
          "bundled": true
        },
        "semver": {
          "version": "7.3.2",
          "bundled": true
        }
      }
    },
    "@aws-cdk/core": {
      "version": "1.36.1",
      "resolved": "https://registry.npmjs.org/@aws-cdk/core/-/core-1.36.1.tgz",
      "integrity": "sha512-AcenHENAMJGwHrPYFqBkQyofqzHpzA3iaJJuW9OUVmvZaVYASIpzRB8zlwnJXSfTSF73bDTcF1nm25Eq2CY2IQ==",
      "requires": {
        "@aws-cdk/cloud-assembly-schema": "1.36.1",
        "@aws-cdk/cx-api": "1.36.1",
        "constructs": "^3.0.2"
      }
    },
    "@aws-cdk/cx-api": {
      "version": "1.36.1",
      "resolved": "https://registry.npmjs.org/@aws-cdk/cx-api/-/cx-api-1.36.1.tgz",
      "integrity": "sha512-iaKbZZsnnRB4tpx+K962w8r5R/Nl8qQd0C79OacFT7i2CnD2rdgQce1rveKQYxgkx/z7EkSLX++tH5QeAEnAfA==",
      "requires": {
        "@aws-cdk/cloud-assembly-schema": "1.36.1",
        "semver": "^7.2.2"
      },
      "dependencies": {
        "semver": {
          "version": "7.3.2",
          "bundled": true
        }
      }
    },
    "constructs": {
      "version": "3.0.2",
      "resolved": "https://registry.npmjs.org/constructs/-/constructs-3.0.2.tgz",
      "integrity": "sha512-Q4SkOFaRH2D65kvcGrDZ/FgJwk59HwUohbdCbeIueas+8RJhd9N4j6QgvHnMfTOmQWDPXCn1IGwteTLC0OK1NA=="
    }
  }
}
